{"format_version":"1.2","terraform_version":"1.13.3","variables":{"abort_multipart_days":{"value":7},"api_gateway_log_level":{"value":"INFO"},"api_throttle_burst_limit":{"value":20000},"api_throttle_rate_limit":{"value":10000},"budget_notification_emails":{"value":[]},"dynamodb_billing_mode":{"value":"ON_DEMAND"},"enable_bff_lambda":{"value":false},"enable_dynamodb_endpoint":{"value":true},"enable_nat_gateway":{"value":true},"enable_s3_endpoint":{"value":true},"enable_s3_lifecycle":{"value":true},"enable_stub_providers":{"value":false},"enable_xray_tracing":{"value":true},"environment":{"value":"dev"},"final_bucket_transition_days":{"value":30},"gemini_api_endpoint":{"value":"https://generativelanguage.googleapis.com"},"job_ttl_days":{"value":90},"lambda_memory_size":{"value":1024},"lambda_reserved_concurrency":{"value":100},"lambda_timeout":{"value":300},"log_retention_days":{"value":90},"monthly_budget_limit":{"value":100},"private_subnet_cidrs":{"value":["10.0.11.0/24","10.0.12.0/24"]},"project_name":{"value":"photo-editor"},"public_subnet_cidrs":{"value":["10.0.1.0/24","10.0.2.0/24"]},"region":{"value":"us-east-1"},"seedream_api_endpoint":{"value":"https://api.seedream.com"},"sqs_max_receive_count":{"value":3},"sqs_message_retention_days":{"value":14},"sqs_visibility_timeout":{"value":900},"tags":{"value":{"CostCenter":"product","Environment":"dev","Owner":"engineering","Project":"photo-editor"}},"temp_bucket_retention_days":{"value":2},"vpc_cidr":{"value":"10.0.0.0/16"}},"planned_values":{"outputs":{"alarm_sns_topic_arn":{"sensitive":false},"api_gateway_id":{"sensitive":false},"api_gateway_url":{"sensitive":false},"dlq_arn":{"sensitive":false},"dlq_url":{"sensitive":false},"final_bucket_arn":{"sensitive":false},"final_bucket_name":{"sensitive":false,"type":"string","value":"photo-editor-dev-final-000000000000"},"jobs_table_arn":{"sensitive":false},"jobs_table_name":{"sensitive":false,"type":"string","value":"photo-editor-dev-jobs"},"lambda_function_arns":{"sensitive":false},"lambda_function_names":{"sensitive":false,"type":["object",{"presign":"string","status":"string","worker":"string"}],"value":{"presign":"photo-editor-dev-presign","status":"photo-editor-dev-status","worker":"photo-editor-dev-worker"}},"queue_arn":{"sensitive":false},"queue_url":{"sensitive":false},"sns_topic_arn":{"sensitive":false},"temp_bucket_arn":{"sensitive":false},"temp_bucket_name":{"sensitive":false,"type":"string","value":"photo-editor-dev-temp-000000000000"}},"root_module":{"resources":[{"address":"aws_api_gateway_account.main","mode":"managed","type":"aws_api_gateway_account","name":"main","provider_name":"registry.terraform.io/hashicorp/aws","schema_version":0,"values":{"reset_on_delete":null},"sensitive_values":{"features":[],"throttle_settings":[]}},{"address":"aws_api_gateway_integration.download_item_integration","mode":"managed","type":"aws_api_gateway_integration","name":"download_item_integration","provider_name":"registry.terraform.io/hashicorp/aws","schema_version":0,"values":{"cache_key_parameters":null,"connection_id":null,"connection_type":"INTERNET","content_handling":null,"credentials":null,"http_method":"GET","integration_http_method":"POST","request_parameters":null,"request_templates":null,"timeout_milliseconds":29000,"tls_config":[],"type":"AWS_PROXY"},"sensitive_values":{"tls_config":[]}},{"address":"aws_api_gateway_integration.presign_integration","mode":"managed","type":"aws_api_gateway_integration","name":"presign_integration","provider_name":"registry.terraform.io/hashicorp/aws","schema_version":0,"values":{"cache_key_parameters":null,"connection_id":null,"connection_type":"INTERNET","content_handling":null,"credentials":null,"http_method":"POST","integration_http_method":"POST","request_parameters":null,"request_templates":null,"timeout_milliseconds":29000,"tls_config":[],"type":"AWS_PROXY"},"sensitive_values":{"tls_config":[]}},{"address":"aws_api_gateway_integration.status_integration","mode":"managed","type":"aws_api_gateway_integration","name":"status_integration","provider_name":"registry.terraform.io/hashicorp/aws","schema_version":0,"values":{"cache_key_parameters":null,"connection_id":null,"connection_type":"INTERNET","content_handling":null,"credentials":null,"http_method":"GET","integration_http_method":"POST","request_parameters":null,"request_templates":null,"timeout_milliseconds":29000,"tls_config":[],"type":"AWS_PROXY"},"sensitive_values":{"tls_config":[]}},{"address":"aws_api_gateway_integration.status_item_integration","mode":"managed","type":"aws_api_gateway_integration","name":"status_item_integration","provider_name":"registry.terraform.io/hashicorp/aws","schema_version":0,"values":{"cache_key_parameters":null,"connection_id":null,"connection_type":"INTERNET","content_handling":null,"credentials":null,"http_method":"GET","integration_http_method":"POST","request_parameters":null,"request_templates":null,"timeout_milliseconds":29000,"tls_config":[],"type":"AWS_PROXY"},"sensitive_values":{"tls_config":[]}},{"address":"aws_api_gateway_method.device_tokens_delete","mode":"managed","type":"aws_api_gateway_method","name":"device_tokens_delete","provider_name":"registry.terraform.io/hashicorp/aws","schema_version":0,"values":{"api_key_required":false,"authorization":"NONE","authorization_scopes":null,"authorizer_id":null,"http_method":"DELETE","operation_name":null,"request_models":null,"request_parameters":null,"request_validator_id":null},"sensitive_values":{}},{"address":"aws_api_gateway_method.device_tokens_post","mode":"managed","type":"aws_api_gateway_method","name":"device_tokens_post","provider_name":"registry.terraform.io/hashicorp/aws","schema_version":0,"values":{"api_key_required":false,"authorization":"NONE","authorization_scopes":null,"authorizer_id":null,"http_method":"POST","operation_name":null,"request_models":null,"request_parameters":null,"request_validator_id":null},"sensitive_values":{}},{"address":"aws_api_gateway_method.download_item_get","mode":"managed","type":"aws_api_gateway_method","name":"download_item_get","provider_name":"registry.terraform.io/hashicorp/aws","schema_version":0,"values":{"api_key_required":false,"authorization":"NONE","authorization_scopes":null,"authorizer_id":null,"http_method":"GET","operation_name":null,"request_models":null,"request_parameters":null,"request_validator_id":null},"sensitive_values":{}},{"address":"aws_api_gateway_method.presign_post","mode":"managed","type":"aws_api_gateway_method","name":"presign_post","provider_name":"registry.terraform.io/hashicorp/aws","schema_version":0,"values":{"api_key_required":false,"authorization":"NONE","authorization_scopes":null,"authorizer_id":null,"http_method":"POST","operation_name":null,"request_models":null,"request_parameters":null,"request_validator_id":null},"sensitive_values":{}},{"address":"aws_api_gateway_method.status_get","mode":"managed","type":"aws_api_gateway_method","name":"status_get","provider_name":"registry.terraform.io/hashicorp/aws","schema_version":0,"values":{"api_key_required":false,"authorization":"NONE","authorization_scopes":null,"authorizer_id":null,"http_method":"GET","operation_name":null,"request_models":null,"request_parameters":null,"request_validator_id":null},"sensitive_values":{}},{"address":"aws_api_gateway_method.status_item_get","mode":"managed","type":"aws_api_gateway_method","name":"status_item_get","provider_name":"registry.terraform.io/hashicorp/aws","schema_version":0,"values":{"api_key_required":false,"authorization":"NONE","authorization_scopes":null,"authorizer_id":null,"http_method":"GET","operation_name":null,"request_models":null,"request_parameters":null,"request_validator_id":null},"sensitive_values":{}},{"address":"aws_api_gateway_resource.device_tokens","mode":"managed","type":"aws_api_gateway_resource","name":"device_tokens","provider_name":"registry.terraform.io/hashicorp/aws","schema_version":0,"values":{"path_part":"device-tokens"},"sensitive_values":{}},{"address":"aws_api_gateway_resource.download","mode":"managed","type":"aws_api_gateway_resource","name":"download","provider_name":"registry.terraform.io/hashicorp/aws","schema_version":0,"values":{"path_part":"download"},"sensitive_values":{}},{"address":"aws_api_gateway_resource.download_item","mode":"managed","type":"aws_api_gateway_resource","name":"download_item","provider_name":"registry.terraform.io/hashicorp/aws","schema_version":0,"values":{"path_part":"{jobId}"},"sensitive_values":{}},{"address":"aws_api_gateway_resource.presign","mode":"managed","type":"aws_api_gateway_resource","name":"presign","provider_name":"registry.terraform.io/hashicorp/aws","schema_version":0,"values":{"path_part":"presign"},"sensitive_values":{}},{"address":"aws_api_gateway_resource.status","mode":"managed","type":"aws_api_gateway_resource","name":"status","provider_name":"registry.terraform.io/hashicorp/aws","schema_version":0,"values":{"path_part":"status"},"sensitive_values":{}},{"address":"aws_api_gateway_resource.status_item","mode":"managed","type":"aws_api_gateway_resource","name":"status_item","provider_name":"registry.terraform.io/hashicorp/aws","schema_version":0,"values":{"path_part":"{jobId}"},"sensitive_values":{}},{"address":"aws_api_gateway_resource.v1","mode":"managed","type":"aws_api_gateway_resource","name":"v1","provider_name":"registry.terraform.io/hashicorp/aws","schema_version":0,"values":{"path_part":"v1"},"sensitive_values":{}},{"address":"aws_api_gateway_rest_api.api","mode":"managed","type":"aws_api_gateway_rest_api","name":"api","provider_name":"registry.terraform.io/hashicorp/aws","schema_version":0,"values":{"body":null,"fail_on_warnings":null,"name":"photo-editor-dev-api","parameters":null,"put_rest_api_mode":null,"tags":{"CostCenter":"product","Environment":"dev","Owner":"engineering","Project":"photo-editor"},"tags_all":{"CostCenter":"product","Environment":"dev","LocalStack":"true","Owner":"engineering","Project":"photo-editor","Terraform":"true"}},"sensitive_values":{"binary_media_types":[],"endpoint_configuration":[],"tags":{},"tags_all":{}}},{"address":"aws_cloudwatch_log_group.download","mode":"managed","type":"aws_cloudwatch_log_group","name":"download","provider_name":"registry.terraform.io/hashicorp/aws","schema_version":0,"values":{"kms_key_id":null,"name":"/aws/lambda/photo-editor-dev-download","retention_in_days":90,"skip_destroy":false,"tags":{"CostCenter":"product","Environment":"dev","Owner":"engineering","Project":"photo-editor"},"tags_all":{"CostCenter":"product","Environment":"dev","LocalStack":"true","Owner":"engineering","Project":"photo-editor","Terraform":"true"}},"sensitive_values":{"tags":{},"tags_all":{}}},{"address":"aws_cloudwatch_log_group.presign","mode":"managed","type":"aws_cloudwatch_log_group","name":"presign","provider_name":"registry.terraform.io/hashicorp/aws","schema_version":0,"values":{"kms_key_id":null,"name":"/aws/lambda/photo-editor-dev-presign","retention_in_days":90,"skip_destroy":false,"tags":{"CostCenter":"product","Environment":"dev","Owner":"engineering","Project":"photo-editor"},"tags_all":{"CostCenter":"product","Environment":"dev","LocalStack":"true","Owner":"engineering","Project":"photo-editor","Terraform":"true"}},"sensitive_values":{"tags":{},"tags_all":{}}},{"address":"aws_cloudwatch_log_group.status","mode":"managed","type":"aws_cloudwatch_log_group","name":"status","provider_name":"registry.terraform.io/hashicorp/aws","schema_version":0,"values":{"kms_key_id":null,"name":"/aws/lambda/photo-editor-dev-status","retention_in_days":90,"skip_destroy":false,"tags":{"CostCenter":"product","Environment":"dev","Owner":"engineering","Project":"photo-editor"},"tags_all":{"CostCenter":"product","Environment":"dev","LocalStack":"true","Owner":"engineering","Project":"photo-editor","Terraform":"true"}},"sensitive_values":{"tags":{},"tags_all":{}}},{"address":"aws_cloudwatch_log_group.worker","mode":"managed","type":"aws_cloudwatch_log_group","name":"worker","provider_name":"registry.terraform.io/hashicorp/aws","schema_version":0,"values":{"kms_key_id":null,"name":"/aws/lambda/photo-editor-dev-worker","retention_in_days":90,"skip_destroy":false,"tags":{"CostCenter":"product","Environment":"dev","Owner":"engineering","Project":"photo-editor"},"tags_all":{"CostCenter":"product","Environment":"dev","LocalStack":"true","Owner":"engineering","Project":"photo-editor","Terraform":"true"}},"sensitive_values":{"tags":{},"tags_all":{}}},{"address":"aws_dynamodb_table.jobs","mode":"managed","type":"aws_dynamodb_table","name":"jobs","provider_name":"registry.terraform.io/hashicorp/aws","schema_version":1,"values":{"attribute":[{"name":"jobId","type":"S"}],"billing_mode":"PAY_PER_REQUEST","deletion_protection_enabled":null,"global_secondary_index":[],"hash_key":"jobId","import_table":[],"local_secondary_index":[],"name":"photo-editor-dev-jobs","on_demand_throughput":[],"range_key":null,"replica":[],"restore_date_time":null,"restore_source_name":null,"restore_source_table_arn":null,"restore_to_latest_time":null,"stream_enabled":null,"table_class":null,"tags":{"CostCenter":"product","Environment":"dev","Owner":"engineering","Project":"photo-editor"},"tags_all":{"CostCenter":"product","Environment":"dev","LocalStack":"true","Owner":"engineering","Project":"photo-editor","Terraform":"true"},"timeouts":null,"ttl":[{"attribute_name":"expires_at","enabled":true}]},"sensitive_values":{"attribute":[{}],"global_secondary_index":[],"import_table":[],"local_secondary_index":[],"on_demand_throughput":[],"point_in_time_recovery":[],"replica":[],"server_side_encryption":[],"tags":{},"tags_all":{},"ttl":[{}]}},{"address":"aws_dynamodb_table.jobs_batches","mode":"managed","type":"aws_dynamodb_table","name":"jobs_batches","provider_name":"registry.terraform.io/hashicorp/aws","schema_version":1,"values":{"attribute":[{"name":"batchJobId","type":"S"}],"billing_mode":"PAY_PER_REQUEST","deletion_protection_enabled":null,"global_secondary_index":[],"hash_key":"batchJobId","import_table":[],"local_secondary_index":[],"name":"photo-editor-dev-jobs-batches","on_demand_throughput":[],"range_key":null,"replica":[],"restore_date_time":null,"restore_source_name":null,"restore_source_table_arn":null,"restore_to_latest_time":null,"stream_enabled":null,"table_class":null,"tags":{"CostCenter":"product","Environment":"dev","Owner":"engineering","Project":"photo-editor"},"tags_all":{"CostCenter":"product","Environment":"dev","LocalStack":"true","Owner":"engineering","Project":"photo-editor","Terraform":"true"},"timeouts":null,"ttl":[{"attribute_name":"expires_at","enabled":true}]},"sensitive_values":{"attribute":[{}],"global_secondary_index":[],"import_table":[],"local_secondary_index":[],"on_demand_throughput":[],"point_in_time_recovery":[],"replica":[],"server_side_encryption":[],"tags":{},"tags_all":{},"ttl":[{}]}},{"address":"aws_iam_role.api_gateway_cloudwatch","mode":"managed","type":"aws_iam_role","name":"api_gateway_cloudwatch","provider_name":"registry.terraform.io/hashicorp/aws","schema_version":0,"values":{"assume_role_policy":"{\"Statement\":[{\"Action\":\"sts:AssumeRole\",\"Effect\":\"Allow\",\"Principal\":{\"Service\":\"apigateway.amazonaws.com\"}}],\"Version\":\"2012-10-17\"}","description":null,"force_detach_policies":false,"max_session_duration":3600,"name":"photo-editor-dev-api-gateway-cloudwatch","path":"/","permissions_boundary":null,"tags":{"CostCenter":"product","Environment":"dev","Owner":"engineering","Project":"photo-editor"},"tags_all":{"CostCenter":"product","Environment":"dev","LocalStack":"true","Owner":"engineering","Project":"photo-editor","Terraform":"true"}},"sensitive_values":{"inline_policy":[],"managed_policy_arns":[],"tags":{},"tags_all":{}}},{"address":"aws_iam_role.lambda_execution_role","mode":"managed","type":"aws_iam_role","name":"lambda_execution_role","provider_name":"registry.terraform.io/hashicorp/aws","schema_version":0,"values":{"assume_role_policy":"{\"Statement\":[{\"Action\":\"sts:AssumeRole\",\"Effect\":\"Allow\",\"Principal\":{\"Service\":\"lambda.amazonaws.com\"}}],\"Version\":\"2012-10-17\"}","description":null,"force_detach_policies":false,"max_session_duration":3600,"name":"photo-editor-dev-lambda-execution-role","path":"/","permissions_boundary":null,"tags":{"CostCenter":"product","Environment":"dev","Owner":"engineering","Project":"photo-editor"},"tags_all":{"CostCenter":"product","Environment":"dev","LocalStack":"true","Owner":"engineering","Project":"photo-editor","Terraform":"true"}},"sensitive_values":{"inline_policy":[],"managed_policy_arns":[],"tags":{},"tags_all":{}}},{"address":"aws_iam_role_policy_attachment.api_gateway_cloudwatch","mode":"managed","type":"aws_iam_role_policy_attachment","name":"api_gateway_cloudwatch","provider_name":"registry.terraform.io/hashicorp/aws","schema_version":0,"values":{"policy_arn":"arn:aws:iam::aws:policy/service-role/AmazonAPIGatewayPushToCloudWatchLogs","role":"photo-editor-dev-api-gateway-cloudwatch"},"sensitive_values":{}},{"address":"aws_lambda_event_source_mapping.sqs_trigger","mode":"managed","type":"aws_lambda_event_source_mapping","name":"sqs_trigger","provider_name":"registry.terraform.io/hashicorp/aws","schema_version":0,"values":{"batch_size":1,"bisect_batch_on_function_error":null,"destination_config":[],"document_db_event_source_config":[],"enabled":true,"filter_criteria":[],"function_response_types":null,"kms_key_arn":null,"maximum_batching_window_in_seconds":1,"metrics_config":[],"provisioned_poller_config":[],"queues":null,"scaling_config":[],"self_managed_event_source":[],"source_access_configuration":[],"starting_position":null,"starting_position_timestamp":null,"tags":null,"tags_all":{"CostCenter":"product","Environment":"dev","LocalStack":"true","Owner":"engineering","Project":"photo-editor","Terraform":"true"},"topics":null,"tumbling_window_in_seconds":null},"sensitive_values":{"amazon_managed_kafka_event_source_config":[],"destination_config":[],"document_db_event_source_config":[],"filter_criteria":[],"metrics_config":[],"provisioned_poller_config":[],"scaling_config":[],"self_managed_event_source":[],"self_managed_kafka_event_source_config":[],"source_access_configuration":[],"tags_all":{}}},{"address":"aws_lambda_function.download","mode":"managed","type":"aws_lambda_function","name":"download","provider_name":"registry.terraform.io/hashicorp/aws","schema_version":0,"values":{"code_signing_config_arn":null,"dead_letter_config":[],"description":null,"environment":[{"variables":{"FINAL_BUCKET_NAME":"photo-editor-dev-final-000000000000","JOBS_TABLE_NAME":"photo-editor-dev-jobs","NODE_ENV":"dev","PROJECT_NAME":"photo-editor","TEMP_BUCKET_NAME":"photo-editor-dev-temp-000000000000"}}],"file_system_config":[],"filename":"../backend/dist/lambdas/download/download.zip","function_name":"photo-editor-dev-download","handler":"download.handler","image_config":[],"image_uri":null,"kms_key_arn":null,"layers":null,"memory_size":1024,"package_type":"Zip","publish":false,"replace_security_groups_on_destroy":null,"replacement_security_group_ids":null,"reserved_concurrent_executions":100,"runtime":"nodejs20.x","s3_bucket":null,"s3_key":null,"s3_object_version":null,"skip_destroy":false,"snap_start":[],"tags":{"CostCenter":"product","Environment":"dev","Owner":"engineering","Project":"photo-editor"},"tags_all":{"CostCenter":"product","Environment":"dev","LocalStack":"true","Owner":"engineering","Project":"photo-editor","Terraform":"true"},"timeout":300,"timeouts":null,"vpc_config":[]},"sensitive_values":{"architectures":[],"dead_letter_config":[],"environment":[{"variables":{}}],"ephemeral_storage":[],"file_system_config":[],"image_config":[],"logging_config":[],"snap_start":[],"tags":{},"tags_all":{},"tracing_config":[],"vpc_config":[]}},{"address":"aws_lambda_function.presign","mode":"managed","type":"aws_lambda_function","name":"presign","provider_name":"registry.terraform.io/hashicorp/aws","schema_version":0,"values":{"code_signing_config_arn":null,"dead_letter_config":[],"description":null,"environment":[{"variables":{"FINAL_BUCKET_NAME":"photo-editor-dev-final-000000000000","JOBS_TABLE_NAME":"photo-editor-dev-jobs","NODE_ENV":"dev","PROJECT_NAME":"photo-editor","TEMP_BUCKET_NAME":"photo-editor-dev-temp-000000000000"}}],"file_system_config":[],"filename":"../backend/dist/lambdas/presign/presign.zip","function_name":"photo-editor-dev-presign","handler":"presign.handler","image_config":[],"image_uri":null,"kms_key_arn":null,"layers":null,"memory_size":1024,"package_type":"Zip","publish":false,"replace_security_groups_on_destroy":null,"replacement_security_group_ids":null,"reserved_concurrent_executions":100,"runtime":"nodejs20.x","s3_bucket":null,"s3_key":null,"s3_object_version":null,"skip_destroy":false,"snap_start":[],"tags":{"CostCenter":"product","Environment":"dev","Owner":"engineering","Project":"photo-editor"},"tags_all":{"CostCenter":"product","Environment":"dev","LocalStack":"true","Owner":"engineering","Project":"photo-editor","Terraform":"true"},"timeout":300,"timeouts":null,"vpc_config":[]},"sensitive_values":{"architectures":[],"dead_letter_config":[],"environment":[{"variables":{}}],"ephemeral_storage":[],"file_system_config":[],"image_config":[],"logging_config":[],"snap_start":[],"tags":{},"tags_all":{},"tracing_config":[],"vpc_config":[]}},{"address":"aws_lambda_function.status","mode":"managed","type":"aws_lambda_function","name":"status","provider_name":"registry.terraform.io/hashicorp/aws","schema_version":0,"values":{"code_signing_config_arn":null,"dead_letter_config":[],"description":null,"environment":[{"variables":{"JOBS_TABLE_NAME":"photo-editor-dev-jobs","NODE_ENV":"dev","PROJECT_NAME":"photo-editor"}}],"file_system_config":[],"filename":"../backend/dist/lambdas/status/status.zip","function_name":"photo-editor-dev-status","handler":"status.handler","image_config":[],"image_uri":null,"kms_key_arn":null,"layers":null,"memory_size":1024,"package_type":"Zip","publish":false,"replace_security_groups_on_destroy":null,"replacement_security_group_ids":null,"reserved_concurrent_executions":100,"runtime":"nodejs20.x","s3_bucket":null,"s3_key":null,"s3_object_version":null,"skip_destroy":false,"snap_start":[],"tags":{"CostCenter":"product","Environment":"dev","Owner":"engineering","Project":"photo-editor"},"tags_all":{"CostCenter":"product","Environment":"dev","LocalStack":"true","Owner":"engineering","Project":"photo-editor","Terraform":"true"},"timeout":300,"timeouts":null,"vpc_config":[]},"sensitive_values":{"architectures":[],"dead_letter_config":[],"environment":[{"variables":{}}],"ephemeral_storage":[],"file_system_config":[],"image_config":[],"logging_config":[],"snap_start":[],"tags":{},"tags_all":{},"tracing_config":[],"vpc_config":[]}},{"address":"aws_lambda_function.worker","mode":"managed","type":"aws_lambda_function","name":"worker","provider_name":"registry.terraform.io/hashicorp/aws","schema_version":0,"values":{"code_signing_config_arn":null,"dead_letter_config":[],"description":null,"environment":[{}],"file_system_config":[],"filename":"../backend/dist/lambdas/worker/worker.zip","function_name":"photo-editor-dev-worker","handler":"worker.handler","image_config":[],"image_uri":null,"kms_key_arn":null,"layers":null,"memory_size":1024,"package_type":"Zip","publish":false,"replace_security_groups_on_destroy":null,"replacement_security_group_ids":null,"reserved_concurrent_executions":100,"runtime":"nodejs20.x","s3_bucket":null,"s3_key":null,"s3_object_version":null,"skip_destroy":false,"snap_start":[],"tags":{"CostCenter":"product","Environment":"dev","Owner":"engineering","Project":"photo-editor"},"tags_all":{"CostCenter":"product","Environment":"dev","LocalStack":"true","Owner":"engineering","Project":"photo-editor","Terraform":"true"},"timeout":300,"timeouts":null,"vpc_config":[]},"sensitive_values":{"architectures":[],"dead_letter_config":[],"environment":[{"variables":{}}],"ephemeral_storage":[],"file_system_config":[],"image_config":[],"logging_config":[],"snap_start":[],"tags":{},"tags_all":{},"tracing_config":[],"vpc_config":[]}},{"address":"aws_lambda_permission.download_api_gateway","mode":"managed","type":"aws_lambda_permission","name":"download_api_gateway","provider_name":"registry.terraform.io/hashicorp/aws","schema_version":0,"values":{"action":"lambda:InvokeFunction","event_source_token":null,"function_name":"photo-editor-dev-download","function_url_auth_type":null,"principal":"apigateway.amazonaws.com","principal_org_id":null,"qualifier":null,"source_account":null,"statement_id":"AllowAPIGatewayInvoke"},"sensitive_values":{}},{"address":"aws_lambda_permission.presign_api_gateway","mode":"managed","type":"aws_lambda_permission","name":"presign_api_gateway","provider_name":"registry.terraform.io/hashicorp/aws","schema_version":0,"values":{"action":"lambda:InvokeFunction","event_source_token":null,"function_name":"photo-editor-dev-presign","function_url_auth_type":null,"principal":"apigateway.amazonaws.com","principal_org_id":null,"qualifier":null,"source_account":null,"statement_id":"AllowAPIGatewayInvoke"},"sensitive_values":{}},{"address":"aws_lambda_permission.status_api_gateway","mode":"managed","type":"aws_lambda_permission","name":"status_api_gateway","provider_name":"registry.terraform.io/hashicorp/aws","schema_version":0,"values":{"action":"lambda:InvokeFunction","event_source_token":null,"function_name":"photo-editor-dev-status","function_url_auth_type":null,"principal":"apigateway.amazonaws.com","principal_org_id":null,"qualifier":null,"source_account":null,"statement_id":"AllowAPIGatewayInvoke"},"sensitive_values":{}},{"address":"aws_s3_bucket_notification.temp_bucket_notification","mode":"managed","type":"aws_s3_bucket_notification","name":"temp_bucket_notification","provider_name":"registry.terraform.io/hashicorp/aws","schema_version":0,"values":{"eventbridge":false,"lambda_function":[],"queue":[{"events":["s3:ObjectCreated:*"],"filter_prefix":"temp/","filter_suffix":null}],"topic":[]},"sensitive_values":{"lambda_function":[],"queue":[{"events":[false]}],"topic":[]}},{"address":"aws_sqs_queue_policy.allow_s3_to_sqs","mode":"managed","type":"aws_sqs_queue_policy","name":"allow_s3_to_sqs","provider_name":"registry.terraform.io/hashicorp/aws","schema_version":1,"sensitive_values":{}},{"address":"aws_ssm_parameter.enable_stub_providers","mode":"managed","type":"aws_ssm_parameter","name":"enable_stub_providers","provider_name":"registry.terraform.io/hashicorp/aws","schema_version":0,"values":{"allowed_pattern":null,"description":null,"name":"/photo-editor-dev/providers/enable-stubs","overwrite":null,"tags":{"CostCenter":"product","Environment":"dev","Owner":"engineering","Project":"photo-editor"},"tags_all":{"CostCenter":"product","Environment":"dev","LocalStack":"true","Owner":"engineering","Project":"photo-editor","Terraform":"true"},"type":"String","value":"false","value_wo":null,"value_wo_version":null},"sensitive_values":{"tags":{},"tags_all":{},"value":true,"value_wo":true}},{"address":"aws_ssm_parameter.gemini_api_key","mode":"managed","type":"aws_ssm_parameter","name":"gemini_api_key","provider_name":"registry.terraform.io/hashicorp/aws","schema_version":0,"values":{"allowed_pattern":null,"description":null,"name":"/photo-editor-dev/gemini/api-key","overwrite":null,"tags":{"CostCenter":"product","Environment":"dev","Owner":"engineering","Project":"photo-editor"},"tags_all":{"CostCenter":"product","Environment":"dev","LocalStack":"true","Owner":"engineering","Project":"photo-editor","Terraform":"true"},"type":"SecureString","value":"test-key","value_wo":null,"value_wo_version":null},"sensitive_values":{"tags":{},"tags_all":{},"value":true,"value_wo":true}},{"address":"aws_ssm_parameter.gemini_endpoint","mode":"managed","type":"aws_ssm_parameter","name":"gemini_endpoint","provider_name":"registry.terraform.io/hashicorp/aws","schema_version":0,"values":{"allowed_pattern":null,"description":null,"name":"/photo-editor-dev/gemini/endpoint","overwrite":null,"tags":{"CostCenter":"product","Environment":"dev","Owner":"engineering","Project":"photo-editor"},"tags_all":{"CostCenter":"product","Environment":"dev","LocalStack":"true","Owner":"engineering","Project":"photo-editor","Terraform":"true"},"type":"String","value":"https://generativelanguage.googleapis.com","value_wo":null,"value_wo_version":null},"sensitive_values":{"tags":{},"tags_all":{},"value":true,"value_wo":true}},{"address":"aws_ssm_parameter.seedream_api_key","mode":"managed","type":"aws_ssm_parameter","name":"seedream_api_key","provider_name":"registry.terraform.io/hashicorp/aws","schema_version":0,"values":{"allowed_pattern":null,"description":null,"name":"/photo-editor-dev/seedream/api-key","overwrite":null,"tags":{"CostCenter":"product","Environment":"dev","Owner":"engineering","Project":"photo-editor"},"tags_all":{"CostCenter":"product","Environment":"dev","LocalStack":"true","Owner":"engineering","Project":"photo-editor","Terraform":"true"},"type":"SecureString","value":"test-key","value_wo":null,"value_wo_version":null},"sensitive_values":{"tags":{},"tags_all":{},"value":true,"value_wo":true}},{"address":"aws_ssm_parameter.seedream_endpoint","mode":"managed","type":"aws_ssm_parameter","name":"seedream_endpoint","provider_name":"registry.terraform.io/hashicorp/aws","schema_version":0,"values":{"allowed_pattern":null,"description":null,"name":"/photo-editor-dev/seedream/endpoint","overwrite":null,"tags":{"CostCenter":"product","Environment":"dev","Owner":"engineering","Project":"photo-editor"},"tags_all":{"CostCenter":"product","Environment":"dev","LocalStack":"true","Owner":"engineering","Project":"photo-editor","Terraform":"true"},"type":"String","value":"https://api.seedream.com","value_wo":null,"value_wo_version":null},"sensitive_values":{"tags":{},"tags_all":{},"value":true,"value_wo":true}}],"child_modules":[{"resources":[{"address":"module.kms.aws_kms_alias.main","mode":"managed","type":"aws_kms_alias","name":"main","provider_name":"registry.terraform.io/hashicorp/aws","schema_version":0,"values":{"name":"alias/photo-editor-dev"},"sensitive_values":{}},{"address":"module.kms.aws_kms_key.main","mode":"managed","type":"aws_kms_key","name":"main","provider_name":"registry.terraform.io/hashicorp/aws","schema_version":0,"values":{"bypass_policy_lockout_safety_check":false,"custom_key_store_id":null,"customer_master_key_spec":"SYMMETRIC_DEFAULT","deletion_window_in_days":7,"description":"KMS key for photo-editor-dev photo editor","enable_key_rotation":true,"is_enabled":true,"key_usage":"ENCRYPT_DECRYPT","policy":"{\"Id\":\"key-policy-photo-editor-dev\",\"Statement\":[{\"Action\":\"kms:*\",\"Effect\":\"Allow\",\"Principal\":{\"AWS\":\"arn:aws:iam::000000000000:root\"},\"Resource\":\"*\",\"Sid\":\"Enable IAM User Permissions\"},{\"Action\":[\"kms:Encrypt\",\"kms:Decrypt\",\"kms:ReEncrypt*\",\"kms:GenerateDataKey*\",\"kms:DescribeKey\"],\"Effect\":\"Allow\",\"Principal\":{\"Service\":[\"s3.amazonaws.com\",\"dynamodb.amazonaws.com\",\"sqs.amazonaws.com\",\"sns.amazonaws.com\",\"lambda.amazonaws.com\"]},\"Resource\":\"*\",\"Sid\":\"Allow use of the key for encryption/decryption\"}],\"Version\":\"2012-10-17\"}","tags":{"CostCenter":"product","Environment":"dev","Name":"photo-editor-dev-kms-key","Owner":"engineering","Project":"photo-editor"},"tags_all":{"CostCenter":"product","Environment":"dev","LocalStack":"true","Name":"photo-editor-dev-kms-key","Owner":"engineering","Project":"photo-editor","Terraform":"true"},"timeouts":null,"xks_key_id":null},"sensitive_values":{"tags":{},"tags_all":{}}}],"address":"module.kms"},{"resources":[{"address":"module.monitoring.aws_cloudwatch_composite_alarm.application_health","mode":"managed","type":"aws_cloudwatch_composite_alarm","name":"application_health","provider_name":"registry.terraform.io/hashicorp/aws","schema_version":0,"values":{"actions_enabled":true,"actions_suppressor":[],"alarm_actions":null,"alarm_description":"Overall application health based on multiple metrics","alarm_name":"photo-editor-dev-application-health","insufficient_data_actions":null,"ok_actions":null,"tags":{"CostCenter":"product","Environment":"dev","Owner":"engineering","Project":"photo-editor"},"tags_all":{"CostCenter":"product","Environment":"dev","LocalStack":"true","Owner":"engineering","Project":"photo-editor","Terraform":"true"}},"sensitive_values":{"actions_suppressor":[],"tags":{},"tags_all":{}}},{"address":"module.monitoring.aws_cloudwatch_metric_alarm.lambda_duration[0]","mode":"managed","type":"aws_cloudwatch_metric_alarm","name":"lambda_duration","index":0,"provider_name":"registry.terraform.io/hashicorp/aws","schema_version":1,"values":{"actions_enabled":true,"alarm_description":"Lambda function photo-editor-dev-presign duration is high","alarm_name":"photo-editor-dev-presign-duration","comparison_operator":"GreaterThanThreshold","datapoints_to_alarm":null,"dimensions":{"FunctionName":"photo-editor-dev-presign"},"evaluation_periods":2,"extended_statistic":null,"insufficient_data_actions":null,"metric_name":"Duration","metric_query":[],"namespace":"AWS/Lambda","ok_actions":null,"period":300,"statistic":"Average","tags":{"CostCenter":"product","Environment":"dev","Owner":"engineering","Project":"photo-editor"},"tags_all":{"CostCenter":"product","Environment":"dev","LocalStack":"true","Owner":"engineering","Project":"photo-editor","Terraform":"true"},"threshold":30000,"threshold_metric_id":null,"treat_missing_data":"missing","unit":null},"sensitive_values":{"alarm_actions":[],"dimensions":{},"metric_query":[],"tags":{},"tags_all":{}}},{"address":"module.monitoring.aws_cloudwatch_metric_alarm.lambda_duration[1]","mode":"managed","type":"aws_cloudwatch_metric_alarm","name":"lambda_duration","index":1,"provider_name":"registry.terraform.io/hashicorp/aws","schema_version":1,"values":{"actions_enabled":true,"alarm_description":"Lambda function photo-editor-dev-status duration is high","alarm_name":"photo-editor-dev-status-duration","comparison_operator":"GreaterThanThreshold","datapoints_to_alarm":null,"dimensions":{"FunctionName":"photo-editor-dev-status"},"evaluation_periods":2,"extended_statistic":null,"insufficient_data_actions":null,"metric_name":"Duration","metric_query":[],"namespace":"AWS/Lambda","ok_actions":null,"period":300,"statistic":"Average","tags":{"CostCenter":"product","Environment":"dev","Owner":"engineering","Project":"photo-editor"},"tags_all":{"CostCenter":"product","Environment":"dev","LocalStack":"true","Owner":"engineering","Project":"photo-editor","Terraform":"true"},"threshold":30000,"threshold_metric_id":null,"treat_missing_data":"missing","unit":null},"sensitive_values":{"alarm_actions":[],"dimensions":{},"metric_query":[],"tags":{},"tags_all":{}}},{"address":"module.monitoring.aws_cloudwatch_metric_alarm.lambda_duration[2]","mode":"managed","type":"aws_cloudwatch_metric_alarm","name":"lambda_duration","index":2,"provider_name":"registry.terraform.io/hashicorp/aws","schema_version":1,"values":{"actions_enabled":true,"alarm_description":"Lambda function photo-editor-dev-worker duration is high","alarm_name":"photo-editor-dev-worker-duration","comparison_operator":"GreaterThanThreshold","datapoints_to_alarm":null,"dimensions":{"FunctionName":"photo-editor-dev-worker"},"evaluation_periods":2,"extended_statistic":null,"insufficient_data_actions":null,"metric_name":"Duration","metric_query":[],"namespace":"AWS/Lambda","ok_actions":null,"period":300,"statistic":"Average","tags":{"CostCenter":"product","Environment":"dev","Owner":"engineering","Project":"photo-editor"},"tags_all":{"CostCenter":"product","Environment":"dev","LocalStack":"true","Owner":"engineering","Project":"photo-editor","Terraform":"true"},"threshold":30000,"threshold_metric_id":null,"treat_missing_data":"missing","unit":null},"sensitive_values":{"alarm_actions":[],"dimensions":{},"metric_query":[],"tags":{},"tags_all":{}}},{"address":"module.monitoring.aws_cloudwatch_metric_alarm.lambda_duration[3]","mode":"managed","type":"aws_cloudwatch_metric_alarm","name":"lambda_duration","index":3,"provider_name":"registry.terraform.io/hashicorp/aws","schema_version":1,"values":{"actions_enabled":true,"alarm_description":"Lambda function photo-editor-dev-download duration is high","alarm_name":"photo-editor-dev-download-duration","comparison_operator":"GreaterThanThreshold","datapoints_to_alarm":null,"dimensions":{"FunctionName":"photo-editor-dev-download"},"evaluation_periods":2,"extended_statistic":null,"insufficient_data_actions":null,"metric_name":"Duration","metric_query":[],"namespace":"AWS/Lambda","ok_actions":null,"period":300,"statistic":"Average","tags":{"CostCenter":"product","Environment":"dev","Owner":"engineering","Project":"photo-editor"},"tags_all":{"CostCenter":"product","Environment":"dev","LocalStack":"true","Owner":"engineering","Project":"photo-editor","Terraform":"true"},"threshold":30000,"threshold_metric_id":null,"treat_missing_data":"missing","unit":null},"sensitive_values":{"alarm_actions":[],"dimensions":{},"metric_query":[],"tags":{},"tags_all":{}}},{"address":"module.monitoring.aws_cloudwatch_metric_alarm.lambda_errors[0]","mode":"managed","type":"aws_cloudwatch_metric_alarm","name":"lambda_errors","index":0,"provider_name":"registry.terraform.io/hashicorp/aws","schema_version":1,"values":{"actions_enabled":true,"alarm_description":"Lambda function photo-editor-dev-presign error rate is high","alarm_name":"photo-editor-dev-presign-errors","comparison_operator":"GreaterThanThreshold","datapoints_to_alarm":null,"dimensions":{"FunctionName":"photo-editor-dev-presign"},"evaluation_periods":2,"extended_statistic":null,"insufficient_data_actions":null,"metric_name":"Errors","metric_query":[],"namespace":"AWS/Lambda","ok_actions":null,"period":300,"statistic":"Sum","tags":{"CostCenter":"product","Environment":"dev","Owner":"engineering","Project":"photo-editor"},"tags_all":{"CostCenter":"product","Environment":"dev","LocalStack":"true","Owner":"engineering","Project":"photo-editor","Terraform":"true"},"threshold":5,"threshold_metric_id":null,"treat_missing_data":"missing","unit":null},"sensitive_values":{"alarm_actions":[],"dimensions":{},"metric_query":[],"tags":{},"tags_all":{}}},{"address":"module.monitoring.aws_cloudwatch_metric_alarm.lambda_errors[1]","mode":"managed","type":"aws_cloudwatch_metric_alarm","name":"lambda_errors","index":1,"provider_name":"registry.terraform.io/hashicorp/aws","schema_version":1,"values":{"actions_enabled":true,"alarm_description":"Lambda function photo-editor-dev-status error rate is high","alarm_name":"photo-editor-dev-status-errors","comparison_operator":"GreaterThanThreshold","datapoints_to_alarm":null,"dimensions":{"FunctionName":"photo-editor-dev-status"},"evaluation_periods":2,"extended_statistic":null,"insufficient_data_actions":null,"metric_name":"Errors","metric_query":[],"namespace":"AWS/Lambda","ok_actions":null,"period":300,"statistic":"Sum","tags":{"CostCenter":"product","Environment":"dev","Owner":"engineering","Project":"photo-editor"},"tags_all":{"CostCenter":"product","Environment":"dev","LocalStack":"true","Owner":"engineering","Project":"photo-editor","Terraform":"true"},"threshold":5,"threshold_metric_id":null,"treat_missing_data":"missing","unit":null},"sensitive_values":{"alarm_actions":[],"dimensions":{},"metric_query":[],"tags":{},"tags_all":{}}},{"address":"module.monitoring.aws_cloudwatch_metric_alarm.lambda_errors[2]","mode":"managed","type":"aws_cloudwatch_metric_alarm","name":"lambda_errors","index":2,"provider_name":"registry.terraform.io/hashicorp/aws","schema_version":1,"values":{"actions_enabled":true,"alarm_description":"Lambda function photo-editor-dev-worker error rate is high","alarm_name":"photo-editor-dev-worker-errors","comparison_operator":"GreaterThanThreshold","datapoints_to_alarm":null,"dimensions":{"FunctionName":"photo-editor-dev-worker"},"evaluation_periods":2,"extended_statistic":null,"insufficient_data_actions":null,"metric_name":"Errors","metric_query":[],"namespace":"AWS/Lambda","ok_actions":null,"period":300,"statistic":"Sum","tags":{"CostCenter":"product","Environment":"dev","Owner":"engineering","Project":"photo-editor"},"tags_all":{"CostCenter":"product","Environment":"dev","LocalStack":"true","Owner":"engineering","Project":"photo-editor","Terraform":"true"},"threshold":5,"threshold_metric_id":null,"treat_missing_data":"missing","unit":null},"sensitive_values":{"alarm_actions":[],"dimensions":{},"metric_query":[],"tags":{},"tags_all":{}}},{"address":"module.monitoring.aws_cloudwatch_metric_alarm.lambda_errors[3]","mode":"managed","type":"aws_cloudwatch_metric_alarm","name":"lambda_errors","index":3,"provider_name":"registry.terraform.io/hashicorp/aws","schema_version":1,"values":{"actions_enabled":true,"alarm_description":"Lambda function photo-editor-dev-download error rate is high","alarm_name":"photo-editor-dev-download-errors","comparison_operator":"GreaterThanThreshold","datapoints_to_alarm":null,"dimensions":{"FunctionName":"photo-editor-dev-download"},"evaluation_periods":2,"extended_statistic":null,"insufficient_data_actions":null,"metric_name":"Errors","metric_query":[],"namespace":"AWS/Lambda","ok_actions":null,"period":300,"statistic":"Sum","tags":{"CostCenter":"product","Environment":"dev","Owner":"engineering","Project":"photo-editor"},"tags_all":{"CostCenter":"product","Environment":"dev","LocalStack":"true","Owner":"engineering","Project":"photo-editor","Terraform":"true"},"threshold":5,"threshold_metric_id":null,"treat_missing_data":"missing","unit":null},"sensitive_values":{"alarm_actions":[],"dimensions":{},"metric_query":[],"tags":{},"tags_all":{}}},{"address":"module.monitoring.aws_cloudwatch_metric_alarm.lambda_throttles[0]","mode":"managed","type":"aws_cloudwatch_metric_alarm","name":"lambda_throttles","index":0,"provider_name":"registry.terraform.io/hashicorp/aws","schema_version":1,"values":{"actions_enabled":true,"alarm_description":"Lambda function photo-editor-dev-presign is being throttled","alarm_name":"photo-editor-dev-presign-throttles","comparison_operator":"GreaterThanThreshold","datapoints_to_alarm":null,"dimensions":{"FunctionName":"photo-editor-dev-presign"},"evaluation_periods":1,"extended_statistic":null,"insufficient_data_actions":null,"metric_name":"Throttles","metric_query":[],"namespace":"AWS/Lambda","ok_actions":null,"period":300,"statistic":"Sum","tags":{"CostCenter":"product","Environment":"dev","Owner":"engineering","Project":"photo-editor"},"tags_all":{"CostCenter":"product","Environment":"dev","LocalStack":"true","Owner":"engineering","Project":"photo-editor","Terraform":"true"},"threshold":0,"threshold_metric_id":null,"treat_missing_data":"missing","unit":null},"sensitive_values":{"alarm_actions":[],"dimensions":{},"metric_query":[],"tags":{},"tags_all":{}}},{"address":"module.monitoring.aws_cloudwatch_metric_alarm.lambda_throttles[1]","mode":"managed","type":"aws_cloudwatch_metric_alarm","name":"lambda_throttles","index":1,"provider_name":"registry.terraform.io/hashicorp/aws","schema_version":1,"values":{"actions_enabled":true,"alarm_description":"Lambda function photo-editor-dev-status is being throttled","alarm_name":"photo-editor-dev-status-throttles","comparison_operator":"GreaterThanThreshold","datapoints_to_alarm":null,"dimensions":{"FunctionName":"photo-editor-dev-status"},"evaluation_periods":1,"extended_statistic":null,"insufficient_data_actions":null,"metric_name":"Throttles","metric_query":[],"namespace":"AWS/Lambda","ok_actions":null,"period":300,"statistic":"Sum","tags":{"CostCenter":"product","Environment":"dev","Owner":"engineering","Project":"photo-editor"},"tags_all":{"CostCenter":"product","Environment":"dev","LocalStack":"true","Owner":"engineering","Project":"photo-editor","Terraform":"true"},"threshold":0,"threshold_metric_id":null,"treat_missing_data":"missing","unit":null},"sensitive_values":{"alarm_actions":[],"dimensions":{},"metric_query":[],"tags":{},"tags_all":{}}},{"address":"module.monitoring.aws_cloudwatch_metric_alarm.lambda_throttles[2]","mode":"managed","type":"aws_cloudwatch_metric_alarm","name":"lambda_throttles","index":2,"provider_name":"registry.terraform.io/hashicorp/aws","schema_version":1,"values":{"actions_enabled":true,"alarm_description":"Lambda function photo-editor-dev-worker is being throttled","alarm_name":"photo-editor-dev-worker-throttles","comparison_operator":"GreaterThanThreshold","datapoints_to_alarm":null,"dimensions":{"FunctionName":"photo-editor-dev-worker"},"evaluation_periods":1,"extended_statistic":null,"insufficient_data_actions":null,"metric_name":"Throttles","metric_query":[],"namespace":"AWS/Lambda","ok_actions":null,"period":300,"statistic":"Sum","tags":{"CostCenter":"product","Environment":"dev","Owner":"engineering","Project":"photo-editor"},"tags_all":{"CostCenter":"product","Environment":"dev","LocalStack":"true","Owner":"engineering","Project":"photo-editor","Terraform":"true"},"threshold":0,"threshold_metric_id":null,"treat_missing_data":"missing","unit":null},"sensitive_values":{"alarm_actions":[],"dimensions":{},"metric_query":[],"tags":{},"tags_all":{}}},{"address":"module.monitoring.aws_cloudwatch_metric_alarm.lambda_throttles[3]","mode":"managed","type":"aws_cloudwatch_metric_alarm","name":"lambda_throttles","index":3,"provider_name":"registry.terraform.io/hashicorp/aws","schema_version":1,"values":{"actions_enabled":true,"alarm_description":"Lambda function photo-editor-dev-download is being throttled","alarm_name":"photo-editor-dev-download-throttles","comparison_operator":"GreaterThanThreshold","datapoints_to_alarm":null,"dimensions":{"FunctionName":"photo-editor-dev-download"},"evaluation_periods":1,"extended_statistic":null,"insufficient_data_actions":null,"metric_name":"Throttles","metric_query":[],"namespace":"AWS/Lambda","ok_actions":null,"period":300,"statistic":"Sum","tags":{"CostCenter":"product","Environment":"dev","Owner":"engineering","Project":"photo-editor"},"tags_all":{"CostCenter":"product","Environment":"dev","LocalStack":"true","Owner":"engineering","Project":"photo-editor","Terraform":"true"},"threshold":0,"threshold_metric_id":null,"treat_missing_data":"missing","unit":null},"sensitive_values":{"alarm_actions":[],"dimensions":{},"metric_query":[],"tags":{},"tags_all":{}}},{"address":"module.monitoring.aws_cloudwatch_query_definition.error_analysis","mode":"managed","type":"aws_cloudwatch_query_definition","name":"error_analysis","provider_name":"registry.terraform.io/hashicorp/aws","schema_version":0,"values":{"log_group_names":["/aws/lambda/photo-editor-dev-presign","/aws/lambda/photo-editor-dev-status","/aws/lambda/photo-editor-dev-worker","/aws/lambda/photo-editor-dev-download"],"name":"photo-editor-dev-error-analysis","query_string":"fields @timestamp, @message, @requestId\n| filter @message like /ERROR/\n| sort @timestamp desc\n| limit 100\n"},"sensitive_values":{"log_group_names":[false,false,false,false]}},{"address":"module.monitoring.aws_cloudwatch_query_definition.performance_analysis","mode":"managed","type":"aws_cloudwatch_query_definition","name":"performance_analysis","provider_name":"registry.terraform.io/hashicorp/aws","schema_version":0,"values":{"log_group_names":["/aws/lambda/photo-editor-dev-presign","/aws/lambda/photo-editor-dev-status","/aws/lambda/photo-editor-dev-worker","/aws/lambda/photo-editor-dev-download"],"name":"photo-editor-dev-performance-analysis","query_string":"fields @timestamp, @duration, @billedDuration, @maxMemoryUsed, @requestId\n| filter @type = \"REPORT\"\n| sort @timestamp desc\n| limit 100\n"},"sensitive_values":{"log_group_names":[false,false,false,false]}},{"address":"module.monitoring.aws_sns_topic.alarms","mode":"managed","type":"aws_sns_topic","name":"alarms","provider_name":"registry.terraform.io/hashicorp/aws","schema_version":0,"values":{"application_failure_feedback_role_arn":null,"application_success_feedback_role_arn":null,"application_success_feedback_sample_rate":null,"archive_policy":null,"content_based_deduplication":false,"delivery_policy":null,"display_name":null,"fifo_topic":false,"firehose_failure_feedback_role_arn":null,"firehose_success_feedback_role_arn":null,"firehose_success_feedback_sample_rate":null,"http_failure_feedback_role_arn":null,"http_success_feedback_role_arn":null,"http_success_feedback_sample_rate":null,"kms_master_key_id":null,"lambda_failure_feedback_role_arn":null,"lambda_success_feedback_role_arn":null,"lambda_success_feedback_sample_rate":null,"name":"photo-editor-dev-alarms","sqs_failure_feedback_role_arn":null,"sqs_success_feedback_role_arn":null,"sqs_success_feedback_sample_rate":null,"tags":{"CostCenter":"product","Environment":"dev","Name":"photo-editor-dev-alarms","Owner":"engineering","Project":"photo-editor","Purpose":"alarm-notifications"},"tags_all":{"CostCenter":"product","Environment":"dev","LocalStack":"true","Name":"photo-editor-dev-alarms","Owner":"engineering","Project":"photo-editor","Purpose":"alarm-notifications","Terraform":"true"}},"sensitive_values":{"tags":{},"tags_all":{}}}],"address":"module.monitoring"},{"resources":[{"address":"module.s3.aws_s3_bucket.access_logs","mode":"managed","type":"aws_s3_bucket","name":"access_logs","provider_name":"registry.terraform.io/hashicorp/aws","schema_version":0,"values":{"bucket":"photo-editor-dev-access-logs-000000000000","force_destroy":false,"tags":{"CostCenter":"product","Environment":"dev","Name":"photo-editor-dev-access-logs","Owner":"engineering","Project":"photo-editor","Purpose":"access-logs"},"tags_all":{"CostCenter":"product","Environment":"dev","LocalStack":"true","Name":"photo-editor-dev-access-logs","Owner":"engineering","Project":"photo-editor","Purpose":"access-logs","Terraform":"true"},"timeouts":null},"sensitive_values":{"cors_rule":[],"grant":[],"lifecycle_rule":[],"logging":[],"object_lock_configuration":[],"replication_configuration":[],"server_side_encryption_configuration":[],"tags":{},"tags_all":{},"versioning":[],"website":[]}},{"address":"module.s3.aws_s3_bucket.final","mode":"managed","type":"aws_s3_bucket","name":"final","provider_name":"registry.terraform.io/hashicorp/aws","schema_version":0,"values":{"bucket":"photo-editor-dev-final-000000000000","force_destroy":false,"tags":{"CostCenter":"product","Environment":"dev","Name":"photo-editor-dev-final-000000000000","Owner":"engineering","Project":"photo-editor","Purpose":"processed-images"},"tags_all":{"CostCenter":"product","Environment":"dev","LocalStack":"true","Name":"photo-editor-dev-final-000000000000","Owner":"engineering","Project":"photo-editor","Purpose":"processed-images","Terraform":"true"},"timeouts":null},"sensitive_values":{"cors_rule":[],"grant":[],"lifecycle_rule":[],"logging":[],"object_lock_configuration":[],"replication_configuration":[],"server_side_encryption_configuration":[],"tags":{},"tags_all":{},"versioning":[],"website":[]}},{"address":"module.s3.aws_s3_bucket.temp","mode":"managed","type":"aws_s3_bucket","name":"temp","provider_name":"registry.terraform.io/hashicorp/aws","schema_version":0,"values":{"bucket":"photo-editor-dev-temp-000000000000","force_destroy":false,"tags":{"CostCenter":"product","Environment":"dev","Name":"photo-editor-dev-temp-000000000000","Owner":"engineering","Project":"photo-editor","Purpose":"temporary-uploads"},"tags_all":{"CostCenter":"product","Environment":"dev","LocalStack":"true","Name":"photo-editor-dev-temp-000000000000","Owner":"engineering","Project":"photo-editor","Purpose":"temporary-uploads","Terraform":"true"},"timeouts":null},"sensitive_values":{"cors_rule":[],"grant":[],"lifecycle_rule":[],"logging":[],"object_lock_configuration":[],"replication_configuration":[],"server_side_encryption_configuration":[],"tags":{},"tags_all":{},"versioning":[],"website":[]}},{"address":"module.s3.aws_s3_bucket_cors_configuration.temp","mode":"managed","type":"aws_s3_bucket_cors_configuration","name":"temp","provider_name":"registry.terraform.io/hashicorp/aws","schema_version":0,"values":{"cors_rule":[{"allowed_headers":["*"],"allowed_methods":["POST","PUT"],"allowed_origins":["*"],"expose_headers":["ETag"],"id":"","max_age_seconds":3000}],"expected_bucket_owner":null},"sensitive_values":{"cors_rule":[{"allowed_headers":[false],"allowed_methods":[false,false],"allowed_origins":[false],"expose_headers":[false]}]}},{"address":"module.s3.aws_s3_bucket_lifecycle_configuration.access_logs[0]","mode":"managed","type":"aws_s3_bucket_lifecycle_configuration","name":"access_logs","index":0,"provider_name":"registry.terraform.io/hashicorp/aws","schema_version":1,"values":{"rule":[{"abort_incomplete_multipart_upload":[],"expiration":[{"date":null,"days":90,"expired_object_delete_marker":false}],"filter":[{"and":[],"object_size_greater_than":null,"object_size_less_than":null,"prefix":"","tag":[]}],"id":"log_cleanup","noncurrent_version_expiration":[],"noncurrent_version_transition":[],"prefix":"","status":"Enabled","transition":[]}],"timeouts":null,"transition_default_minimum_object_size":"all_storage_classes_128K"},"sensitive_values":{"rule":[{"abort_incomplete_multipart_upload":[],"expiration":[{}],"filter":[{"and":[],"tag":[]}],"noncurrent_version_expiration":[],"noncurrent_version_transition":[],"transition":[]}]}},{"address":"module.s3.aws_s3_bucket_lifecycle_configuration.final[0]","mode":"managed","type":"aws_s3_bucket_lifecycle_configuration","name":"final","index":0,"provider_name":"registry.terraform.io/hashicorp/aws","schema_version":1,"values":{"rule":[{"abort_incomplete_multipart_upload":[{"days_after_initiation":7}],"expiration":[],"filter":[{"and":[],"object_size_greater_than":null,"object_size_less_than":null,"prefix":"","tag":[]}],"id":"final_file_lifecycle","noncurrent_version_expiration":[{"newer_noncurrent_versions":null,"noncurrent_days":90}],"noncurrent_version_transition":[{"newer_noncurrent_versions":null,"noncurrent_days":30,"storage_class":"STANDARD_IA"}],"prefix":"","status":"Enabled","transition":[{"date":null,"days":30,"storage_class":"STANDARD_IA"},{"date":null,"days":365,"storage_class":"GLACIER"},{"date":null,"days":90,"storage_class":"GLACIER_IR"}]}],"timeouts":null,"transition_default_minimum_object_size":"all_storage_classes_128K"},"sensitive_values":{"rule":[{"abort_incomplete_multipart_upload":[{}],"expiration":[],"filter":[{"and":[],"tag":[]}],"noncurrent_version_expiration":[{}],"noncurrent_version_transition":[{}],"transition":[{},{},{}]}]}},{"address":"module.s3.aws_s3_bucket_lifecycle_configuration.temp[0]","mode":"managed","type":"aws_s3_bucket_lifecycle_configuration","name":"temp","index":0,"provider_name":"registry.terraform.io/hashicorp/aws","schema_version":1,"values":{"rule":[{"abort_incomplete_multipart_upload":[{"days_after_initiation":7}],"expiration":[{"date":null,"days":2,"expired_object_delete_marker":false}],"filter":[{"and":[],"object_size_greater_than":null,"object_size_less_than":null,"prefix":"","tag":[]}],"id":"temp_file_cleanup","noncurrent_version_expiration":[{"newer_noncurrent_versions":null,"noncurrent_days":1}],"noncurrent_version_transition":[],"prefix":"","status":"Enabled","transition":[]}],"timeouts":null,"transition_default_minimum_object_size":"all_storage_classes_128K"},"sensitive_values":{"rule":[{"abort_incomplete_multipart_upload":[{}],"expiration":[{}],"filter":[{"and":[],"tag":[]}],"noncurrent_version_expiration":[{}],"noncurrent_version_transition":[],"transition":[]}]}},{"address":"module.s3.aws_s3_bucket_logging.final","mode":"managed","type":"aws_s3_bucket_logging","name":"final","provider_name":"registry.terraform.io/hashicorp/aws","schema_version":0,"values":{"expected_bucket_owner":null,"target_grant":[],"target_object_key_format":[],"target_prefix":"final-bucket-logs/"},"sensitive_values":{"target_grant":[],"target_object_key_format":[]}},{"address":"module.s3.aws_s3_bucket_logging.temp","mode":"managed","type":"aws_s3_bucket_logging","name":"temp","provider_name":"registry.terraform.io/hashicorp/aws","schema_version":0,"values":{"expected_bucket_owner":null,"target_grant":[],"target_object_key_format":[],"target_prefix":"temp-bucket-logs/"},"sensitive_values":{"target_grant":[],"target_object_key_format":[]}},{"address":"module.s3.aws_s3_bucket_public_access_block.access_logs","mode":"managed","type":"aws_s3_bucket_public_access_block","name":"access_logs","provider_name":"registry.terraform.io/hashicorp/aws","schema_version":0,"values":{"block_public_acls":true,"block_public_policy":true,"ignore_public_acls":true,"restrict_public_buckets":true},"sensitive_values":{}},{"address":"module.s3.aws_s3_bucket_public_access_block.final","mode":"managed","type":"aws_s3_bucket_public_access_block","name":"final","provider_name":"registry.terraform.io/hashicorp/aws","schema_version":0,"values":{"block_public_acls":true,"block_public_policy":true,"ignore_public_acls":true,"restrict_public_buckets":true},"sensitive_values":{}},{"address":"module.s3.aws_s3_bucket_public_access_block.temp","mode":"managed","type":"aws_s3_bucket_public_access_block","name":"temp","provider_name":"registry.terraform.io/hashicorp/aws","schema_version":0,"values":{"block_public_acls":true,"block_public_policy":true,"ignore_public_acls":true,"restrict_public_buckets":true},"sensitive_values":{}},{"address":"module.s3.aws_s3_bucket_server_side_encryption_configuration.final","mode":"managed","type":"aws_s3_bucket_server_side_encryption_configuration","name":"final","provider_name":"registry.terraform.io/hashicorp/aws","schema_version":0,"values":{"expected_bucket_owner":null,"rule":[{"apply_server_side_encryption_by_default":[{"sse_algorithm":"aws:kms"}],"bucket_key_enabled":true}]},"sensitive_values":{"rule":[{"apply_server_side_encryption_by_default":[{}]}]}},{"address":"module.s3.aws_s3_bucket_server_side_encryption_configuration.temp","mode":"managed","type":"aws_s3_bucket_server_side_encryption_configuration","name":"temp","provider_name":"registry.terraform.io/hashicorp/aws","schema_version":0,"values":{"expected_bucket_owner":null,"rule":[{"apply_server_side_encryption_by_default":[{"kms_master_key_id":"","sse_algorithm":"AES256"}],"bucket_key_enabled":true}]},"sensitive_values":{"rule":[{"apply_server_side_encryption_by_default":[{}]}]}},{"address":"module.s3.aws_s3_bucket_versioning.final","mode":"managed","type":"aws_s3_bucket_versioning","name":"final","provider_name":"registry.terraform.io/hashicorp/aws","schema_version":0,"values":{"expected_bucket_owner":null,"mfa":null,"versioning_configuration":[{"status":"Enabled"}]},"sensitive_values":{"versioning_configuration":[{}]}}],"address":"module.s3"},{"resources":[{"address":"module.sns.aws_cloudwatch_metric_alarm.sns_delivery_delay","mode":"managed","type":"aws_cloudwatch_metric_alarm","name":"sns_delivery_delay","provider_name":"registry.terraform.io/hashicorp/aws","schema_version":1,"values":{"actions_enabled":true,"alarm_actions":null,"alarm_description":"SNS delivery success rate is low","alarm_name":"photo-editor-dev-sns-delivery-delay","comparison_operator":"GreaterThanThreshold","datapoints_to_alarm":null,"dimensions":{"TopicName":"photo-editor-dev-notifications"},"evaluation_periods":2,"extended_statistic":null,"insufficient_data_actions":null,"metric_name":"SMSSuccessRate","metric_query":[],"namespace":"AWS/SNS","ok_actions":null,"period":300,"statistic":"Average","tags":{"CostCenter":"product","Environment":"dev","Owner":"engineering","Project":"photo-editor"},"tags_all":{"CostCenter":"product","Environment":"dev","LocalStack":"true","Owner":"engineering","Project":"photo-editor","Terraform":"true"},"threshold":95,"threshold_metric_id":null,"treat_missing_data":"missing","unit":null},"sensitive_values":{"dimensions":{},"metric_query":[],"tags":{},"tags_all":{}}},{"address":"module.sns.aws_cloudwatch_metric_alarm.sns_failed_notifications","mode":"managed","type":"aws_cloudwatch_metric_alarm","name":"sns_failed_notifications","provider_name":"registry.terraform.io/hashicorp/aws","schema_version":1,"values":{"actions_enabled":true,"alarm_actions":null,"alarm_description":"High number of failed SNS notifications","alarm_name":"photo-editor-dev-sns-failed-notifications","comparison_operator":"GreaterThanThreshold","datapoints_to_alarm":null,"dimensions":{"TopicName":"photo-editor-dev-notifications"},"evaluation_periods":2,"extended_statistic":null,"insufficient_data_actions":null,"metric_name":"NumberOfNotificationsFailed","metric_query":[],"namespace":"AWS/SNS","ok_actions":null,"period":300,"statistic":"Sum","tags":{"CostCenter":"product","Environment":"dev","Owner":"engineering","Project":"photo-editor"},"tags_all":{"CostCenter":"product","Environment":"dev","LocalStack":"true","Owner":"engineering","Project":"photo-editor","Terraform":"true"},"threshold":5,"threshold_metric_id":null,"treat_missing_data":"missing","unit":null},"sensitive_values":{"dimensions":{},"metric_query":[],"tags":{},"tags_all":{}}},{"address":"module.sns.aws_sns_topic.notifications","mode":"managed","type":"aws_sns_topic","name":"notifications","provider_name":"registry.terraform.io/hashicorp/aws","schema_version":0,"values":{"application_failure_feedback_role_arn":null,"application_success_feedback_role_arn":null,"application_success_feedback_sample_rate":null,"archive_policy":null,"content_based_deduplication":false,"delivery_policy":"{\"http\":{\"defaultHealthyRetryPolicy\":{\"backoffFunction\":\"linear\",\"maxDelayTarget\":20,\"minDelayTarget\":20,\"numMaxDelayRetries\":0,\"numMinDelayRetries\":0,\"numNoDelayRetries\":0,\"numRetries\":3},\"disableSubscriptionOverrides\":false}}","display_name":null,"fifo_topic":false,"firehose_failure_feedback_role_arn":null,"firehose_success_feedback_role_arn":null,"firehose_success_feedback_sample_rate":null,"http_failure_feedback_role_arn":null,"http_success_feedback_role_arn":null,"http_success_feedback_sample_rate":null,"lambda_failure_feedback_role_arn":null,"lambda_success_feedback_role_arn":null,"lambda_success_feedback_sample_rate":null,"name":"photo-editor-dev-notifications","sqs_failure_feedback_role_arn":null,"sqs_success_feedback_role_arn":null,"sqs_success_feedback_sample_rate":null,"tags":{"CostCenter":"product","Environment":"dev","Name":"photo-editor-dev-notifications","Owner":"engineering","Project":"photo-editor","Purpose":"push-notifications"},"tags_all":{"CostCenter":"product","Environment":"dev","LocalStack":"true","Name":"photo-editor-dev-notifications","Owner":"engineering","Project":"photo-editor","Purpose":"push-notifications","Terraform":"true"}},"sensitive_values":{"tags":{},"tags_all":{}}},{"address":"module.sns.aws_sns_topic_policy.notifications","mode":"managed","type":"aws_sns_topic_policy","name":"notifications","provider_name":"registry.terraform.io/hashicorp/aws","schema_version":0,"sensitive_values":{}}],"address":"module.sns"},{"resources":[{"address":"module.sqs.aws_cloudwatch_metric_alarm.dlq_messages","mode":"managed","type":"aws_cloudwatch_metric_alarm","name":"dlq_messages","provider_name":"registry.terraform.io/hashicorp/aws","schema_version":1,"values":{"actions_enabled":true,"alarm_actions":null,"alarm_description":"Messages in dead letter queue","alarm_name":"photo-editor-dev-dlq-messages","comparison_operator":"GreaterThanThreshold","datapoints_to_alarm":null,"dimensions":{"QueueName":"photo-editor-dev-dlq"},"evaluation_periods":1,"extended_statistic":null,"insufficient_data_actions":null,"metric_name":"ApproximateNumberOfVisibleMessages","metric_query":[],"namespace":"AWS/SQS","ok_actions":null,"period":300,"statistic":"Maximum","tags":{"CostCenter":"product","Environment":"dev","Owner":"engineering","Project":"photo-editor"},"tags_all":{"CostCenter":"product","Environment":"dev","LocalStack":"true","Owner":"engineering","Project":"photo-editor","Terraform":"true"},"threshold":0,"threshold_metric_id":null,"treat_missing_data":"missing","unit":null},"sensitive_values":{"dimensions":{},"metric_query":[],"tags":{},"tags_all":{}}},{"address":"module.sqs.aws_cloudwatch_metric_alarm.queue_age","mode":"managed","type":"aws_cloudwatch_metric_alarm","name":"queue_age","provider_name":"registry.terraform.io/hashicorp/aws","schema_version":1,"values":{"actions_enabled":true,"alarm_actions":null,"alarm_description":"SQS messages are aging","alarm_name":"photo-editor-dev-queue-age","comparison_operator":"GreaterThanThreshold","datapoints_to_alarm":null,"dimensions":{"QueueName":"photo-editor-dev-queue"},"evaluation_periods":2,"extended_statistic":null,"insufficient_data_actions":null,"metric_name":"ApproximateAgeOfOldestMessage","metric_query":[],"namespace":"AWS/SQS","ok_actions":null,"period":300,"statistic":"Maximum","tags":{"CostCenter":"product","Environment":"dev","Owner":"engineering","Project":"photo-editor"},"tags_all":{"CostCenter":"product","Environment":"dev","LocalStack":"true","Owner":"engineering","Project":"photo-editor","Terraform":"true"},"threshold":600,"threshold_metric_id":null,"treat_missing_data":"missing","unit":null},"sensitive_values":{"dimensions":{},"metric_query":[],"tags":{},"tags_all":{}}},{"address":"module.sqs.aws_cloudwatch_metric_alarm.queue_depth","mode":"managed","type":"aws_cloudwatch_metric_alarm","name":"queue_depth","provider_name":"registry.terraform.io/hashicorp/aws","schema_version":1,"values":{"actions_enabled":true,"alarm_actions":null,"alarm_description":"High number of messages in queue","alarm_name":"photo-editor-dev-queue-depth","comparison_operator":"GreaterThanThreshold","datapoints_to_alarm":null,"dimensions":{"QueueName":"photo-editor-dev-queue"},"evaluation_periods":2,"extended_statistic":null,"insufficient_data_actions":null,"metric_name":"ApproximateNumberOfVisibleMessages","metric_query":[],"namespace":"AWS/SQS","ok_actions":null,"period":300,"statistic":"Average","tags":{"CostCenter":"product","Environment":"dev","Owner":"engineering","Project":"photo-editor"},"tags_all":{"CostCenter":"product","Environment":"dev","LocalStack":"true","Owner":"engineering","Project":"photo-editor","Terraform":"true"},"threshold":100,"threshold_metric_id":null,"treat_missing_data":"missing","unit":null},"sensitive_values":{"dimensions":{},"metric_query":[],"tags":{},"tags_all":{}}},{"address":"module.sqs.aws_sqs_queue.dlq","mode":"managed","type":"aws_sqs_queue","name":"dlq","provider_name":"registry.terraform.io/hashicorp/aws","schema_version":0,"values":{"content_based_deduplication":false,"delay_seconds":0,"fifo_queue":false,"kms_data_key_reuse_period_seconds":300,"max_message_size":262144,"message_retention_seconds":1209600,"name":"photo-editor-dev-dlq","receive_wait_time_seconds":0,"tags":{"CostCenter":"product","Environment":"dev","Name":"photo-editor-dev-dlq","Owner":"engineering","Project":"photo-editor","Purpose":"dead-letter-queue"},"tags_all":{"CostCenter":"product","Environment":"dev","LocalStack":"true","Name":"photo-editor-dev-dlq","Owner":"engineering","Project":"photo-editor","Purpose":"dead-letter-queue","Terraform":"true"},"timeouts":null,"visibility_timeout_seconds":30},"sensitive_values":{"tags":{},"tags_all":{}}},{"address":"module.sqs.aws_sqs_queue.main","mode":"managed","type":"aws_sqs_queue","name":"main","provider_name":"registry.terraform.io/hashicorp/aws","schema_version":0,"values":{"content_based_deduplication":false,"delay_seconds":0,"fifo_queue":false,"kms_data_key_reuse_period_seconds":300,"max_message_size":262144,"message_retention_seconds":1209600,"name":"photo-editor-dev-queue","receive_wait_time_seconds":0,"tags":{"CostCenter":"product","Environment":"dev","Name":"photo-editor-dev-queue","Owner":"engineering","Project":"photo-editor","Purpose":"image-processing"},"tags_all":{"CostCenter":"product","Environment":"dev","LocalStack":"true","Name":"photo-editor-dev-queue","Owner":"engineering","Project":"photo-editor","Purpose":"image-processing","Terraform":"true"},"timeouts":null,"visibility_timeout_seconds":900},"sensitive_values":{"tags":{},"tags_all":{}}},{"address":"module.sqs.aws_sqs_queue_policy.main","mode":"managed","type":"aws_sqs_queue_policy","name":"main","provider_name":"registry.terraform.io/hashicorp/aws","schema_version":1,"sensitive_values":{}}],"address":"module.sqs"}]}},"resource_drift":[{"address":"aws_api_gateway_integration.download_item_integration","mode":"managed","type":"aws_api_gateway_integration","name":"download_item_integration","provider_name":"registry.terraform.io/hashicorp/aws","change":{"actions":["delete"],"before":{"cache_key_parameters":null,"cache_namespace":"n0sablkxtg","connection_id":"","connection_type":"INTERNET","content_handling":"","credentials":"","http_method":"GET","id":"agi-q0vo3hw9ux-n0sablkxtg-GET","integration_http_method":"POST","passthrough_behavior":"WHEN_NO_MATCH","request_parameters":null,"request_templates":null,"resource_id":"n0sablkxtg","rest_api_id":"q0vo3hw9ux","timeout_milliseconds":29000,"tls_config":[],"type":"AWS_PROXY","uri":"arn:aws:apigateway:us-east-1:lambda:path/2015-03-31/functions/arn:aws:lambda:us-east-1:000000000000:function:photoeditor-dev-download/invocations"},"after":null,"after_unknown":{},"before_sensitive":{"tls_config":[]},"after_sensitive":false}},{"address":"aws_api_gateway_integration.presign_integration","mode":"managed","type":"aws_api_gateway_integration","name":"presign_integration","provider_name":"registry.terraform.io/hashicorp/aws","change":{"actions":["delete"],"before":{"cache_key_parameters":null,"cache_namespace":"huaisfzlch","connection_id":"","connection_type":"INTERNET","content_handling":"","credentials":"","http_method":"POST","id":"agi-q0vo3hw9ux-huaisfzlch-POST","integration_http_method":"POST","passthrough_behavior":"WHEN_NO_MATCH","request_parameters":null,"request_templates":null,"resource_id":"huaisfzlch","rest_api_id":"q0vo3hw9ux","timeout_milliseconds":29000,"tls_config":[],"type":"AWS_PROXY","uri":"arn:aws:apigateway:us-east-1:lambda:path/2015-03-31/functions/arn:aws:lambda:us-east-1:000000000000:function:photoeditor-dev-presign/invocations"},"after":null,"after_unknown":{},"before_sensitive":{"tls_config":[]},"after_sensitive":false}},{"address":"aws_api_gateway_integration.status_integration","mode":"managed","type":"aws_api_gateway_integration","name":"status_integration","provider_name":"registry.terraform.io/hashicorp/aws","change":{"actions":["delete"],"before":{"cache_key_parameters":null,"cache_namespace":"fof62kefpf","connection_id":"","connection_type":"INTERNET","content_handling":"","credentials":"","http_method":"GET","id":"agi-q0vo3hw9ux-fof62kefpf-GET","integration_http_method":"POST","passthrough_behavior":"WHEN_NO_MATCH","request_parameters":null,"request_templates":null,"resource_id":"fof62kefpf","rest_api_id":"q0vo3hw9ux","timeout_milliseconds":29000,"tls_config":[],"type":"AWS_PROXY","uri":"arn:aws:apigateway:us-east-1:lambda:path/2015-03-31/functions/arn:aws:lambda:us-east-1:000000000000:function:photoeditor-dev-status/invocations"},"after":null,"after_unknown":{},"before_sensitive":{"tls_config":[]},"after_sensitive":false}},{"address":"aws_api_gateway_integration.status_item_integration","mode":"managed","type":"aws_api_gateway_integration","name":"status_item_integration","provider_name":"registry.terraform.io/hashicorp/aws","change":{"actions":["delete"],"before":{"cache_key_parameters":null,"cache_namespace":"cklft4eosu","connection_id":"","connection_type":"INTERNET","content_handling":"","credentials":"","http_method":"GET","id":"agi-q0vo3hw9ux-cklft4eosu-GET","integration_http_method":"POST","passthrough_behavior":"WHEN_NO_MATCH","request_parameters":null,"request_templates":null,"resource_id":"cklft4eosu","rest_api_id":"q0vo3hw9ux","timeout_milliseconds":29000,"tls_config":[],"type":"AWS_PROXY","uri":"arn:aws:apigateway:us-east-1:lambda:path/2015-03-31/functions/arn:aws:lambda:us-east-1:000000000000:function:photoeditor-dev-status/invocations"},"after":null,"after_unknown":{},"before_sensitive":{"tls_config":[]},"after_sensitive":false}},{"address":"aws_api_gateway_method.download_item_get","mode":"managed","type":"aws_api_gateway_method","name":"download_item_get","provider_name":"registry.terraform.io/hashicorp/aws","change":{"actions":["delete"],"before":{"api_key_required":false,"authorization":"NONE","authorization_scopes":null,"authorizer_id":null,"http_method":"GET","id":"agm-q0vo3hw9ux-n0sablkxtg-GET","operation_name":null,"request_models":null,"request_parameters":null,"request_validator_id":null,"resource_id":"n0sablkxtg","rest_api_id":"q0vo3hw9ux"},"after":null,"after_unknown":{},"before_sensitive":{},"after_sensitive":false}},{"address":"aws_api_gateway_method.presign_post","mode":"managed","type":"aws_api_gateway_method","name":"presign_post","provider_name":"registry.terraform.io/hashicorp/aws","change":{"actions":["delete"],"before":{"api_key_required":false,"authorization":"NONE","authorization_scopes":null,"authorizer_id":null,"http_method":"POST","id":"agm-q0vo3hw9ux-huaisfzlch-POST","operation_name":null,"request_models":null,"request_parameters":null,"request_validator_id":null,"resource_id":"huaisfzlch","rest_api_id":"q0vo3hw9ux"},"after":null,"after_unknown":{},"before_sensitive":{},"after_sensitive":false}},{"address":"aws_api_gateway_method.status_get","mode":"managed","type":"aws_api_gateway_method","name":"status_get","provider_name":"registry.terraform.io/hashicorp/aws","change":{"actions":["delete"],"before":{"api_key_required":false,"authorization":"NONE","authorization_scopes":null,"authorizer_id":null,"http_method":"GET","id":"agm-q0vo3hw9ux-fof62kefpf-GET","operation_name":null,"request_models":null,"request_parameters":null,"request_validator_id":null,"resource_id":"fof62kefpf","rest_api_id":"q0vo3hw9ux"},"after":null,"after_unknown":{},"before_sensitive":{},"after_sensitive":false}},{"address":"aws_api_gateway_method.status_item_get","mode":"managed","type":"aws_api_gateway_method","name":"status_item_get","provider_name":"registry.terraform.io/hashicorp/aws","change":{"actions":["delete"],"before":{"api_key_required":false,"authorization":"NONE","authorization_scopes":null,"authorizer_id":null,"http_method":"GET","id":"agm-q0vo3hw9ux-cklft4eosu-GET","operation_name":null,"request_models":null,"request_parameters":null,"request_validator_id":null,"resource_id":"cklft4eosu","rest_api_id":"q0vo3hw9ux"},"after":null,"after_unknown":{},"before_sensitive":{},"after_sensitive":false}},{"address":"aws_api_gateway_resource.download","mode":"managed","type":"aws_api_gateway_resource","name":"download","provider_name":"registry.terraform.io/hashicorp/aws","change":{"actions":["delete"],"before":{"id":"3w3qwpzdie","parent_id":"mpihx9kgt2","path":"/download","path_part":"download","rest_api_id":"q0vo3hw9ux"},"after":null,"after_unknown":{},"before_sensitive":{},"after_sensitive":false}},{"address":"aws_api_gateway_resource.download_item","mode":"managed","type":"aws_api_gateway_resource","name":"download_item","provider_name":"registry.terraform.io/hashicorp/aws","change":{"actions":["delete"],"before":{"id":"n0sablkxtg","parent_id":"3w3qwpzdie","path":"/download/{jobId}","path_part":"{jobId}","rest_api_id":"q0vo3hw9ux"},"after":null,"after_unknown":{},"before_sensitive":{},"after_sensitive":false}},{"address":"aws_api_gateway_resource.presign","mode":"managed","type":"aws_api_gateway_resource","name":"presign","provider_name":"registry.terraform.io/hashicorp/aws","change":{"actions":["delete"],"before":{"id":"huaisfzlch","parent_id":"mpihx9kgt2","path":"/presign","path_part":"presign","rest_api_id":"q0vo3hw9ux"},"after":null,"after_unknown":{},"before_sensitive":{},"after_sensitive":false}},{"address":"aws_api_gateway_resource.status","mode":"managed","type":"aws_api_gateway_resource","name":"status","provider_name":"registry.terraform.io/hashicorp/aws","change":{"actions":["delete"],"before":{"id":"fof62kefpf","parent_id":"mpihx9kgt2","path":"/status","path_part":"status","rest_api_id":"q0vo3hw9ux"},"after":null,"after_unknown":{},"before_sensitive":{},"after_sensitive":false}},{"address":"aws_api_gateway_resource.status_item","mode":"managed","type":"aws_api_gateway_resource","name":"status_item","provider_name":"registry.terraform.io/hashicorp/aws","change":{"actions":["delete"],"before":{"id":"cklft4eosu","parent_id":"fof62kefpf","path":"/status/{jobId}","path_part":"{jobId}","rest_api_id":"q0vo3hw9ux"},"after":null,"after_unknown":{},"before_sensitive":{},"after_sensitive":false}},{"address":"aws_api_gateway_rest_api.api","mode":"managed","type":"aws_api_gateway_rest_api","name":"api","provider_name":"registry.terraform.io/hashicorp/aws","change":{"actions":["delete"],"before":{"api_key_source":"HEADER","arn":"arn:aws:apigateway:us-east-1::/restapis/q0vo3hw9ux","binary_media_types":[],"body":null,"created_date":"2025-10-04T02:49:36Z","description":"","disable_execute_api_endpoint":false,"endpoint_configuration":[{"ip_address_type":"","types":["EDGE"],"vpc_endpoint_ids":[]}],"execution_arn":"arn:aws:execute-api:us-east-1::q0vo3hw9ux","fail_on_warnings":null,"id":"q0vo3hw9ux","minimum_compression_size":"","name":"photoeditor-dev-api","parameters":null,"policy":"","put_rest_api_mode":null,"root_resource_id":"mpihx9kgt2","tags":{"Environment":"LocalStack","LocalDev":"true","ManagedBy":"Terraform","Project":"PhotoEditor"},"tags_all":{"Environment":"LocalStack","LocalDev":"true","LocalStack":"true","ManagedBy":"Terraform","Project":"PhotoEditor","Terraform":"true"}},"after":null,"after_unknown":{},"before_sensitive":{"binary_media_types":[],"endpoint_configuration":[{"types":[false],"vpc_endpoint_ids":[]}],"tags":{},"tags_all":{}},"after_sensitive":false}},{"address":"aws_dynamodb_table.jobs","mode":"managed","type":"aws_dynamodb_table","name":"jobs","provider_name":"registry.terraform.io/hashicorp/aws","change":{"actions":["delete"],"before":{"arn":"arn:aws:dynamodb:us-east-1:000000000000:table/photoeditor-dev-jobs","attribute":[{"name":"jobId","type":"S"}],"billing_mode":"PAY_PER_REQUEST","deletion_protection_enabled":false,"global_secondary_index":[],"hash_key":"jobId","id":"photoeditor-dev-jobs","import_table":[],"local_secondary_index":[],"name":"photoeditor-dev-jobs","on_demand_throughput":[],"point_in_time_recovery":[{"enabled":false,"recovery_period_in_days":0}],"range_key":null,"read_capacity":0,"replica":[],"restore_date_time":null,"restore_source_name":null,"restore_source_table_arn":null,"restore_to_latest_time":null,"server_side_encryption":[],"stream_arn":"","stream_enabled":false,"stream_label":"","stream_view_type":"","table_class":"STANDARD","tags":{"Environment":"LocalStack","LocalDev":"true","ManagedBy":"Terraform","Project":"PhotoEditor"},"tags_all":{"Environment":"LocalStack","LocalDev":"true","LocalStack":"true","ManagedBy":"Terraform","Project":"PhotoEditor","Terraform":"true"},"timeouts":null,"ttl":[{"attribute_name":"expires_at","enabled":true}],"write_capacity":0},"after":null,"after_unknown":{},"before_sensitive":{"attribute":[{}],"global_secondary_index":[],"import_table":[],"local_secondary_index":[],"on_demand_throughput":[],"point_in_time_recovery":[{}],"replica":[],"server_side_encryption":[],"tags":{},"tags_all":{},"ttl":[{}]},"after_sensitive":false}},{"address":"aws_dynamodb_table.jobs_batches","mode":"managed","type":"aws_dynamodb_table","name":"jobs_batches","provider_name":"registry.terraform.io/hashicorp/aws","change":{"actions":["delete"],"before":{"arn":"arn:aws:dynamodb:us-east-1:000000000000:table/photoeditor-dev-jobs-batches","attribute":[{"name":"batchJobId","type":"S"}],"billing_mode":"PAY_PER_REQUEST","deletion_protection_enabled":false,"global_secondary_index":[],"hash_key":"batchJobId","id":"photoeditor-dev-jobs-batches","import_table":[],"local_secondary_index":[],"name":"photoeditor-dev-jobs-batches","on_demand_throughput":[],"point_in_time_recovery":[{"enabled":false,"recovery_period_in_days":0}],"range_key":null,"read_capacity":0,"replica":[],"restore_date_time":null,"restore_source_name":null,"restore_source_table_arn":null,"restore_to_latest_time":null,"server_side_encryption":[],"stream_arn":"","stream_enabled":false,"stream_label":"","stream_view_type":"","table_class":"STANDARD","tags":{"Environment":"LocalStack","LocalDev":"true","ManagedBy":"Terraform","Project":"PhotoEditor"},"tags_all":{"Environment":"LocalStack","LocalDev":"true","LocalStack":"true","ManagedBy":"Terraform","Project":"PhotoEditor","Terraform":"true"},"timeouts":null,"ttl":[{"attribute_name":"expires_at","enabled":true}],"write_capacity":0},"after":null,"after_unknown":{},"before_sensitive":{"attribute":[{}],"global_secondary_index":[],"import_table":[],"local_secondary_index":[],"on_demand_throughput":[],"point_in_time_recovery":[{}],"replica":[],"server_side_encryption":[],"tags":{},"tags_all":{},"ttl":[{}]},"after_sensitive":false}},{"address":"aws_iam_role.lambda_execution_role","mode":"managed","type":"aws_iam_role","name":"lambda_execution_role","provider_name":"registry.terraform.io/hashicorp/aws","change":{"actions":["delete"],"before":{"arn":"arn:aws:iam::000000000000:role/photoeditor-dev-lambda-execution-role","assume_role_policy":"{\"Statement\":[{\"Action\":\"sts:AssumeRole\",\"Effect\":\"Allow\",\"Principal\":{\"Service\":\"lambda.amazonaws.com\"}}],\"Version\":\"2012-10-17\"}","create_date":"2025-10-04T02:49:32Z","description":"","force_detach_policies":false,"id":"photoeditor-dev-lambda-execution-role","inline_policy":[],"managed_policy_arns":[],"max_session_duration":3600,"name":"photoeditor-dev-lambda-execution-role","name_prefix":"","path":"/","permissions_boundary":"","tags":{"Environment":"LocalStack","LocalDev":"true","ManagedBy":"Terraform","Project":"PhotoEditor"},"tags_all":{"Environment":"LocalStack","LocalDev":"true","LocalStack":"true","ManagedBy":"Terraform","Project":"PhotoEditor","Terraform":"true"},"unique_id":"AROAQAAAAAAAGV37DXZZR"},"after":null,"after_unknown":{},"before_sensitive":{"inline_policy":[],"managed_policy_arns":[],"tags":{},"tags_all":{}},"after_sensitive":false}},{"address":"aws_lambda_event_source_mapping.sqs_trigger","mode":"managed","type":"aws_lambda_event_source_mapping","name":"sqs_trigger","provider_name":"registry.terraform.io/hashicorp/aws","change":{"actions":["delete"],"before":{"amazon_managed_kafka_event_source_config":[],"arn":"arn:aws:lambda:us-east-1:000000000000:event-source-mapping:1f7cdc10-8770-4a68-8a8b-a0e22865366d","batch_size":1,"bisect_batch_on_function_error":false,"destination_config":[],"document_db_event_source_config":[],"enabled":true,"event_source_arn":"arn:aws:sqs:us-east-1:000000000000:photoeditor-dev-queue","filter_criteria":[],"function_arn":"arn:aws:lambda:us-east-1:000000000000:function:photoeditor-dev-worker","function_name":"arn:aws:lambda:us-east-1:000000000000:function:photoeditor-dev-worker","function_response_types":null,"id":"1f7cdc10-8770-4a68-8a8b-a0e22865366d","kms_key_arn":"","last_modified":"2025-10-04T02:50:36Z","last_processing_result":"","maximum_batching_window_in_seconds":1,"maximum_record_age_in_seconds":0,"maximum_retry_attempts":0,"metrics_config":[],"parallelization_factor":0,"provisioned_poller_config":[],"queues":null,"scaling_config":[],"self_managed_event_source":[],"self_managed_kafka_event_source_config":[],"source_access_configuration":[],"starting_position":"","starting_position_timestamp":"","state":"Enabled","state_transition_reason":"USER_INITIATED","tags":null,"tags_all":{"Environment":"dev","LocalDev":"true","LocalStack":"true","ManagedBy":"Terraform","Project":"PhotoEditor","Terraform":"true"},"topics":null,"tumbling_window_in_seconds":0,"uuid":"1f7cdc10-8770-4a68-8a8b-a0e22865366d"},"after":null,"after_unknown":{},"before_sensitive":{"amazon_managed_kafka_event_source_config":[],"destination_config":[],"document_db_event_source_config":[],"filter_criteria":[],"metrics_config":[],"provisioned_poller_config":[],"scaling_config":[],"self_managed_event_source":[],"self_managed_kafka_event_source_config":[],"source_access_configuration":[],"tags_all":{}},"after_sensitive":false}},{"address":"aws_lambda_function.download","mode":"managed","type":"aws_lambda_function","name":"download","provider_name":"registry.terraform.io/hashicorp/aws","change":{"actions":["delete"],"before":{"architectures":["x86_64"],"arn":"arn:aws:lambda:us-east-1:000000000000:function:photoeditor-dev-download","code_sha256":"Zfl/USbOds1jfHyX94YZFNNxFljFyKrnEKYuqA+o28g=","code_signing_config_arn":"","dead_letter_config":[],"description":"","environment":[{"variables":{"FINAL_BUCKET_NAME":"photoeditor-dev-final-000000000000","JOBS_TABLE_NAME":"photoeditor-dev-jobs","NODE_ENV":"dev","PROJECT_NAME":"photoeditor","TEMP_BUCKET_NAME":"photoeditor-dev-temp-000000000000"}}],"ephemeral_storage":[{"size":512}],"file_system_config":[],"filename":"../backend/dist/lambdas/download/download.zip","function_name":"photoeditor-dev-download","handler":"download.handler","id":"photoeditor-dev-download","image_config":[],"image_uri":"","invoke_arn":"arn:aws:apigateway:us-east-1:lambda:path/2015-03-31/functions/arn:aws:lambda:us-east-1:000000000000:function:photoeditor-dev-download/invocations","kms_key_arn":"","last_modified":"2025-10-04T02:49:35.418019+0000","layers":null,"logging_config":[{"application_log_level":"","log_format":"Text","log_group":"/aws/lambda/photoeditor-dev-download","system_log_level":""}],"memory_size":512,"package_type":"Zip","publish":false,"qualified_arn":"arn:aws:lambda:us-east-1:000000000000:function:photoeditor-dev-download:$LATEST","qualified_invoke_arn":"arn:aws:apigateway:us-east-1:lambda:path/2015-03-31/functions/arn:aws:lambda:us-east-1:000000000000:function:photoeditor-dev-download:$LATEST/invocations","replace_security_groups_on_destroy":null,"replacement_security_group_ids":null,"reserved_concurrent_executions":-1,"role":"arn:aws:iam::000000000000:role/photoeditor-dev-lambda-execution-role","runtime":"nodejs20.x","s3_bucket":null,"s3_key":null,"s3_object_version":null,"signing_job_arn":"","signing_profile_version_arn":"","skip_destroy":false,"snap_start":[],"source_code_hash":"","source_code_size":67180,"tags":{"Environment":"LocalStack","LocalDev":"true","ManagedBy":"Terraform","Project":"PhotoEditor"},"tags_all":{"Environment":"LocalStack","LocalDev":"true","LocalStack":"true","ManagedBy":"Terraform","Project":"PhotoEditor","Terraform":"true"},"timeout":300,"timeouts":null,"tracing_config":[{"mode":"PassThrough"}],"version":"$LATEST","vpc_config":[]},"after":null,"after_unknown":{},"before_sensitive":{"architectures":[false],"dead_letter_config":[],"environment":[{"variables":{}}],"ephemeral_storage":[{}],"file_system_config":[],"image_config":[],"logging_config":[{}],"snap_start":[],"tags":{},"tags_all":{},"tracing_config":[{}],"vpc_config":[]},"after_sensitive":false}},{"address":"aws_lambda_function.presign","mode":"managed","type":"aws_lambda_function","name":"presign","provider_name":"registry.terraform.io/hashicorp/aws","change":{"actions":["delete"],"before":{"architectures":["x86_64"],"arn":"arn:aws:lambda:us-east-1:000000000000:function:photoeditor-dev-presign","code_sha256":"g8bU9HlIzT8heT+TuDZ++cNHkPvKjpHRoKTRG46+etM=","code_signing_config_arn":"","dead_letter_config":[],"description":"","environment":[{"variables":{"FINAL_BUCKET_NAME":"photoeditor-dev-final-000000000000","JOBS_TABLE_NAME":"photoeditor-dev-jobs","NODE_ENV":"dev","PROJECT_NAME":"photoeditor","TEMP_BUCKET_NAME":"photoeditor-dev-temp-000000000000"}}],"ephemeral_storage":[{"size":512}],"file_system_config":[],"filename":"../backend/dist/lambdas/presign/presign.zip","function_name":"photoeditor-dev-presign","handler":"presign.handler","id":"photoeditor-dev-presign","image_config":[],"image_uri":"","invoke_arn":"arn:aws:apigateway:us-east-1:lambda:path/2015-03-31/functions/arn:aws:lambda:us-east-1:000000000000:function:photoeditor-dev-presign/invocations","kms_key_arn":"","last_modified":"2025-10-04T02:49:40.462032+0000","layers":null,"logging_config":[{"application_log_level":"","log_format":"Text","log_group":"/aws/lambda/photoeditor-dev-presign","system_log_level":""}],"memory_size":512,"package_type":"Zip","publish":false,"qualified_arn":"arn:aws:lambda:us-east-1:000000000000:function:photoeditor-dev-presign:$LATEST","qualified_invoke_arn":"arn:aws:apigateway:us-east-1:lambda:path/2015-03-31/functions/arn:aws:lambda:us-east-1:000000000000:function:photoeditor-dev-presign:$LATEST/invocations","replace_security_groups_on_destroy":null,"replacement_security_group_ids":null,"reserved_concurrent_executions":-1,"role":"arn:aws:iam::000000000000:role/photoeditor-dev-lambda-execution-role","runtime":"nodejs20.x","s3_bucket":null,"s3_key":null,"s3_object_version":null,"signing_job_arn":"","signing_profile_version_arn":"","skip_destroy":false,"snap_start":[],"source_code_hash":"","source_code_size":69539,"tags":{"Environment":"LocalStack","LocalDev":"true","ManagedBy":"Terraform","Project":"PhotoEditor"},"tags_all":{"Environment":"LocalStack","LocalDev":"true","LocalStack":"true","ManagedBy":"Terraform","Project":"PhotoEditor","Terraform":"true"},"timeout":300,"timeouts":null,"tracing_config":[{"mode":"PassThrough"}],"version":"$LATEST","vpc_config":[]},"after":null,"after_unknown":{},"before_sensitive":{"architectures":[false],"dead_letter_config":[],"environment":[{"variables":{}}],"ephemeral_storage":[{}],"file_system_config":[],"image_config":[],"logging_config":[{}],"snap_start":[],"tags":{},"tags_all":{},"tracing_config":[{}],"vpc_config":[]},"after_sensitive":false}},{"address":"aws_lambda_function.status","mode":"managed","type":"aws_lambda_function","name":"status","provider_name":"registry.terraform.io/hashicorp/aws","change":{"actions":["delete"],"before":{"architectures":["x86_64"],"arn":"arn:aws:lambda:us-east-1:000000000000:function:photoeditor-dev-status","code_sha256":"c8EZ+rjt+Ytmkx00lbJoxtbObDm6PgIQ5fdeXvAWcMc=","code_signing_config_arn":"","dead_letter_config":[],"description":"","environment":[{"variables":{"JOBS_TABLE_NAME":"photoeditor-dev-jobs","NODE_ENV":"dev","PROJECT_NAME":"photoeditor"}}],"ephemeral_storage":[{"size":512}],"file_system_config":[],"filename":"../backend/dist/lambdas/status/status.zip","function_name":"photoeditor-dev-status","handler":"status.handler","id":"photoeditor-dev-status","image_config":[],"image_uri":"","invoke_arn":"arn:aws:apigateway:us-east-1:lambda:path/2015-03-31/functions/arn:aws:lambda:us-east-1:000000000000:function:photoeditor-dev-status/invocations","kms_key_arn":"","last_modified":"2025-10-04T02:49:45.508313+0000","layers":null,"logging_config":[{"application_log_level":"","log_format":"Text","log_group":"/aws/lambda/photoeditor-dev-status","system_log_level":""}],"memory_size":512,"package_type":"Zip","publish":false,"qualified_arn":"arn:aws:lambda:us-east-1:000000000000:function:photoeditor-dev-status:$LATEST","qualified_invoke_arn":"arn:aws:apigateway:us-east-1:lambda:path/2015-03-31/functions/arn:aws:lambda:us-east-1:000000000000:function:photoeditor-dev-status:$LATEST/invocations","replace_security_groups_on_destroy":null,"replacement_security_group_ids":null,"reserved_concurrent_executions":-1,"role":"arn:aws:iam::000000000000:role/photoeditor-dev-lambda-execution-role","runtime":"nodejs20.x","s3_bucket":null,"s3_key":null,"s3_object_version":null,"signing_job_arn":"","signing_profile_version_arn":"","skip_destroy":false,"snap_start":[],"source_code_hash":"","source_code_size":66108,"tags":{"Environment":"LocalStack","LocalDev":"true","ManagedBy":"Terraform","Project":"PhotoEditor"},"tags_all":{"Environment":"LocalStack","LocalDev":"true","LocalStack":"true","ManagedBy":"Terraform","Project":"PhotoEditor","Terraform":"true"},"timeout":300,"timeouts":null,"tracing_config":[{"mode":"PassThrough"}],"version":"$LATEST","vpc_config":[]},"after":null,"after_unknown":{},"before_sensitive":{"architectures":[false],"dead_letter_config":[],"environment":[{"variables":{}}],"ephemeral_storage":[{}],"file_system_config":[],"image_config":[],"logging_config":[{}],"snap_start":[],"tags":{},"tags_all":{},"tracing_config":[{}],"vpc_config":[]},"after_sensitive":false}},{"address":"aws_lambda_function.worker","mode":"managed","type":"aws_lambda_function","name":"worker","provider_name":"registry.terraform.io/hashicorp/aws","change":{"actions":["delete"],"before":{"architectures":["x86_64"],"arn":"arn:aws:lambda:us-east-1:000000000000:function:photoeditor-dev-worker","code_sha256":"QQQ409tVsBQ2aWNlK/NWQeRuynSqtMuQIvfL4TTrwzw=","code_signing_config_arn":"","dead_letter_config":[],"description":"","environment":[{"variables":{"FINAL_BUCKET_NAME":"photoeditor-dev-final-000000000000","JOBS_TABLE_NAME":"photoeditor-dev-jobs","NODE_ENV":"dev","PROJECT_NAME":"photoeditor","SNS_TOPIC_ARN":"arn:aws:sns:us-east-1:000000000000:photoeditor-dev-notifications","TEMP_BUCKET_NAME":"photoeditor-dev-temp-000000000000"}}],"ephemeral_storage":[{"size":512}],"file_system_config":[],"filename":"../backend/dist/lambdas/worker/worker.zip","function_name":"photoeditor-dev-worker","handler":"worker.handler","id":"photoeditor-dev-worker","image_config":[],"image_uri":"","invoke_arn":"arn:aws:apigateway:us-east-1:lambda:path/2015-03-31/functions/arn:aws:lambda:us-east-1:000000000000:function:photoeditor-dev-worker/invocations","kms_key_arn":"","last_modified":"2025-10-04T02:49:50.560432+0000","layers":null,"logging_config":[{"application_log_level":"","log_format":"Text","log_group":"/aws/lambda/photoeditor-dev-worker","system_log_level":""}],"memory_size":512,"package_type":"Zip","publish":false,"qualified_arn":"arn:aws:lambda:us-east-1:000000000000:function:photoeditor-dev-worker:$LATEST","qualified_invoke_arn":"arn:aws:apigateway:us-east-1:lambda:path/2015-03-31/functions/arn:aws:lambda:us-east-1:000000000000:function:photoeditor-dev-worker:$LATEST/invocations","replace_security_groups_on_destroy":null,"replacement_security_group_ids":null,"reserved_concurrent_executions":-1,"role":"arn:aws:iam::000000000000:role/photoeditor-dev-lambda-execution-role","runtime":"nodejs20.x","s3_bucket":null,"s3_key":null,"s3_object_version":null,"signing_job_arn":"","signing_profile_version_arn":"","skip_destroy":false,"snap_start":[],"source_code_hash":"","source_code_size":70542,"tags":{"Environment":"LocalStack","LocalDev":"true","ManagedBy":"Terraform","Project":"PhotoEditor"},"tags_all":{"Environment":"LocalStack","LocalDev":"true","LocalStack":"true","ManagedBy":"Terraform","Project":"PhotoEditor","Terraform":"true"},"timeout":300,"timeouts":null,"tracing_config":[{"mode":"PassThrough"}],"version":"$LATEST","vpc_config":[]},"after":null,"after_unknown":{},"before_sensitive":{"architectures":[false],"dead_letter_config":[],"environment":[{"variables":{}}],"ephemeral_storage":[{}],"file_system_config":[],"image_config":[],"logging_config":[{}],"snap_start":[],"tags":{},"tags_all":{},"tracing_config":[{}],"vpc_config":[]},"after_sensitive":false}},{"address":"aws_lambda_permission.download_api_gateway","mode":"managed","type":"aws_lambda_permission","name":"download_api_gateway","provider_name":"registry.terraform.io/hashicorp/aws","change":{"actions":["delete"],"before":{"action":"lambda:InvokeFunction","event_source_token":null,"function_name":"photoeditor-dev-download","function_url_auth_type":null,"id":"AllowAPIGatewayInvoke","principal":"apigateway.amazonaws.com","principal_org_id":null,"qualifier":"","source_account":null,"source_arn":"arn:aws:execute-api:us-east-1::q0vo3hw9ux/*/*","statement_id":"AllowAPIGatewayInvoke","statement_id_prefix":""},"after":null,"after_unknown":{},"before_sensitive":{},"after_sensitive":false}},{"address":"aws_lambda_permission.presign_api_gateway","mode":"managed","type":"aws_lambda_permission","name":"presign_api_gateway","provider_name":"registry.terraform.io/hashicorp/aws","change":{"actions":["delete"],"before":{"action":"lambda:InvokeFunction","event_source_token":null,"function_name":"photoeditor-dev-presign","function_url_auth_type":null,"id":"AllowAPIGatewayInvoke","principal":"apigateway.amazonaws.com","principal_org_id":null,"qualifier":"","source_account":null,"source_arn":"arn:aws:execute-api:us-east-1::q0vo3hw9ux/*/*","statement_id":"AllowAPIGatewayInvoke","statement_id_prefix":""},"after":null,"after_unknown":{},"before_sensitive":{},"after_sensitive":false}},{"address":"aws_lambda_permission.status_api_gateway","mode":"managed","type":"aws_lambda_permission","name":"status_api_gateway","provider_name":"registry.terraform.io/hashicorp/aws","change":{"actions":["delete"],"before":{"action":"lambda:InvokeFunction","event_source_token":null,"function_name":"photoeditor-dev-status","function_url_auth_type":null,"id":"AllowAPIGatewayInvoke","principal":"apigateway.amazonaws.com","principal_org_id":null,"qualifier":"","source_account":null,"source_arn":"arn:aws:execute-api:us-east-1::q0vo3hw9ux/*/*","statement_id":"AllowAPIGatewayInvoke","statement_id_prefix":""},"after":null,"after_unknown":{},"before_sensitive":{},"after_sensitive":false}},{"address":"aws_s3_bucket_notification.temp_bucket_notification","mode":"managed","type":"aws_s3_bucket_notification","name":"temp_bucket_notification","provider_name":"registry.terraform.io/hashicorp/aws","change":{"actions":["delete"],"before":{"bucket":"photoeditor-dev-temp-000000000000","eventbridge":false,"id":"photoeditor-dev-temp-000000000000","lambda_function":[],"queue":[{"events":["s3:ObjectCreated:*"],"filter_prefix":"temp/","filter_suffix":"","id":"tf-s3-queue-20251004025101681700000001","queue_arn":"arn:aws:sqs:us-east-1:000000000000:photoeditor-dev-queue"}],"topic":[]},"after":null,"after_unknown":{},"before_sensitive":{"lambda_function":[],"queue":[{"events":[false]}],"topic":[]},"after_sensitive":false}},{"address":"aws_sqs_queue_policy.allow_s3_to_sqs","mode":"managed","type":"aws_sqs_queue_policy","name":"allow_s3_to_sqs","provider_name":"registry.terraform.io/hashicorp/aws","change":{"actions":["delete"],"before":{"id":"http://sqs.us-east-1.localhost:4566/000000000000/photoeditor-dev-queue","policy":"{\"Statement\":[{\"Action\":\"sqs:SendMessage\",\"Condition\":{\"ArnLike\":{\"aws:SourceArn\":\"arn:aws:s3:::photoeditor-dev-temp-000000000000\"}},\"Effect\":\"Allow\",\"Principal\":{\"Service\":\"s3.amazonaws.com\"},\"Resource\":\"arn:aws:sqs:us-east-1:000000000000:photoeditor-dev-queue\",\"Sid\":\"AllowS3SendMessage\"}],\"Version\":\"2012-10-17\"}","queue_url":"http://sqs.us-east-1.localhost:4566/000000000000/photoeditor-dev-queue"},"after":null,"after_unknown":{},"before_sensitive":{},"after_sensitive":false}},{"address":"aws_ssm_parameter.enable_stub_providers","mode":"managed","type":"aws_ssm_parameter","name":"enable_stub_providers","provider_name":"registry.terraform.io/hashicorp/aws","change":{"actions":["delete"],"before":{"allowed_pattern":"","arn":"arn:aws:ssm:us-east-1:000000000000:parameter/photoeditor-dev/providers/enable-stubs","data_type":"text","description":"","has_value_wo":null,"id":"/photoeditor-dev/providers/enable-stubs","insecure_value":null,"key_id":"","name":"/photoeditor-dev/providers/enable-stubs","overwrite":null,"tags":{"Environment":"LocalStack","LocalDev":"true","ManagedBy":"Terraform","Project":"PhotoEditor"},"tags_all":{"Environment":"LocalStack","LocalDev":"true","LocalStack":"true","ManagedBy":"Terraform","Project":"PhotoEditor","Terraform":"true"},"tier":"","type":"String","value":"true","value_wo":null,"value_wo_version":null,"version":1},"after":null,"after_unknown":{},"before_sensitive":{"tags":{},"tags_all":{},"value":true,"value_wo":true},"after_sensitive":false}},{"address":"aws_ssm_parameter.gemini_api_key","mode":"managed","type":"aws_ssm_parameter","name":"gemini_api_key","provider_name":"registry.terraform.io/hashicorp/aws","change":{"actions":["delete"],"before":{"allowed_pattern":"","arn":"arn:aws:ssm:us-east-1:000000000000:parameter/photoeditor-dev/gemini/api-key","data_type":"text","description":"","has_value_wo":null,"id":"/photoeditor-dev/gemini/api-key","insecure_value":null,"key_id":"alias/aws/ssm","name":"/photoeditor-dev/gemini/api-key","overwrite":null,"tags":{"Environment":"LocalStack","LocalDev":"true","ManagedBy":"Terraform","Project":"PhotoEditor"},"tags_all":{"Environment":"LocalStack","LocalDev":"true","LocalStack":"true","ManagedBy":"Terraform","Project":"PhotoEditor","Terraform":"true"},"tier":"","type":"SecureString","value":"test-key","value_wo":null,"value_wo_version":null,"version":1},"after":null,"after_unknown":{},"before_sensitive":{"tags":{},"tags_all":{},"value":true,"value_wo":true},"after_sensitive":false}},{"address":"aws_ssm_parameter.gemini_endpoint","mode":"managed","type":"aws_ssm_parameter","name":"gemini_endpoint","provider_name":"registry.terraform.io/hashicorp/aws","change":{"actions":["delete"],"before":{"allowed_pattern":"","arn":"arn:aws:ssm:us-east-1:000000000000:parameter/photoeditor-dev/gemini/endpoint","data_type":"text","description":"","has_value_wo":null,"id":"/photoeditor-dev/gemini/endpoint","insecure_value":null,"key_id":"","name":"/photoeditor-dev/gemini/endpoint","overwrite":null,"tags":{"Environment":"LocalStack","LocalDev":"true","ManagedBy":"Terraform","Project":"PhotoEditor"},"tags_all":{"Environment":"LocalStack","LocalDev":"true","LocalStack":"true","ManagedBy":"Terraform","Project":"PhotoEditor","Terraform":"true"},"tier":"","type":"String","value":"http://localhost:3001/mock-gemini","value_wo":null,"value_wo_version":null,"version":1},"after":null,"after_unknown":{},"before_sensitive":{"tags":{},"tags_all":{},"value":true,"value_wo":true},"after_sensitive":false}},{"address":"aws_ssm_parameter.seedream_api_key","mode":"managed","type":"aws_ssm_parameter","name":"seedream_api_key","provider_name":"registry.terraform.io/hashicorp/aws","change":{"actions":["delete"],"before":{"allowed_pattern":"","arn":"arn:aws:ssm:us-east-1:000000000000:parameter/photoeditor-dev/seedream/api-key","data_type":"text","description":"","has_value_wo":null,"id":"/photoeditor-dev/seedream/api-key","insecure_value":null,"key_id":"alias/aws/ssm","name":"/photoeditor-dev/seedream/api-key","overwrite":null,"tags":{"Environment":"LocalStack","LocalDev":"true","ManagedBy":"Terraform","Project":"PhotoEditor"},"tags_all":{"Environment":"LocalStack","LocalDev":"true","LocalStack":"true","ManagedBy":"Terraform","Project":"PhotoEditor","Terraform":"true"},"tier":"","type":"SecureString","value":"test-key","value_wo":null,"value_wo_version":null,"version":1},"after":null,"after_unknown":{},"before_sensitive":{"tags":{},"tags_all":{},"value":true,"value_wo":true},"after_sensitive":false}},{"address":"aws_ssm_parameter.seedream_endpoint","mode":"managed","type":"aws_ssm_parameter","name":"seedream_endpoint","provider_name":"registry.terraform.io/hashicorp/aws","change":{"actions":["delete"],"before":{"allowed_pattern":"","arn":"arn:aws:ssm:us-east-1:000000000000:parameter/photoeditor-dev/seedream/endpoint","data_type":"text","description":"","has_value_wo":null,"id":"/photoeditor-dev/seedream/endpoint","insecure_value":null,"key_id":"","name":"/photoeditor-dev/seedream/endpoint","overwrite":null,"tags":{"Environment":"LocalStack","LocalDev":"true","ManagedBy":"Terraform","Project":"PhotoEditor"},"tags_all":{"Environment":"LocalStack","LocalDev":"true","LocalStack":"true","ManagedBy":"Terraform","Project":"PhotoEditor","Terraform":"true"},"tier":"","type":"String","value":"http://localhost:3001/mock-seedream","value_wo":null,"value_wo_version":null,"version":1},"after":null,"after_unknown":{},"before_sensitive":{"tags":{},"tags_all":{},"value":true,"value_wo":true},"after_sensitive":false}},{"address":"module.kms.aws_kms_alias.main","module_address":"module.kms","mode":"managed","type":"aws_kms_alias","name":"main","provider_name":"registry.terraform.io/hashicorp/aws","change":{"actions":["delete"],"before":{"arn":"arn:aws:kms:us-east-1:000000000000:alias/photoeditor-dev","id":"alias/photoeditor-dev","name":"alias/photoeditor-dev","name_prefix":"","target_key_arn":"arn:aws:kms:us-east-1:000000000000:key/279e351f-37c5-4c32-9b13-e86e82f5eb82","target_key_id":"279e351f-37c5-4c32-9b13-e86e82f5eb82"},"after":null,"after_unknown":{},"before_sensitive":{},"after_sensitive":false}},{"address":"module.kms.aws_kms_key.main","module_address":"module.kms","mode":"managed","type":"aws_kms_key","name":"main","provider_name":"registry.terraform.io/hashicorp/aws","change":{"actions":["delete"],"before":{"arn":"arn:aws:kms:us-east-1:000000000000:key/279e351f-37c5-4c32-9b13-e86e82f5eb82","bypass_policy_lockout_safety_check":false,"custom_key_store_id":"","customer_master_key_spec":"SYMMETRIC_DEFAULT","deletion_window_in_days":7,"description":"KMS key for photoeditor-dev photo editor","enable_key_rotation":true,"id":"279e351f-37c5-4c32-9b13-e86e82f5eb82","is_enabled":true,"key_id":"279e351f-37c5-4c32-9b13-e86e82f5eb82","key_usage":"ENCRYPT_DECRYPT","multi_region":false,"policy":"{\"Id\":\"key-policy-photoeditor-dev\",\"Statement\":[{\"Action\":\"kms:*\",\"Effect\":\"Allow\",\"Principal\":{\"AWS\":\"arn:aws:iam::000000000000:root\"},\"Resource\":\"*\",\"Sid\":\"Enable IAM User Permissions\"},{\"Action\":[\"kms:Encrypt\",\"kms:Decrypt\",\"kms:ReEncrypt*\",\"kms:GenerateDataKey*\",\"kms:DescribeKey\"],\"Effect\":\"Allow\",\"Principal\":{\"Service\":[\"s3.amazonaws.com\",\"dynamodb.amazonaws.com\",\"sqs.amazonaws.com\",\"sns.amazonaws.com\",\"lambda.amazonaws.com\"]},\"Resource\":\"*\",\"Sid\":\"Allow use of the key for encryption/decryption\"}],\"Version\":\"2012-10-17\"}","rotation_period_in_days":0,"tags":{"Environment":"LocalStack","LocalDev":"true","ManagedBy":"Terraform","Name":"photoeditor-dev-kms-key","Project":"PhotoEditor"},"tags_all":{"Environment":"LocalStack","LocalDev":"true","LocalStack":"true","ManagedBy":"Terraform","Name":"photoeditor-dev-kms-key","Project":"PhotoEditor","Terraform":"true"},"timeouts":null,"xks_key_id":""},"after":null,"after_unknown":{},"before_sensitive":{"tags":{},"tags_all":{}},"after_sensitive":false}},{"address":"module.s3.aws_s3_bucket.access_logs","module_address":"module.s3","mode":"managed","type":"aws_s3_bucket","name":"access_logs","provider_name":"registry.terraform.io/hashicorp/aws","change":{"actions":["delete"],"before":{"acceleration_status":"","acl":null,"arn":"arn:aws:s3:::photoeditor-dev-access-logs-000000000000","bucket":"photoeditor-dev-access-logs-000000000000","bucket_domain_name":"photoeditor-dev-access-logs-000000000000.s3.amazonaws.com","bucket_prefix":"","bucket_regional_domain_name":"photoeditor-dev-access-logs-000000000000.s3.us-east-1.amazonaws.com","cors_rule":[],"force_destroy":false,"grant":[{"id":"75aa57f09aa0c8caeab4f8c24e99d10f8e7faeebf76c078efc7c6caea54ba06a","permissions":["FULL_CONTROL"],"type":"CanonicalUser","uri":""}],"hosted_zone_id":"Z3AQBSTGFYJSTF","id":"photoeditor-dev-access-logs-000000000000","lifecycle_rule":[],"logging":[],"object_lock_configuration":[],"object_lock_enabled":false,"policy":"","region":"us-east-1","replication_configuration":[],"request_payer":"BucketOwner","server_side_encryption_configuration":[{"rule":[{"apply_server_side_encryption_by_default":[{"kms_master_key_id":"","sse_algorithm":"AES256"}],"bucket_key_enabled":false}]}],"tags":{"Environment":"dev","LocalDev":"true","ManagedBy":"Terraform","Name":"photoeditor-dev-access-logs","Project":"PhotoEditor","Purpose":"access-logs"},"tags_all":{"Environment":"dev","LocalDev":"true","LocalStack":"true","ManagedBy":"Terraform","Name":"photoeditor-dev-access-logs","Project":"PhotoEditor","Purpose":"access-logs","Terraform":"true"},"timeouts":null,"versioning":[{"enabled":false,"mfa_delete":false}],"website":[],"website_domain":null,"website_endpoint":null},"after":null,"after_unknown":{},"before_sensitive":{"cors_rule":[],"grant":[{"permissions":[false]}],"lifecycle_rule":[],"logging":[],"object_lock_configuration":[],"replication_configuration":[],"server_side_encryption_configuration":[{"rule":[{"apply_server_side_encryption_by_default":[{}]}]}],"tags":{},"tags_all":{},"versioning":[{}],"website":[]},"after_sensitive":false}},{"address":"module.s3.aws_s3_bucket.final","module_address":"module.s3","mode":"managed","type":"aws_s3_bucket","name":"final","provider_name":"registry.terraform.io/hashicorp/aws","change":{"actions":["delete"],"before":{"acceleration_status":"","acl":null,"arn":"arn:aws:s3:::photoeditor-dev-final-000000000000","bucket":"photoeditor-dev-final-000000000000","bucket_domain_name":"photoeditor-dev-final-000000000000.s3.amazonaws.com","bucket_prefix":"","bucket_regional_domain_name":"photoeditor-dev-final-000000000000.s3.us-east-1.amazonaws.com","cors_rule":[],"force_destroy":false,"grant":[{"id":"75aa57f09aa0c8caeab4f8c24e99d10f8e7faeebf76c078efc7c6caea54ba06a","permissions":["FULL_CONTROL"],"type":"CanonicalUser","uri":""}],"hosted_zone_id":"Z3AQBSTGFYJSTF","id":"photoeditor-dev-final-000000000000","lifecycle_rule":[],"logging":[],"object_lock_configuration":[],"object_lock_enabled":false,"policy":"","region":"us-east-1","replication_configuration":[],"request_payer":"BucketOwner","server_side_encryption_configuration":[{"rule":[{"apply_server_side_encryption_by_default":[{"kms_master_key_id":"","sse_algorithm":"AES256"}],"bucket_key_enabled":false}]}],"tags":{"Environment":"dev","LocalDev":"true","ManagedBy":"Terraform","Name":"photoeditor-dev-final-000000000000","Project":"PhotoEditor","Purpose":"processed-images"},"tags_all":{"Environment":"dev","LocalDev":"true","LocalStack":"true","ManagedBy":"Terraform","Name":"photoeditor-dev-final-000000000000","Project":"PhotoEditor","Purpose":"processed-images","Terraform":"true"},"timeouts":null,"versioning":[{"enabled":false,"mfa_delete":false}],"website":[],"website_domain":null,"website_endpoint":null},"after":null,"after_unknown":{},"before_sensitive":{"cors_rule":[],"grant":[{"permissions":[false]}],"lifecycle_rule":[],"logging":[],"object_lock_configuration":[],"replication_configuration":[],"server_side_encryption_configuration":[{"rule":[{"apply_server_side_encryption_by_default":[{}]}]}],"tags":{},"tags_all":{},"versioning":[{}],"website":[]},"after_sensitive":false}},{"address":"module.s3.aws_s3_bucket.temp","module_address":"module.s3","mode":"managed","type":"aws_s3_bucket","name":"temp","provider_name":"registry.terraform.io/hashicorp/aws","change":{"actions":["delete"],"before":{"acceleration_status":"","acl":null,"arn":"arn:aws:s3:::photoeditor-dev-temp-000000000000","bucket":"photoeditor-dev-temp-000000000000","bucket_domain_name":"photoeditor-dev-temp-000000000000.s3.amazonaws.com","bucket_prefix":"","bucket_regional_domain_name":"photoeditor-dev-temp-000000000000.s3.us-east-1.amazonaws.com","cors_rule":[],"force_destroy":false,"grant":[{"id":"75aa57f09aa0c8caeab4f8c24e99d10f8e7faeebf76c078efc7c6caea54ba06a","permissions":["FULL_CONTROL"],"type":"CanonicalUser","uri":""}],"hosted_zone_id":"Z3AQBSTGFYJSTF","id":"photoeditor-dev-temp-000000000000","lifecycle_rule":[],"logging":[],"object_lock_configuration":[],"object_lock_enabled":false,"policy":"","region":"us-east-1","replication_configuration":[],"request_payer":"BucketOwner","server_side_encryption_configuration":[{"rule":[{"apply_server_side_encryption_by_default":[{"kms_master_key_id":"","sse_algorithm":"AES256"}],"bucket_key_enabled":false}]}],"tags":{"Environment":"dev","LocalDev":"true","ManagedBy":"Terraform","Name":"photoeditor-dev-temp-000000000000","Project":"PhotoEditor","Purpose":"temporary-uploads"},"tags_all":{"Environment":"dev","LocalDev":"true","LocalStack":"true","ManagedBy":"Terraform","Name":"photoeditor-dev-temp-000000000000","Project":"PhotoEditor","Purpose":"temporary-uploads","Terraform":"true"},"timeouts":null,"versioning":[{"enabled":false,"mfa_delete":false}],"website":[],"website_domain":null,"website_endpoint":null},"after":null,"after_unknown":{},"before_sensitive":{"cors_rule":[],"grant":[{"permissions":[false]}],"lifecycle_rule":[],"logging":[],"object_lock_configuration":[],"replication_configuration":[],"server_side_encryption_configuration":[{"rule":[{"apply_server_side_encryption_by_default":[{}]}]}],"tags":{},"tags_all":{},"versioning":[{}],"website":[]},"after_sensitive":false}},{"address":"module.s3.aws_s3_bucket_cors_configuration.temp","module_address":"module.s3","mode":"managed","type":"aws_s3_bucket_cors_configuration","name":"temp","provider_name":"registry.terraform.io/hashicorp/aws","change":{"actions":["delete"],"before":{"bucket":"photoeditor-dev-temp-000000000000","cors_rule":[{"allowed_headers":["*"],"allowed_methods":["POST","PUT"],"allowed_origins":["*"],"expose_headers":["ETag"],"id":"","max_age_seconds":3000}],"expected_bucket_owner":"","id":"photoeditor-dev-temp-000000000000"},"after":null,"after_unknown":{},"before_sensitive":{"cors_rule":[{"allowed_headers":[false],"allowed_methods":[false,false],"allowed_origins":[false],"expose_headers":[false]}]},"after_sensitive":false}},{"address":"module.s3.aws_s3_bucket_logging.final","module_address":"module.s3","mode":"managed","type":"aws_s3_bucket_logging","name":"final","provider_name":"registry.terraform.io/hashicorp/aws","change":{"actions":["delete"],"before":{"bucket":"photoeditor-dev-final-000000000000","expected_bucket_owner":"","id":"photoeditor-dev-final-000000000000","target_bucket":"photoeditor-dev-access-logs-000000000000","target_grant":[],"target_object_key_format":[],"target_prefix":"final-bucket-logs/"},"after":null,"after_unknown":{},"before_sensitive":{"target_grant":[],"target_object_key_format":[]},"after_sensitive":false}},{"address":"module.s3.aws_s3_bucket_logging.temp","module_address":"module.s3","mode":"managed","type":"aws_s3_bucket_logging","name":"temp","provider_name":"registry.terraform.io/hashicorp/aws","change":{"actions":["delete"],"before":{"bucket":"photoeditor-dev-temp-000000000000","expected_bucket_owner":"","id":"photoeditor-dev-temp-000000000000","target_bucket":"photoeditor-dev-access-logs-000000000000","target_grant":[],"target_object_key_format":[],"target_prefix":"temp-bucket-logs/"},"after":null,"after_unknown":{},"before_sensitive":{"target_grant":[],"target_object_key_format":[]},"after_sensitive":false}},{"address":"module.s3.aws_s3_bucket_public_access_block.access_logs","module_address":"module.s3","mode":"managed","type":"aws_s3_bucket_public_access_block","name":"access_logs","provider_name":"registry.terraform.io/hashicorp/aws","change":{"actions":["delete"],"before":{"block_public_acls":true,"block_public_policy":true,"bucket":"photoeditor-dev-access-logs-000000000000","id":"photoeditor-dev-access-logs-000000000000","ignore_public_acls":true,"restrict_public_buckets":true},"after":null,"after_unknown":{},"before_sensitive":{},"after_sensitive":false}},{"address":"module.s3.aws_s3_bucket_public_access_block.final","module_address":"module.s3","mode":"managed","type":"aws_s3_bucket_public_access_block","name":"final","provider_name":"registry.terraform.io/hashicorp/aws","change":{"actions":["delete"],"before":{"block_public_acls":true,"block_public_policy":true,"bucket":"photoeditor-dev-final-000000000000","id":"photoeditor-dev-final-000000000000","ignore_public_acls":true,"restrict_public_buckets":true},"after":null,"after_unknown":{},"before_sensitive":{},"after_sensitive":false}},{"address":"module.s3.aws_s3_bucket_public_access_block.temp","module_address":"module.s3","mode":"managed","type":"aws_s3_bucket_public_access_block","name":"temp","provider_name":"registry.terraform.io/hashicorp/aws","change":{"actions":["delete"],"before":{"block_public_acls":true,"block_public_policy":true,"bucket":"photoeditor-dev-temp-000000000000","id":"photoeditor-dev-temp-000000000000","ignore_public_acls":true,"restrict_public_buckets":true},"after":null,"after_unknown":{},"before_sensitive":{},"after_sensitive":false}},{"address":"module.s3.aws_s3_bucket_server_side_encryption_configuration.final","module_address":"module.s3","mode":"managed","type":"aws_s3_bucket_server_side_encryption_configuration","name":"final","provider_name":"registry.terraform.io/hashicorp/aws","change":{"actions":["delete"],"before":{"bucket":"photoeditor-dev-final-000000000000","expected_bucket_owner":"","id":"photoeditor-dev-final-000000000000","rule":[{"apply_server_side_encryption_by_default":[{"kms_master_key_id":"279e351f-37c5-4c32-9b13-e86e82f5eb82","sse_algorithm":"aws:kms"}],"bucket_key_enabled":true}]},"after":null,"after_unknown":{},"before_sensitive":{"rule":[{"apply_server_side_encryption_by_default":[{}]}]},"after_sensitive":false}},{"address":"module.s3.aws_s3_bucket_server_side_encryption_configuration.temp","module_address":"module.s3","mode":"managed","type":"aws_s3_bucket_server_side_encryption_configuration","name":"temp","provider_name":"registry.terraform.io/hashicorp/aws","change":{"actions":["delete"],"before":{"bucket":"photoeditor-dev-temp-000000000000","expected_bucket_owner":"","id":"photoeditor-dev-temp-000000000000","rule":[{"apply_server_side_encryption_by_default":[{"kms_master_key_id":"","sse_algorithm":"AES256"}],"bucket_key_enabled":true}]},"after":null,"after_unknown":{},"before_sensitive":{"rule":[{"apply_server_side_encryption_by_default":[{}]}]},"after_sensitive":false}},{"address":"module.s3.aws_s3_bucket_versioning.final","module_address":"module.s3","mode":"managed","type":"aws_s3_bucket_versioning","name":"final","provider_name":"registry.terraform.io/hashicorp/aws","change":{"actions":["delete"],"before":{"bucket":"photoeditor-dev-final-000000000000","expected_bucket_owner":"","id":"photoeditor-dev-final-000000000000","mfa":null,"versioning_configuration":[{"mfa_delete":"","status":"Enabled"}]},"after":null,"after_unknown":{},"before_sensitive":{"versioning_configuration":[{}]},"after_sensitive":false}},{"address":"module.sns.aws_sns_topic.notifications","module_address":"module.sns","mode":"managed","type":"aws_sns_topic","name":"notifications","provider_name":"registry.terraform.io/hashicorp/aws","change":{"actions":["delete"],"before":{"application_failure_feedback_role_arn":"","application_success_feedback_role_arn":"","application_success_feedback_sample_rate":0,"archive_policy":"","arn":"arn:aws:sns:us-east-1:000000000000:photoeditor-dev-notifications","beginning_archive_time":"","content_based_deduplication":false,"delivery_policy":"{\"http\":{\"defaultHealthyRetryPolicy\":{\"backoffFunction\":\"linear\",\"maxDelayTarget\":20,\"minDelayTarget\":20,\"numMaxDelayRetries\":0,\"numMinDelayRetries\":0,\"numNoDelayRetries\":0,\"numRetries\":3},\"disableSubscriptionOverrides\":false}}","display_name":"","fifo_throughput_scope":"","fifo_topic":false,"firehose_failure_feedback_role_arn":"","firehose_success_feedback_role_arn":"","firehose_success_feedback_sample_rate":0,"http_failure_feedback_role_arn":"","http_success_feedback_role_arn":"","http_success_feedback_sample_rate":0,"id":"arn:aws:sns:us-east-1:000000000000:photoeditor-dev-notifications","kms_master_key_id":"279e351f-37c5-4c32-9b13-e86e82f5eb82","lambda_failure_feedback_role_arn":"","lambda_success_feedback_role_arn":"","lambda_success_feedback_sample_rate":0,"name":"photoeditor-dev-notifications","name_prefix":"","owner":"000000000000","policy":"{\"Id\":\"__default_policy_ID\",\"Statement\":[{\"Action\":[\"SNS:GetTopicAttributes\",\"SNS:SetTopicAttributes\",\"SNS:AddPermission\",\"SNS:RemovePermission\",\"SNS:DeleteTopic\",\"SNS:Subscribe\",\"SNS:ListSubscriptionsByTopic\",\"SNS:Publish\",\"SNS:Receive\"],\"Condition\":{\"StringEquals\":{\"AWS:SourceOwner\":\"000000000000\"}},\"Effect\":\"Allow\",\"Principal\":{\"AWS\":\"*\"},\"Resource\":\"arn:aws:sns:us-east-1:000000000000:photoeditor-dev-notifications\",\"Sid\":\"__default_statement_ID\"}],\"Version\":\"2008-10-17\"}","signature_version":0,"sqs_failure_feedback_role_arn":"","sqs_success_feedback_role_arn":"","sqs_success_feedback_sample_rate":0,"tags":{"Environment":"dev","LocalDev":"true","ManagedBy":"Terraform","Name":"photoeditor-dev-notifications","Project":"PhotoEditor","Purpose":"push-notifications"},"tags_all":{"Environment":"dev","LocalDev":"true","LocalStack":"true","ManagedBy":"Terraform","Name":"photoeditor-dev-notifications","Project":"PhotoEditor","Purpose":"push-notifications","Terraform":"true"},"tracing_config":""},"after":null,"after_unknown":{},"before_sensitive":{"tags":{},"tags_all":{}},"after_sensitive":false}},{"address":"module.sns.aws_sns_topic_policy.notifications","module_address":"module.sns","mode":"managed","type":"aws_sns_topic_policy","name":"notifications","provider_name":"registry.terraform.io/hashicorp/aws","change":{"actions":["delete"],"before":{"arn":"arn:aws:sns:us-east-1:000000000000:photoeditor-dev-notifications","id":"arn:aws:sns:us-east-1:000000000000:photoeditor-dev-notifications","owner":"000000000000","policy":"{\"Id\":\"SNSTopicPolicy\",\"Statement\":[{\"Action\":\"sns:Publish\",\"Condition\":{\"StringEquals\":{\"aws:SourceAccount\":\"000000000000\"}},\"Effect\":\"Allow\",\"Principal\":{\"Service\":\"lambda.amazonaws.com\"},\"Resource\":\"arn:aws:sns:us-east-1:000000000000:photoeditor-dev-notifications\",\"Sid\":\"AllowLambdaToPublish\"}],\"Version\":\"2012-10-17\"}"},"after":null,"after_unknown":{},"before_sensitive":{},"after_sensitive":false}},{"address":"module.sqs.aws_sqs_queue.dlq","module_address":"module.sqs","mode":"managed","type":"aws_sqs_queue","name":"dlq","provider_name":"registry.terraform.io/hashicorp/aws","change":{"actions":["delete"],"before":{"arn":"arn:aws:sqs:us-east-1:000000000000:photoeditor-dev-dlq","content_based_deduplication":false,"deduplication_scope":"","delay_seconds":0,"fifo_queue":false,"fifo_throughput_limit":"","id":"http://sqs.us-east-1.localhost:4566/000000000000/photoeditor-dev-dlq","kms_data_key_reuse_period_seconds":300,"kms_master_key_id":"279e351f-37c5-4c32-9b13-e86e82f5eb82","max_message_size":262144,"message_retention_seconds":1209600,"name":"photoeditor-dev-dlq","name_prefix":"","policy":"","receive_wait_time_seconds":0,"redrive_allow_policy":"","redrive_policy":"","sqs_managed_sse_enabled":true,"tags":{"Environment":"dev","LocalDev":"true","ManagedBy":"Terraform","Name":"photoeditor-dev-dlq","Project":"PhotoEditor","Purpose":"dead-letter-queue"},"tags_all":{"Environment":"dev","LocalDev":"true","LocalStack":"true","ManagedBy":"Terraform","Name":"photoeditor-dev-dlq","Project":"PhotoEditor","Purpose":"dead-letter-queue","Terraform":"true"},"timeouts":null,"url":"http://sqs.us-east-1.localhost:4566/000000000000/photoeditor-dev-dlq","visibility_timeout_seconds":30},"after":null,"after_unknown":{},"before_sensitive":{"tags":{},"tags_all":{}},"after_sensitive":false}},{"address":"module.sqs.aws_sqs_queue.main","module_address":"module.sqs","mode":"managed","type":"aws_sqs_queue","name":"main","provider_name":"registry.terraform.io/hashicorp/aws","change":{"actions":["delete"],"before":{"arn":"arn:aws:sqs:us-east-1:000000000000:photoeditor-dev-queue","content_based_deduplication":false,"deduplication_scope":"","delay_seconds":0,"fifo_queue":false,"fifo_throughput_limit":"","id":"http://sqs.us-east-1.localhost:4566/000000000000/photoeditor-dev-queue","kms_data_key_reuse_period_seconds":300,"kms_master_key_id":"279e351f-37c5-4c32-9b13-e86e82f5eb82","max_message_size":262144,"message_retention_seconds":1209600,"name":"photoeditor-dev-queue","name_prefix":"","policy":"","receive_wait_time_seconds":0,"redrive_allow_policy":"","redrive_policy":"{\"deadLetterTargetArn\":\"arn:aws:sqs:us-east-1:000000000000:photoeditor-dev-dlq\",\"maxReceiveCount\":3}","sqs_managed_sse_enabled":true,"tags":{"Environment":"dev","LocalDev":"true","ManagedBy":"Terraform","Name":"photoeditor-dev-queue","Project":"PhotoEditor","Purpose":"image-processing"},"tags_all":{"Environment":"dev","LocalDev":"true","LocalStack":"true","ManagedBy":"Terraform","Name":"photoeditor-dev-queue","Project":"PhotoEditor","Purpose":"image-processing","Terraform":"true"},"timeouts":null,"url":"http://sqs.us-east-1.localhost:4566/000000000000/photoeditor-dev-queue","visibility_timeout_seconds":300},"after":null,"after_unknown":{},"before_sensitive":{"tags":{},"tags_all":{}},"after_sensitive":false}},{"address":"module.sqs.aws_sqs_queue_policy.main","module_address":"module.sqs","mode":"managed","type":"aws_sqs_queue_policy","name":"main","provider_name":"registry.terraform.io/hashicorp/aws","change":{"actions":["delete"],"before":{"id":"http://sqs.us-east-1.localhost:4566/000000000000/photoeditor-dev-queue","policy":"{\"Id\":\"SQSDefaultPolicy\",\"Statement\":[{\"Action\":\"sqs:SendMessage\",\"Condition\":{\"ArnEquals\":{\"aws:SourceArn\":\"arn:aws:s3:::photoeditor-dev-temp-000000000000\"}},\"Effect\":\"Allow\",\"Principal\":{\"Service\":\"s3.amazonaws.com\"},\"Resource\":\"arn:aws:sqs:us-east-1:000000000000:photoeditor-dev-queue\",\"Sid\":\"AllowS3ToSendMessage\"}],\"Version\":\"2012-10-17\"}","queue_url":"http://sqs.us-east-1.localhost:4566/000000000000/photoeditor-dev-queue"},"after":null,"after_unknown":{},"before_sensitive":{},"after_sensitive":false}}],"resource_changes":[{"address":"aws_api_gateway_account.main","mode":"managed","type":"aws_api_gateway_account","name":"main","provider_name":"registry.terraform.io/hashicorp/aws","change":{"actions":["create"],"before":null,"after":{"reset_on_delete":null},"after_unknown":{"api_key_version":true,"cloudwatch_role_arn":true,"features":true,"id":true,"throttle_settings":true},"before_sensitive":false,"after_sensitive":{"features":[],"throttle_settings":[]}}},{"address":"aws_api_gateway_integration.download_item_integration","mode":"managed","type":"aws_api_gateway_integration","name":"download_item_integration","provider_name":"registry.terraform.io/hashicorp/aws","change":{"actions":["create"],"before":null,"after":{"cache_key_parameters":null,"connection_id":null,"connection_type":"INTERNET","content_handling":null,"credentials":null,"http_method":"GET","integration_http_method":"POST","request_parameters":null,"request_templates":null,"timeout_milliseconds":29000,"tls_config":[],"type":"AWS_PROXY"},"after_unknown":{"cache_namespace":true,"id":true,"passthrough_behavior":true,"resource_id":true,"rest_api_id":true,"tls_config":[],"uri":true},"before_sensitive":false,"after_sensitive":{"tls_config":[]}}},{"address":"aws_api_gateway_integration.presign_integration","mode":"managed","type":"aws_api_gateway_integration","name":"presign_integration","provider_name":"registry.terraform.io/hashicorp/aws","change":{"actions":["create"],"before":null,"after":{"cache_key_parameters":null,"connection_id":null,"connection_type":"INTERNET","content_handling":null,"credentials":null,"http_method":"POST","integration_http_method":"POST","request_parameters":null,"request_templates":null,"timeout_milliseconds":29000,"tls_config":[],"type":"AWS_PROXY"},"after_unknown":{"cache_namespace":true,"id":true,"passthrough_behavior":true,"resource_id":true,"rest_api_id":true,"tls_config":[],"uri":true},"before_sensitive":false,"after_sensitive":{"tls_config":[]}}},{"address":"aws_api_gateway_integration.status_integration","mode":"managed","type":"aws_api_gateway_integration","name":"status_integration","provider_name":"registry.terraform.io/hashicorp/aws","change":{"actions":["create"],"before":null,"after":{"cache_key_parameters":null,"connection_id":null,"connection_type":"INTERNET","content_handling":null,"credentials":null,"http_method":"GET","integration_http_method":"POST","request_parameters":null,"request_templates":null,"timeout_milliseconds":29000,"tls_config":[],"type":"AWS_PROXY"},"after_unknown":{"cache_namespace":true,"id":true,"passthrough_behavior":true,"resource_id":true,"rest_api_id":true,"tls_config":[],"uri":true},"before_sensitive":false,"after_sensitive":{"tls_config":[]}}},{"address":"aws_api_gateway_integration.status_item_integration","mode":"managed","type":"aws_api_gateway_integration","name":"status_item_integration","provider_name":"registry.terraform.io/hashicorp/aws","change":{"actions":["create"],"before":null,"after":{"cache_key_parameters":null,"connection_id":null,"connection_type":"INTERNET","content_handling":null,"credentials":null,"http_method":"GET","integration_http_method":"POST","request_parameters":null,"request_templates":null,"timeout_milliseconds":29000,"tls_config":[],"type":"AWS_PROXY"},"after_unknown":{"cache_namespace":true,"id":true,"passthrough_behavior":true,"resource_id":true,"rest_api_id":true,"tls_config":[],"uri":true},"before_sensitive":false,"after_sensitive":{"tls_config":[]}}},{"address":"aws_api_gateway_method.device_tokens_delete","mode":"managed","type":"aws_api_gateway_method","name":"device_tokens_delete","provider_name":"registry.terraform.io/hashicorp/aws","change":{"actions":["create"],"before":null,"after":{"api_key_required":false,"authorization":"NONE","authorization_scopes":null,"authorizer_id":null,"http_method":"DELETE","operation_name":null,"request_models":null,"request_parameters":null,"request_validator_id":null},"after_unknown":{"id":true,"resource_id":true,"rest_api_id":true},"before_sensitive":false,"after_sensitive":{}}},{"address":"aws_api_gateway_method.device_tokens_post","mode":"managed","type":"aws_api_gateway_method","name":"device_tokens_post","provider_name":"registry.terraform.io/hashicorp/aws","change":{"actions":["create"],"before":null,"after":{"api_key_required":false,"authorization":"NONE","authorization_scopes":null,"authorizer_id":null,"http_method":"POST","operation_name":null,"request_models":null,"request_parameters":null,"request_validator_id":null},"after_unknown":{"id":true,"resource_id":true,"rest_api_id":true},"before_sensitive":false,"after_sensitive":{}}},{"address":"aws_api_gateway_method.download_item_get","mode":"managed","type":"aws_api_gateway_method","name":"download_item_get","provider_name":"registry.terraform.io/hashicorp/aws","change":{"actions":["create"],"before":null,"after":{"api_key_required":false,"authorization":"NONE","authorization_scopes":null,"authorizer_id":null,"http_method":"GET","operation_name":null,"request_models":null,"request_parameters":null,"request_validator_id":null},"after_unknown":{"id":true,"resource_id":true,"rest_api_id":true},"before_sensitive":false,"after_sensitive":{}}},{"address":"aws_api_gateway_method.presign_post","mode":"managed","type":"aws_api_gateway_method","name":"presign_post","provider_name":"registry.terraform.io/hashicorp/aws","change":{"actions":["create"],"before":null,"after":{"api_key_required":false,"authorization":"NONE","authorization_scopes":null,"authorizer_id":null,"http_method":"POST","operation_name":null,"request_models":null,"request_parameters":null,"request_validator_id":null},"after_unknown":{"id":true,"resource_id":true,"rest_api_id":true},"before_sensitive":false,"after_sensitive":{}}},{"address":"aws_api_gateway_method.status_get","mode":"managed","type":"aws_api_gateway_method","name":"status_get","provider_name":"registry.terraform.io/hashicorp/aws","change":{"actions":["create"],"before":null,"after":{"api_key_required":false,"authorization":"NONE","authorization_scopes":null,"authorizer_id":null,"http_method":"GET","operation_name":null,"request_models":null,"request_parameters":null,"request_validator_id":null},"after_unknown":{"id":true,"resource_id":true,"rest_api_id":true},"before_sensitive":false,"after_sensitive":{}}},{"address":"aws_api_gateway_method.status_item_get","mode":"managed","type":"aws_api_gateway_method","name":"status_item_get","provider_name":"registry.terraform.io/hashicorp/aws","change":{"actions":["create"],"before":null,"after":{"api_key_required":false,"authorization":"NONE","authorization_scopes":null,"authorizer_id":null,"http_method":"GET","operation_name":null,"request_models":null,"request_parameters":null,"request_validator_id":null},"after_unknown":{"id":true,"resource_id":true,"rest_api_id":true},"before_sensitive":false,"after_sensitive":{}}},{"address":"aws_api_gateway_resource.device_tokens","mode":"managed","type":"aws_api_gateway_resource","name":"device_tokens","provider_name":"registry.terraform.io/hashicorp/aws","change":{"actions":["create"],"before":null,"after":{"path_part":"device-tokens"},"after_unknown":{"id":true,"parent_id":true,"path":true,"rest_api_id":true},"before_sensitive":false,"after_sensitive":{}}},{"address":"aws_api_gateway_resource.download","mode":"managed","type":"aws_api_gateway_resource","name":"download","provider_name":"registry.terraform.io/hashicorp/aws","change":{"actions":["create"],"before":null,"after":{"path_part":"download"},"after_unknown":{"id":true,"parent_id":true,"path":true,"rest_api_id":true},"before_sensitive":false,"after_sensitive":{}}},{"address":"aws_api_gateway_resource.download_item","mode":"managed","type":"aws_api_gateway_resource","name":"download_item","provider_name":"registry.terraform.io/hashicorp/aws","change":{"actions":["create"],"before":null,"after":{"path_part":"{jobId}"},"after_unknown":{"id":true,"parent_id":true,"path":true,"rest_api_id":true},"before_sensitive":false,"after_sensitive":{}}},{"address":"aws_api_gateway_resource.presign","mode":"managed","type":"aws_api_gateway_resource","name":"presign","provider_name":"registry.terraform.io/hashicorp/aws","change":{"actions":["create"],"before":null,"after":{"path_part":"presign"},"after_unknown":{"id":true,"parent_id":true,"path":true,"rest_api_id":true},"before_sensitive":false,"after_sensitive":{}}},{"address":"aws_api_gateway_resource.status","mode":"managed","type":"aws_api_gateway_resource","name":"status","provider_name":"registry.terraform.io/hashicorp/aws","change":{"actions":["create"],"before":null,"after":{"path_part":"status"},"after_unknown":{"id":true,"parent_id":true,"path":true,"rest_api_id":true},"before_sensitive":false,"after_sensitive":{}}},{"address":"aws_api_gateway_resource.status_item","mode":"managed","type":"aws_api_gateway_resource","name":"status_item","provider_name":"registry.terraform.io/hashicorp/aws","change":{"actions":["create"],"before":null,"after":{"path_part":"{jobId}"},"after_unknown":{"id":true,"parent_id":true,"path":true,"rest_api_id":true},"before_sensitive":false,"after_sensitive":{}}},{"address":"aws_api_gateway_resource.v1","mode":"managed","type":"aws_api_gateway_resource","name":"v1","provider_name":"registry.terraform.io/hashicorp/aws","change":{"actions":["create"],"before":null,"after":{"path_part":"v1"},"after_unknown":{"id":true,"parent_id":true,"path":true,"rest_api_id":true},"before_sensitive":false,"after_sensitive":{}}},{"address":"aws_api_gateway_rest_api.api","mode":"managed","type":"aws_api_gateway_rest_api","name":"api","provider_name":"registry.terraform.io/hashicorp/aws","change":{"actions":["create"],"before":null,"after":{"body":null,"fail_on_warnings":null,"name":"photo-editor-dev-api","parameters":null,"put_rest_api_mode":null,"tags":{"CostCenter":"product","Environment":"dev","Owner":"engineering","Project":"photo-editor"},"tags_all":{"CostCenter":"product","Environment":"dev","LocalStack":"true","Owner":"engineering","Project":"photo-editor","Terraform":"true"}},"after_unknown":{"api_key_source":true,"arn":true,"binary_media_types":true,"created_date":true,"description":true,"disable_execute_api_endpoint":true,"endpoint_configuration":true,"execution_arn":true,"id":true,"minimum_compression_size":true,"policy":true,"root_resource_id":true,"tags":{},"tags_all":{}},"before_sensitive":false,"after_sensitive":{"binary_media_types":[],"endpoint_configuration":[],"tags":{},"tags_all":{}}}},{"address":"aws_cloudwatch_log_group.download","mode":"managed","type":"aws_cloudwatch_log_group","name":"download","provider_name":"registry.terraform.io/hashicorp/aws","change":{"actions":["create"],"before":null,"after":{"kms_key_id":null,"name":"/aws/lambda/photo-editor-dev-download","retention_in_days":90,"skip_destroy":false,"tags":{"CostCenter":"product","Environment":"dev","Owner":"engineering","Project":"photo-editor"},"tags_all":{"CostCenter":"product","Environment":"dev","LocalStack":"true","Owner":"engineering","Project":"photo-editor","Terraform":"true"}},"after_unknown":{"arn":true,"id":true,"log_group_class":true,"name_prefix":true,"tags":{},"tags_all":{}},"before_sensitive":false,"after_sensitive":{"tags":{},"tags_all":{}}}},{"address":"aws_cloudwatch_log_group.presign","mode":"managed","type":"aws_cloudwatch_log_group","name":"presign","provider_name":"registry.terraform.io/hashicorp/aws","change":{"actions":["create"],"before":null,"after":{"kms_key_id":null,"name":"/aws/lambda/photo-editor-dev-presign","retention_in_days":90,"skip_destroy":false,"tags":{"CostCenter":"product","Environment":"dev","Owner":"engineering","Project":"photo-editor"},"tags_all":{"CostCenter":"product","Environment":"dev","LocalStack":"true","Owner":"engineering","Project":"photo-editor","Terraform":"true"}},"after_unknown":{"arn":true,"id":true,"log_group_class":true,"name_prefix":true,"tags":{},"tags_all":{}},"before_sensitive":false,"after_sensitive":{"tags":{},"tags_all":{}}}},{"address":"aws_cloudwatch_log_group.status","mode":"managed","type":"aws_cloudwatch_log_group","name":"status","provider_name":"registry.terraform.io/hashicorp/aws","change":{"actions":["create"],"before":null,"after":{"kms_key_id":null,"name":"/aws/lambda/photo-editor-dev-status","retention_in_days":90,"skip_destroy":false,"tags":{"CostCenter":"product","Environment":"dev","Owner":"engineering","Project":"photo-editor"},"tags_all":{"CostCenter":"product","Environment":"dev","LocalStack":"true","Owner":"engineering","Project":"photo-editor","Terraform":"true"}},"after_unknown":{"arn":true,"id":true,"log_group_class":true,"name_prefix":true,"tags":{},"tags_all":{}},"before_sensitive":false,"after_sensitive":{"tags":{},"tags_all":{}}}},{"address":"aws_cloudwatch_log_group.worker","mode":"managed","type":"aws_cloudwatch_log_group","name":"worker","provider_name":"registry.terraform.io/hashicorp/aws","change":{"actions":["create"],"before":null,"after":{"kms_key_id":null,"name":"/aws/lambda/photo-editor-dev-worker","retention_in_days":90,"skip_destroy":false,"tags":{"CostCenter":"product","Environment":"dev","Owner":"engineering","Project":"photo-editor"},"tags_all":{"CostCenter":"product","Environment":"dev","LocalStack":"true","Owner":"engineering","Project":"photo-editor","Terraform":"true"}},"after_unknown":{"arn":true,"id":true,"log_group_class":true,"name_prefix":true,"tags":{},"tags_all":{}},"before_sensitive":false,"after_sensitive":{"tags":{},"tags_all":{}}}},{"address":"aws_dynamodb_table.jobs","mode":"managed","type":"aws_dynamodb_table","name":"jobs","provider_name":"registry.terraform.io/hashicorp/aws","change":{"actions":["create"],"before":null,"after":{"attribute":[{"name":"jobId","type":"S"}],"billing_mode":"PAY_PER_REQUEST","deletion_protection_enabled":null,"global_secondary_index":[],"hash_key":"jobId","import_table":[],"local_secondary_index":[],"name":"photo-editor-dev-jobs","on_demand_throughput":[],"range_key":null,"replica":[],"restore_date_time":null,"restore_source_name":null,"restore_source_table_arn":null,"restore_to_latest_time":null,"stream_enabled":null,"table_class":null,"tags":{"CostCenter":"product","Environment":"dev","Owner":"engineering","Project":"photo-editor"},"tags_all":{"CostCenter":"product","Environment":"dev","LocalStack":"true","Owner":"engineering","Project":"photo-editor","Terraform":"true"},"timeouts":null,"ttl":[{"attribute_name":"expires_at","enabled":true}]},"after_unknown":{"arn":true,"attribute":[{}],"global_secondary_index":[],"id":true,"import_table":[],"local_secondary_index":[],"on_demand_throughput":[],"point_in_time_recovery":true,"read_capacity":true,"replica":[],"server_side_encryption":true,"stream_arn":true,"stream_label":true,"stream_view_type":true,"tags":{},"tags_all":{},"ttl":[{}],"write_capacity":true},"before_sensitive":false,"after_sensitive":{"attribute":[{}],"global_secondary_index":[],"import_table":[],"local_secondary_index":[],"on_demand_throughput":[],"point_in_time_recovery":[],"replica":[],"server_side_encryption":[],"tags":{},"tags_all":{},"ttl":[{}]}}},{"address":"aws_dynamodb_table.jobs_batches","mode":"managed","type":"aws_dynamodb_table","name":"jobs_batches","provider_name":"registry.terraform.io/hashicorp/aws","change":{"actions":["create"],"before":null,"after":{"attribute":[{"name":"batchJobId","type":"S"}],"billing_mode":"PAY_PER_REQUEST","deletion_protection_enabled":null,"global_secondary_index":[],"hash_key":"batchJobId","import_table":[],"local_secondary_index":[],"name":"photo-editor-dev-jobs-batches","on_demand_throughput":[],"range_key":null,"replica":[],"restore_date_time":null,"restore_source_name":null,"restore_source_table_arn":null,"restore_to_latest_time":null,"stream_enabled":null,"table_class":null,"tags":{"CostCenter":"product","Environment":"dev","Owner":"engineering","Project":"photo-editor"},"tags_all":{"CostCenter":"product","Environment":"dev","LocalStack":"true","Owner":"engineering","Project":"photo-editor","Terraform":"true"},"timeouts":null,"ttl":[{"attribute_name":"expires_at","enabled":true}]},"after_unknown":{"arn":true,"attribute":[{}],"global_secondary_index":[],"id":true,"import_table":[],"local_secondary_index":[],"on_demand_throughput":[],"point_in_time_recovery":true,"read_capacity":true,"replica":[],"server_side_encryption":true,"stream_arn":true,"stream_label":true,"stream_view_type":true,"tags":{},"tags_all":{},"ttl":[{}],"write_capacity":true},"before_sensitive":false,"after_sensitive":{"attribute":[{}],"global_secondary_index":[],"import_table":[],"local_secondary_index":[],"on_demand_throughput":[],"point_in_time_recovery":[],"replica":[],"server_side_encryption":[],"tags":{},"tags_all":{},"ttl":[{}]}}},{"address":"aws_iam_role.api_gateway_cloudwatch","mode":"managed","type":"aws_iam_role","name":"api_gateway_cloudwatch","provider_name":"registry.terraform.io/hashicorp/aws","change":{"actions":["create"],"before":null,"after":{"assume_role_policy":"{\"Statement\":[{\"Action\":\"sts:AssumeRole\",\"Effect\":\"Allow\",\"Principal\":{\"Service\":\"apigateway.amazonaws.com\"}}],\"Version\":\"2012-10-17\"}","description":null,"force_detach_policies":false,"max_session_duration":3600,"name":"photo-editor-dev-api-gateway-cloudwatch","path":"/","permissions_boundary":null,"tags":{"CostCenter":"product","Environment":"dev","Owner":"engineering","Project":"photo-editor"},"tags_all":{"CostCenter":"product","Environment":"dev","LocalStack":"true","Owner":"engineering","Project":"photo-editor","Terraform":"true"}},"after_unknown":{"arn":true,"create_date":true,"id":true,"inline_policy":true,"managed_policy_arns":true,"name_prefix":true,"tags":{},"tags_all":{},"unique_id":true},"before_sensitive":false,"after_sensitive":{"inline_policy":[],"managed_policy_arns":[],"tags":{},"tags_all":{}}}},{"address":"aws_iam_role.lambda_execution_role","mode":"managed","type":"aws_iam_role","name":"lambda_execution_role","provider_name":"registry.terraform.io/hashicorp/aws","change":{"actions":["create"],"before":null,"after":{"assume_role_policy":"{\"Statement\":[{\"Action\":\"sts:AssumeRole\",\"Effect\":\"Allow\",\"Principal\":{\"Service\":\"lambda.amazonaws.com\"}}],\"Version\":\"2012-10-17\"}","description":null,"force_detach_policies":false,"max_session_duration":3600,"name":"photo-editor-dev-lambda-execution-role","path":"/","permissions_boundary":null,"tags":{"CostCenter":"product","Environment":"dev","Owner":"engineering","Project":"photo-editor"},"tags_all":{"CostCenter":"product","Environment":"dev","LocalStack":"true","Owner":"engineering","Project":"photo-editor","Terraform":"true"}},"after_unknown":{"arn":true,"create_date":true,"id":true,"inline_policy":true,"managed_policy_arns":true,"name_prefix":true,"tags":{},"tags_all":{},"unique_id":true},"before_sensitive":false,"after_sensitive":{"inline_policy":[],"managed_policy_arns":[],"tags":{},"tags_all":{}}}},{"address":"aws_iam_role_policy_attachment.api_gateway_cloudwatch","mode":"managed","type":"aws_iam_role_policy_attachment","name":"api_gateway_cloudwatch","provider_name":"registry.terraform.io/hashicorp/aws","change":{"actions":["create"],"before":null,"after":{"policy_arn":"arn:aws:iam::aws:policy/service-role/AmazonAPIGatewayPushToCloudWatchLogs","role":"photo-editor-dev-api-gateway-cloudwatch"},"after_unknown":{"id":true},"before_sensitive":false,"after_sensitive":{}}},{"address":"aws_lambda_event_source_mapping.sqs_trigger","mode":"managed","type":"aws_lambda_event_source_mapping","name":"sqs_trigger","provider_name":"registry.terraform.io/hashicorp/aws","change":{"actions":["create"],"before":null,"after":{"batch_size":1,"bisect_batch_on_function_error":null,"destination_config":[],"document_db_event_source_config":[],"enabled":true,"filter_criteria":[],"function_response_types":null,"kms_key_arn":null,"maximum_batching_window_in_seconds":1,"metrics_config":[],"provisioned_poller_config":[],"queues":null,"scaling_config":[],"self_managed_event_source":[],"source_access_configuration":[],"starting_position":null,"starting_position_timestamp":null,"tags":null,"tags_all":{"CostCenter":"product","Environment":"dev","LocalStack":"true","Owner":"engineering","Project":"photo-editor","Terraform":"true"},"topics":null,"tumbling_window_in_seconds":null},"after_unknown":{"amazon_managed_kafka_event_source_config":true,"arn":true,"destination_config":[],"document_db_event_source_config":[],"event_source_arn":true,"filter_criteria":[],"function_arn":true,"function_name":true,"id":true,"last_modified":true,"last_processing_result":true,"maximum_record_age_in_seconds":true,"maximum_retry_attempts":true,"metrics_config":[],"parallelization_factor":true,"provisioned_poller_config":[],"scaling_config":[],"self_managed_event_source":[],"self_managed_kafka_event_source_config":true,"source_access_configuration":[],"state":true,"state_transition_reason":true,"tags_all":{},"uuid":true},"before_sensitive":false,"after_sensitive":{"amazon_managed_kafka_event_source_config":[],"destination_config":[],"document_db_event_source_config":[],"filter_criteria":[],"metrics_config":[],"provisioned_poller_config":[],"scaling_config":[],"self_managed_event_source":[],"self_managed_kafka_event_source_config":[],"source_access_configuration":[],"tags_all":{}}}},{"address":"aws_lambda_function.download","mode":"managed","type":"aws_lambda_function","name":"download","provider_name":"registry.terraform.io/hashicorp/aws","change":{"actions":["create"],"before":null,"after":{"code_signing_config_arn":null,"dead_letter_config":[],"description":null,"environment":[{"variables":{"FINAL_BUCKET_NAME":"photo-editor-dev-final-000000000000","JOBS_TABLE_NAME":"photo-editor-dev-jobs","NODE_ENV":"dev","PROJECT_NAME":"photo-editor","TEMP_BUCKET_NAME":"photo-editor-dev-temp-000000000000"}}],"file_system_config":[],"filename":"../backend/dist/lambdas/download/download.zip","function_name":"photo-editor-dev-download","handler":"download.handler","image_config":[],"image_uri":null,"kms_key_arn":null,"layers":null,"memory_size":1024,"package_type":"Zip","publish":false,"replace_security_groups_on_destroy":null,"replacement_security_group_ids":null,"reserved_concurrent_executions":100,"runtime":"nodejs20.x","s3_bucket":null,"s3_key":null,"s3_object_version":null,"skip_destroy":false,"snap_start":[],"tags":{"CostCenter":"product","Environment":"dev","Owner":"engineering","Project":"photo-editor"},"tags_all":{"CostCenter":"product","Environment":"dev","LocalStack":"true","Owner":"engineering","Project":"photo-editor","Terraform":"true"},"timeout":300,"timeouts":null,"vpc_config":[]},"after_unknown":{"architectures":true,"arn":true,"code_sha256":true,"dead_letter_config":[],"environment":[{"variables":{}}],"ephemeral_storage":true,"file_system_config":[],"id":true,"image_config":[],"invoke_arn":true,"last_modified":true,"logging_config":true,"qualified_arn":true,"qualified_invoke_arn":true,"role":true,"signing_job_arn":true,"signing_profile_version_arn":true,"snap_start":[],"source_code_hash":true,"source_code_size":true,"tags":{},"tags_all":{},"tracing_config":true,"version":true,"vpc_config":[]},"before_sensitive":false,"after_sensitive":{"architectures":[],"dead_letter_config":[],"environment":[{"variables":{}}],"ephemeral_storage":[],"file_system_config":[],"image_config":[],"logging_config":[],"snap_start":[],"tags":{},"tags_all":{},"tracing_config":[],"vpc_config":[]}}},{"address":"aws_lambda_function.presign","mode":"managed","type":"aws_lambda_function","name":"presign","provider_name":"registry.terraform.io/hashicorp/aws","change":{"actions":["create"],"before":null,"after":{"code_signing_config_arn":null,"dead_letter_config":[],"description":null,"environment":[{"variables":{"FINAL_BUCKET_NAME":"photo-editor-dev-final-000000000000","JOBS_TABLE_NAME":"photo-editor-dev-jobs","NODE_ENV":"dev","PROJECT_NAME":"photo-editor","TEMP_BUCKET_NAME":"photo-editor-dev-temp-000000000000"}}],"file_system_config":[],"filename":"../backend/dist/lambdas/presign/presign.zip","function_name":"photo-editor-dev-presign","handler":"presign.handler","image_config":[],"image_uri":null,"kms_key_arn":null,"layers":null,"memory_size":1024,"package_type":"Zip","publish":false,"replace_security_groups_on_destroy":null,"replacement_security_group_ids":null,"reserved_concurrent_executions":100,"runtime":"nodejs20.x","s3_bucket":null,"s3_key":null,"s3_object_version":null,"skip_destroy":false,"snap_start":[],"tags":{"CostCenter":"product","Environment":"dev","Owner":"engineering","Project":"photo-editor"},"tags_all":{"CostCenter":"product","Environment":"dev","LocalStack":"true","Owner":"engineering","Project":"photo-editor","Terraform":"true"},"timeout":300,"timeouts":null,"vpc_config":[]},"after_unknown":{"architectures":true,"arn":true,"code_sha256":true,"dead_letter_config":[],"environment":[{"variables":{}}],"ephemeral_storage":true,"file_system_config":[],"id":true,"image_config":[],"invoke_arn":true,"last_modified":true,"logging_config":true,"qualified_arn":true,"qualified_invoke_arn":true,"role":true,"signing_job_arn":true,"signing_profile_version_arn":true,"snap_start":[],"source_code_hash":true,"source_code_size":true,"tags":{},"tags_all":{},"tracing_config":true,"version":true,"vpc_config":[]},"before_sensitive":false,"after_sensitive":{"architectures":[],"dead_letter_config":[],"environment":[{"variables":{}}],"ephemeral_storage":[],"file_system_config":[],"image_config":[],"logging_config":[],"snap_start":[],"tags":{},"tags_all":{},"tracing_config":[],"vpc_config":[]}}},{"address":"aws_lambda_function.status","mode":"managed","type":"aws_lambda_function","name":"status","provider_name":"registry.terraform.io/hashicorp/aws","change":{"actions":["create"],"before":null,"after":{"code_signing_config_arn":null,"dead_letter_config":[],"description":null,"environment":[{"variables":{"JOBS_TABLE_NAME":"photo-editor-dev-jobs","NODE_ENV":"dev","PROJECT_NAME":"photo-editor"}}],"file_system_config":[],"filename":"../backend/dist/lambdas/status/status.zip","function_name":"photo-editor-dev-status","handler":"status.handler","image_config":[],"image_uri":null,"kms_key_arn":null,"layers":null,"memory_size":1024,"package_type":"Zip","publish":false,"replace_security_groups_on_destroy":null,"replacement_security_group_ids":null,"reserved_concurrent_executions":100,"runtime":"nodejs20.x","s3_bucket":null,"s3_key":null,"s3_object_version":null,"skip_destroy":false,"snap_start":[],"tags":{"CostCenter":"product","Environment":"dev","Owner":"engineering","Project":"photo-editor"},"tags_all":{"CostCenter":"product","Environment":"dev","LocalStack":"true","Owner":"engineering","Project":"photo-editor","Terraform":"true"},"timeout":300,"timeouts":null,"vpc_config":[]},"after_unknown":{"architectures":true,"arn":true,"code_sha256":true,"dead_letter_config":[],"environment":[{"variables":{}}],"ephemeral_storage":true,"file_system_config":[],"id":true,"image_config":[],"invoke_arn":true,"last_modified":true,"logging_config":true,"qualified_arn":true,"qualified_invoke_arn":true,"role":true,"signing_job_arn":true,"signing_profile_version_arn":true,"snap_start":[],"source_code_hash":true,"source_code_size":true,"tags":{},"tags_all":{},"tracing_config":true,"version":true,"vpc_config":[]},"before_sensitive":false,"after_sensitive":{"architectures":[],"dead_letter_config":[],"environment":[{"variables":{}}],"ephemeral_storage":[],"file_system_config":[],"image_config":[],"logging_config":[],"snap_start":[],"tags":{},"tags_all":{},"tracing_config":[],"vpc_config":[]}}},{"address":"aws_lambda_function.worker","mode":"managed","type":"aws_lambda_function","name":"worker","provider_name":"registry.terraform.io/hashicorp/aws","change":{"actions":["create"],"before":null,"after":{"code_signing_config_arn":null,"dead_letter_config":[],"description":null,"environment":[{}],"file_system_config":[],"filename":"../backend/dist/lambdas/worker/worker.zip","function_name":"photo-editor-dev-worker","handler":"worker.handler","image_config":[],"image_uri":null,"kms_key_arn":null,"layers":null,"memory_size":1024,"package_type":"Zip","publish":false,"replace_security_groups_on_destroy":null,"replacement_security_group_ids":null,"reserved_concurrent_executions":100,"runtime":"nodejs20.x","s3_bucket":null,"s3_key":null,"s3_object_version":null,"skip_destroy":false,"snap_start":[],"tags":{"CostCenter":"product","Environment":"dev","Owner":"engineering","Project":"photo-editor"},"tags_all":{"CostCenter":"product","Environment":"dev","LocalStack":"true","Owner":"engineering","Project":"photo-editor","Terraform":"true"},"timeout":300,"timeouts":null,"vpc_config":[]},"after_unknown":{"architectures":true,"arn":true,"code_sha256":true,"dead_letter_config":[],"environment":[{"variables":true}],"ephemeral_storage":true,"file_system_config":[],"id":true,"image_config":[],"invoke_arn":true,"last_modified":true,"logging_config":true,"qualified_arn":true,"qualified_invoke_arn":true,"role":true,"signing_job_arn":true,"signing_profile_version_arn":true,"snap_start":[],"source_code_hash":true,"source_code_size":true,"tags":{},"tags_all":{},"tracing_config":true,"version":true,"vpc_config":[]},"before_sensitive":false,"after_sensitive":{"architectures":[],"dead_letter_config":[],"environment":[{"variables":{}}],"ephemeral_storage":[],"file_system_config":[],"image_config":[],"logging_config":[],"snap_start":[],"tags":{},"tags_all":{},"tracing_config":[],"vpc_config":[]}}},{"address":"aws_lambda_permission.download_api_gateway","mode":"managed","type":"aws_lambda_permission","name":"download_api_gateway","provider_name":"registry.terraform.io/hashicorp/aws","change":{"actions":["create"],"before":null,"after":{"action":"lambda:InvokeFunction","event_source_token":null,"function_name":"photo-editor-dev-download","function_url_auth_type":null,"principal":"apigateway.amazonaws.com","principal_org_id":null,"qualifier":null,"source_account":null,"statement_id":"AllowAPIGatewayInvoke"},"after_unknown":{"id":true,"source_arn":true,"statement_id_prefix":true},"before_sensitive":false,"after_sensitive":{}}},{"address":"aws_lambda_permission.presign_api_gateway","mode":"managed","type":"aws_lambda_permission","name":"presign_api_gateway","provider_name":"registry.terraform.io/hashicorp/aws","change":{"actions":["create"],"before":null,"after":{"action":"lambda:InvokeFunction","event_source_token":null,"function_name":"photo-editor-dev-presign","function_url_auth_type":null,"principal":"apigateway.amazonaws.com","principal_org_id":null,"qualifier":null,"source_account":null,"statement_id":"AllowAPIGatewayInvoke"},"after_unknown":{"id":true,"source_arn":true,"statement_id_prefix":true},"before_sensitive":false,"after_sensitive":{}}},{"address":"aws_lambda_permission.status_api_gateway","mode":"managed","type":"aws_lambda_permission","name":"status_api_gateway","provider_name":"registry.terraform.io/hashicorp/aws","change":{"actions":["create"],"before":null,"after":{"action":"lambda:InvokeFunction","event_source_token":null,"function_name":"photo-editor-dev-status","function_url_auth_type":null,"principal":"apigateway.amazonaws.com","principal_org_id":null,"qualifier":null,"source_account":null,"statement_id":"AllowAPIGatewayInvoke"},"after_unknown":{"id":true,"source_arn":true,"statement_id_prefix":true},"before_sensitive":false,"after_sensitive":{}}},{"address":"aws_s3_bucket_notification.temp_bucket_notification","mode":"managed","type":"aws_s3_bucket_notification","name":"temp_bucket_notification","provider_name":"registry.terraform.io/hashicorp/aws","change":{"actions":["create"],"before":null,"after":{"eventbridge":false,"lambda_function":[],"queue":[{"events":["s3:ObjectCreated:*"],"filter_prefix":"temp/","filter_suffix":null}],"topic":[]},"after_unknown":{"bucket":true,"id":true,"lambda_function":[],"queue":[{"events":[false],"id":true,"queue_arn":true}],"topic":[]},"before_sensitive":false,"after_sensitive":{"lambda_function":[],"queue":[{"events":[false]}],"topic":[]}}},{"address":"aws_sqs_queue_policy.allow_s3_to_sqs","mode":"managed","type":"aws_sqs_queue_policy","name":"allow_s3_to_sqs","provider_name":"registry.terraform.io/hashicorp/aws","change":{"actions":["create"],"before":null,"after":{},"after_unknown":{"id":true,"policy":true,"queue_url":true},"before_sensitive":false,"after_sensitive":{}}},{"address":"aws_ssm_parameter.enable_stub_providers","mode":"managed","type":"aws_ssm_parameter","name":"enable_stub_providers","provider_name":"registry.terraform.io/hashicorp/aws","change":{"actions":["create"],"before":null,"after":{"allowed_pattern":null,"description":null,"name":"/photo-editor-dev/providers/enable-stubs","overwrite":null,"tags":{"CostCenter":"product","Environment":"dev","Owner":"engineering","Project":"photo-editor"},"tags_all":{"CostCenter":"product","Environment":"dev","LocalStack":"true","Owner":"engineering","Project":"photo-editor","Terraform":"true"},"type":"String","value":"false","value_wo":null,"value_wo_version":null},"after_unknown":{"arn":true,"data_type":true,"has_value_wo":true,"id":true,"insecure_value":true,"key_id":true,"tags":{},"tags_all":{},"tier":true,"version":true},"before_sensitive":false,"after_sensitive":{"tags":{},"tags_all":{},"value":true,"value_wo":true}}},{"address":"aws_ssm_parameter.gemini_api_key","mode":"managed","type":"aws_ssm_parameter","name":"gemini_api_key","provider_name":"registry.terraform.io/hashicorp/aws","change":{"actions":["create"],"before":null,"after":{"allowed_pattern":null,"description":null,"name":"/photo-editor-dev/gemini/api-key","overwrite":null,"tags":{"CostCenter":"product","Environment":"dev","Owner":"engineering","Project":"photo-editor"},"tags_all":{"CostCenter":"product","Environment":"dev","LocalStack":"true","Owner":"engineering","Project":"photo-editor","Terraform":"true"},"type":"SecureString","value":"test-key","value_wo":null,"value_wo_version":null},"after_unknown":{"arn":true,"data_type":true,"has_value_wo":true,"id":true,"insecure_value":true,"key_id":true,"tags":{},"tags_all":{},"tier":true,"version":true},"before_sensitive":false,"after_sensitive":{"tags":{},"tags_all":{},"value":true,"value_wo":true}}},{"address":"aws_ssm_parameter.gemini_endpoint","mode":"managed","type":"aws_ssm_parameter","name":"gemini_endpoint","provider_name":"registry.terraform.io/hashicorp/aws","change":{"actions":["create"],"before":null,"after":{"allowed_pattern":null,"description":null,"name":"/photo-editor-dev/gemini/endpoint","overwrite":null,"tags":{"CostCenter":"product","Environment":"dev","Owner":"engineering","Project":"photo-editor"},"tags_all":{"CostCenter":"product","Environment":"dev","LocalStack":"true","Owner":"engineering","Project":"photo-editor","Terraform":"true"},"type":"String","value":"https://generativelanguage.googleapis.com","value_wo":null,"value_wo_version":null},"after_unknown":{"arn":true,"data_type":true,"has_value_wo":true,"id":true,"insecure_value":true,"key_id":true,"tags":{},"tags_all":{},"tier":true,"version":true},"before_sensitive":false,"after_sensitive":{"tags":{},"tags_all":{},"value":true,"value_wo":true}}},{"address":"aws_ssm_parameter.seedream_api_key","mode":"managed","type":"aws_ssm_parameter","name":"seedream_api_key","provider_name":"registry.terraform.io/hashicorp/aws","change":{"actions":["create"],"before":null,"after":{"allowed_pattern":null,"description":null,"name":"/photo-editor-dev/seedream/api-key","overwrite":null,"tags":{"CostCenter":"product","Environment":"dev","Owner":"engineering","Project":"photo-editor"},"tags_all":{"CostCenter":"product","Environment":"dev","LocalStack":"true","Owner":"engineering","Project":"photo-editor","Terraform":"true"},"type":"SecureString","value":"test-key","value_wo":null,"value_wo_version":null},"after_unknown":{"arn":true,"data_type":true,"has_value_wo":true,"id":true,"insecure_value":true,"key_id":true,"tags":{},"tags_all":{},"tier":true,"version":true},"before_sensitive":false,"after_sensitive":{"tags":{},"tags_all":{},"value":true,"value_wo":true}}},{"address":"aws_ssm_parameter.seedream_endpoint","mode":"managed","type":"aws_ssm_parameter","name":"seedream_endpoint","provider_name":"registry.terraform.io/hashicorp/aws","change":{"actions":["create"],"before":null,"after":{"allowed_pattern":null,"description":null,"name":"/photo-editor-dev/seedream/endpoint","overwrite":null,"tags":{"CostCenter":"product","Environment":"dev","Owner":"engineering","Project":"photo-editor"},"tags_all":{"CostCenter":"product","Environment":"dev","LocalStack":"true","Owner":"engineering","Project":"photo-editor","Terraform":"true"},"type":"String","value":"https://api.seedream.com","value_wo":null,"value_wo_version":null},"after_unknown":{"arn":true,"data_type":true,"has_value_wo":true,"id":true,"insecure_value":true,"key_id":true,"tags":{},"tags_all":{},"tier":true,"version":true},"before_sensitive":false,"after_sensitive":{"tags":{},"tags_all":{},"value":true,"value_wo":true}}},{"address":"module.kms.aws_kms_alias.main","module_address":"module.kms","mode":"managed","type":"aws_kms_alias","name":"main","provider_name":"registry.terraform.io/hashicorp/aws","change":{"actions":["create"],"before":null,"after":{"name":"alias/photo-editor-dev"},"after_unknown":{"arn":true,"id":true,"name_prefix":true,"target_key_arn":true,"target_key_id":true},"before_sensitive":false,"after_sensitive":{}}},{"address":"module.kms.aws_kms_key.main","module_address":"module.kms","mode":"managed","type":"aws_kms_key","name":"main","provider_name":"registry.terraform.io/hashicorp/aws","change":{"actions":["create"],"before":null,"after":{"bypass_policy_lockout_safety_check":false,"custom_key_store_id":null,"customer_master_key_spec":"SYMMETRIC_DEFAULT","deletion_window_in_days":7,"description":"KMS key for photo-editor-dev photo editor","enable_key_rotation":true,"is_enabled":true,"key_usage":"ENCRYPT_DECRYPT","policy":"{\"Id\":\"key-policy-photo-editor-dev\",\"Statement\":[{\"Action\":\"kms:*\",\"Effect\":\"Allow\",\"Principal\":{\"AWS\":\"arn:aws:iam::000000000000:root\"},\"Resource\":\"*\",\"Sid\":\"Enable IAM User Permissions\"},{\"Action\":[\"kms:Encrypt\",\"kms:Decrypt\",\"kms:ReEncrypt*\",\"kms:GenerateDataKey*\",\"kms:DescribeKey\"],\"Effect\":\"Allow\",\"Principal\":{\"Service\":[\"s3.amazonaws.com\",\"dynamodb.amazonaws.com\",\"sqs.amazonaws.com\",\"sns.amazonaws.com\",\"lambda.amazonaws.com\"]},\"Resource\":\"*\",\"Sid\":\"Allow use of the key for encryption/decryption\"}],\"Version\":\"2012-10-17\"}","tags":{"CostCenter":"product","Environment":"dev","Name":"photo-editor-dev-kms-key","Owner":"engineering","Project":"photo-editor"},"tags_all":{"CostCenter":"product","Environment":"dev","LocalStack":"true","Name":"photo-editor-dev-kms-key","Owner":"engineering","Project":"photo-editor","Terraform":"true"},"timeouts":null,"xks_key_id":null},"after_unknown":{"arn":true,"id":true,"key_id":true,"multi_region":true,"rotation_period_in_days":true,"tags":{},"tags_all":{}},"before_sensitive":false,"after_sensitive":{"tags":{},"tags_all":{}}}},{"address":"module.monitoring.aws_cloudwatch_composite_alarm.application_health","module_address":"module.monitoring","mode":"managed","type":"aws_cloudwatch_composite_alarm","name":"application_health","provider_name":"registry.terraform.io/hashicorp/aws","change":{"actions":["create"],"before":null,"after":{"actions_enabled":true,"actions_suppressor":[],"alarm_actions":null,"alarm_description":"Overall application health based on multiple metrics","alarm_name":"photo-editor-dev-application-health","insufficient_data_actions":null,"ok_actions":null,"tags":{"CostCenter":"product","Environment":"dev","Owner":"engineering","Project":"photo-editor"},"tags_all":{"CostCenter":"product","Environment":"dev","LocalStack":"true","Owner":"engineering","Project":"photo-editor","Terraform":"true"}},"after_unknown":{"actions_suppressor":[],"alarm_rule":true,"arn":true,"id":true,"tags":{},"tags_all":{}},"before_sensitive":false,"after_sensitive":{"actions_suppressor":[],"tags":{},"tags_all":{}}}},{"address":"module.monitoring.aws_cloudwatch_metric_alarm.lambda_duration[0]","module_address":"module.monitoring","mode":"managed","type":"aws_cloudwatch_metric_alarm","name":"lambda_duration","index":0,"provider_name":"registry.terraform.io/hashicorp/aws","change":{"actions":["create"],"before":null,"after":{"actions_enabled":true,"alarm_description":"Lambda function photo-editor-dev-presign duration is high","alarm_name":"photo-editor-dev-presign-duration","comparison_operator":"GreaterThanThreshold","datapoints_to_alarm":null,"dimensions":{"FunctionName":"photo-editor-dev-presign"},"evaluation_periods":2,"extended_statistic":null,"insufficient_data_actions":null,"metric_name":"Duration","metric_query":[],"namespace":"AWS/Lambda","ok_actions":null,"period":300,"statistic":"Average","tags":{"CostCenter":"product","Environment":"dev","Owner":"engineering","Project":"photo-editor"},"tags_all":{"CostCenter":"product","Environment":"dev","LocalStack":"true","Owner":"engineering","Project":"photo-editor","Terraform":"true"},"threshold":30000,"threshold_metric_id":null,"treat_missing_data":"missing","unit":null},"after_unknown":{"alarm_actions":true,"arn":true,"dimensions":{},"evaluate_low_sample_count_percentiles":true,"id":true,"metric_query":[],"tags":{},"tags_all":{}},"before_sensitive":false,"after_sensitive":{"alarm_actions":[],"dimensions":{},"metric_query":[],"tags":{},"tags_all":{}}}},{"address":"module.monitoring.aws_cloudwatch_metric_alarm.lambda_duration[1]","module_address":"module.monitoring","mode":"managed","type":"aws_cloudwatch_metric_alarm","name":"lambda_duration","index":1,"provider_name":"registry.terraform.io/hashicorp/aws","change":{"actions":["create"],"before":null,"after":{"actions_enabled":true,"alarm_description":"Lambda function photo-editor-dev-status duration is high","alarm_name":"photo-editor-dev-status-duration","comparison_operator":"GreaterThanThreshold","datapoints_to_alarm":null,"dimensions":{"FunctionName":"photo-editor-dev-status"},"evaluation_periods":2,"extended_statistic":null,"insufficient_data_actions":null,"metric_name":"Duration","metric_query":[],"namespace":"AWS/Lambda","ok_actions":null,"period":300,"statistic":"Average","tags":{"CostCenter":"product","Environment":"dev","Owner":"engineering","Project":"photo-editor"},"tags_all":{"CostCenter":"product","Environment":"dev","LocalStack":"true","Owner":"engineering","Project":"photo-editor","Terraform":"true"},"threshold":30000,"threshold_metric_id":null,"treat_missing_data":"missing","unit":null},"after_unknown":{"alarm_actions":true,"arn":true,"dimensions":{},"evaluate_low_sample_count_percentiles":true,"id":true,"metric_query":[],"tags":{},"tags_all":{}},"before_sensitive":false,"after_sensitive":{"alarm_actions":[],"dimensions":{},"metric_query":[],"tags":{},"tags_all":{}}}},{"address":"module.monitoring.aws_cloudwatch_metric_alarm.lambda_duration[2]","module_address":"module.monitoring","mode":"managed","type":"aws_cloudwatch_metric_alarm","name":"lambda_duration","index":2,"provider_name":"registry.terraform.io/hashicorp/aws","change":{"actions":["create"],"before":null,"after":{"actions_enabled":true,"alarm_description":"Lambda function photo-editor-dev-worker duration is high","alarm_name":"photo-editor-dev-worker-duration","comparison_operator":"GreaterThanThreshold","datapoints_to_alarm":null,"dimensions":{"FunctionName":"photo-editor-dev-worker"},"evaluation_periods":2,"extended_statistic":null,"insufficient_data_actions":null,"metric_name":"Duration","metric_query":[],"namespace":"AWS/Lambda","ok_actions":null,"period":300,"statistic":"Average","tags":{"CostCenter":"product","Environment":"dev","Owner":"engineering","Project":"photo-editor"},"tags_all":{"CostCenter":"product","Environment":"dev","LocalStack":"true","Owner":"engineering","Project":"photo-editor","Terraform":"true"},"threshold":30000,"threshold_metric_id":null,"treat_missing_data":"missing","unit":null},"after_unknown":{"alarm_actions":true,"arn":true,"dimensions":{},"evaluate_low_sample_count_percentiles":true,"id":true,"metric_query":[],"tags":{},"tags_all":{}},"before_sensitive":false,"after_sensitive":{"alarm_actions":[],"dimensions":{},"metric_query":[],"tags":{},"tags_all":{}}}},{"address":"module.monitoring.aws_cloudwatch_metric_alarm.lambda_duration[3]","module_address":"module.monitoring","mode":"managed","type":"aws_cloudwatch_metric_alarm","name":"lambda_duration","index":3,"provider_name":"registry.terraform.io/hashicorp/aws","change":{"actions":["create"],"before":null,"after":{"actions_enabled":true,"alarm_description":"Lambda function photo-editor-dev-download duration is high","alarm_name":"photo-editor-dev-download-duration","comparison_operator":"GreaterThanThreshold","datapoints_to_alarm":null,"dimensions":{"FunctionName":"photo-editor-dev-download"},"evaluation_periods":2,"extended_statistic":null,"insufficient_data_actions":null,"metric_name":"Duration","metric_query":[],"namespace":"AWS/Lambda","ok_actions":null,"period":300,"statistic":"Average","tags":{"CostCenter":"product","Environment":"dev","Owner":"engineering","Project":"photo-editor"},"tags_all":{"CostCenter":"product","Environment":"dev","LocalStack":"true","Owner":"engineering","Project":"photo-editor","Terraform":"true"},"threshold":30000,"threshold_metric_id":null,"treat_missing_data":"missing","unit":null},"after_unknown":{"alarm_actions":true,"arn":true,"dimensions":{},"evaluate_low_sample_count_percentiles":true,"id":true,"metric_query":[],"tags":{},"tags_all":{}},"before_sensitive":false,"after_sensitive":{"alarm_actions":[],"dimensions":{},"metric_query":[],"tags":{},"tags_all":{}}}},{"address":"module.monitoring.aws_cloudwatch_metric_alarm.lambda_errors[0]","module_address":"module.monitoring","mode":"managed","type":"aws_cloudwatch_metric_alarm","name":"lambda_errors","index":0,"provider_name":"registry.terraform.io/hashicorp/aws","change":{"actions":["create"],"before":null,"after":{"actions_enabled":true,"alarm_description":"Lambda function photo-editor-dev-presign error rate is high","alarm_name":"photo-editor-dev-presign-errors","comparison_operator":"GreaterThanThreshold","datapoints_to_alarm":null,"dimensions":{"FunctionName":"photo-editor-dev-presign"},"evaluation_periods":2,"extended_statistic":null,"insufficient_data_actions":null,"metric_name":"Errors","metric_query":[],"namespace":"AWS/Lambda","ok_actions":null,"period":300,"statistic":"Sum","tags":{"CostCenter":"product","Environment":"dev","Owner":"engineering","Project":"photo-editor"},"tags_all":{"CostCenter":"product","Environment":"dev","LocalStack":"true","Owner":"engineering","Project":"photo-editor","Terraform":"true"},"threshold":5,"threshold_metric_id":null,"treat_missing_data":"missing","unit":null},"after_unknown":{"alarm_actions":true,"arn":true,"dimensions":{},"evaluate_low_sample_count_percentiles":true,"id":true,"metric_query":[],"tags":{},"tags_all":{}},"before_sensitive":false,"after_sensitive":{"alarm_actions":[],"dimensions":{},"metric_query":[],"tags":{},"tags_all":{}}}},{"address":"module.monitoring.aws_cloudwatch_metric_alarm.lambda_errors[1]","module_address":"module.monitoring","mode":"managed","type":"aws_cloudwatch_metric_alarm","name":"lambda_errors","index":1,"provider_name":"registry.terraform.io/hashicorp/aws","change":{"actions":["create"],"before":null,"after":{"actions_enabled":true,"alarm_description":"Lambda function photo-editor-dev-status error rate is high","alarm_name":"photo-editor-dev-status-errors","comparison_operator":"GreaterThanThreshold","datapoints_to_alarm":null,"dimensions":{"FunctionName":"photo-editor-dev-status"},"evaluation_periods":2,"extended_statistic":null,"insufficient_data_actions":null,"metric_name":"Errors","metric_query":[],"namespace":"AWS/Lambda","ok_actions":null,"period":300,"statistic":"Sum","tags":{"CostCenter":"product","Environment":"dev","Owner":"engineering","Project":"photo-editor"},"tags_all":{"CostCenter":"product","Environment":"dev","LocalStack":"true","Owner":"engineering","Project":"photo-editor","Terraform":"true"},"threshold":5,"threshold_metric_id":null,"treat_missing_data":"missing","unit":null},"after_unknown":{"alarm_actions":true,"arn":true,"dimensions":{},"evaluate_low_sample_count_percentiles":true,"id":true,"metric_query":[],"tags":{},"tags_all":{}},"before_sensitive":false,"after_sensitive":{"alarm_actions":[],"dimensions":{},"metric_query":[],"tags":{},"tags_all":{}}}},{"address":"module.monitoring.aws_cloudwatch_metric_alarm.lambda_errors[2]","module_address":"module.monitoring","mode":"managed","type":"aws_cloudwatch_metric_alarm","name":"lambda_errors","index":2,"provider_name":"registry.terraform.io/hashicorp/aws","change":{"actions":["create"],"before":null,"after":{"actions_enabled":true,"alarm_description":"Lambda function photo-editor-dev-worker error rate is high","alarm_name":"photo-editor-dev-worker-errors","comparison_operator":"GreaterThanThreshold","datapoints_to_alarm":null,"dimensions":{"FunctionName":"photo-editor-dev-worker"},"evaluation_periods":2,"extended_statistic":null,"insufficient_data_actions":null,"metric_name":"Errors","metric_query":[],"namespace":"AWS/Lambda","ok_actions":null,"period":300,"statistic":"Sum","tags":{"CostCenter":"product","Environment":"dev","Owner":"engineering","Project":"photo-editor"},"tags_all":{"CostCenter":"product","Environment":"dev","LocalStack":"true","Owner":"engineering","Project":"photo-editor","Terraform":"true"},"threshold":5,"threshold_metric_id":null,"treat_missing_data":"missing","unit":null},"after_unknown":{"alarm_actions":true,"arn":true,"dimensions":{},"evaluate_low_sample_count_percentiles":true,"id":true,"metric_query":[],"tags":{},"tags_all":{}},"before_sensitive":false,"after_sensitive":{"alarm_actions":[],"dimensions":{},"metric_query":[],"tags":{},"tags_all":{}}}},{"address":"module.monitoring.aws_cloudwatch_metric_alarm.lambda_errors[3]","module_address":"module.monitoring","mode":"managed","type":"aws_cloudwatch_metric_alarm","name":"lambda_errors","index":3,"provider_name":"registry.terraform.io/hashicorp/aws","change":{"actions":["create"],"before":null,"after":{"actions_enabled":true,"alarm_description":"Lambda function photo-editor-dev-download error rate is high","alarm_name":"photo-editor-dev-download-errors","comparison_operator":"GreaterThanThreshold","datapoints_to_alarm":null,"dimensions":{"FunctionName":"photo-editor-dev-download"},"evaluation_periods":2,"extended_statistic":null,"insufficient_data_actions":null,"metric_name":"Errors","metric_query":[],"namespace":"AWS/Lambda","ok_actions":null,"period":300,"statistic":"Sum","tags":{"CostCenter":"product","Environment":"dev","Owner":"engineering","Project":"photo-editor"},"tags_all":{"CostCenter":"product","Environment":"dev","LocalStack":"true","Owner":"engineering","Project":"photo-editor","Terraform":"true"},"threshold":5,"threshold_metric_id":null,"treat_missing_data":"missing","unit":null},"after_unknown":{"alarm_actions":true,"arn":true,"dimensions":{},"evaluate_low_sample_count_percentiles":true,"id":true,"metric_query":[],"tags":{},"tags_all":{}},"before_sensitive":false,"after_sensitive":{"alarm_actions":[],"dimensions":{},"metric_query":[],"tags":{},"tags_all":{}}}},{"address":"module.monitoring.aws_cloudwatch_metric_alarm.lambda_throttles[0]","module_address":"module.monitoring","mode":"managed","type":"aws_cloudwatch_metric_alarm","name":"lambda_throttles","index":0,"provider_name":"registry.terraform.io/hashicorp/aws","change":{"actions":["create"],"before":null,"after":{"actions_enabled":true,"alarm_description":"Lambda function photo-editor-dev-presign is being throttled","alarm_name":"photo-editor-dev-presign-throttles","comparison_operator":"GreaterThanThreshold","datapoints_to_alarm":null,"dimensions":{"FunctionName":"photo-editor-dev-presign"},"evaluation_periods":1,"extended_statistic":null,"insufficient_data_actions":null,"metric_name":"Throttles","metric_query":[],"namespace":"AWS/Lambda","ok_actions":null,"period":300,"statistic":"Sum","tags":{"CostCenter":"product","Environment":"dev","Owner":"engineering","Project":"photo-editor"},"tags_all":{"CostCenter":"product","Environment":"dev","LocalStack":"true","Owner":"engineering","Project":"photo-editor","Terraform":"true"},"threshold":0,"threshold_metric_id":null,"treat_missing_data":"missing","unit":null},"after_unknown":{"alarm_actions":true,"arn":true,"dimensions":{},"evaluate_low_sample_count_percentiles":true,"id":true,"metric_query":[],"tags":{},"tags_all":{}},"before_sensitive":false,"after_sensitive":{"alarm_actions":[],"dimensions":{},"metric_query":[],"tags":{},"tags_all":{}}}},{"address":"module.monitoring.aws_cloudwatch_metric_alarm.lambda_throttles[1]","module_address":"module.monitoring","mode":"managed","type":"aws_cloudwatch_metric_alarm","name":"lambda_throttles","index":1,"provider_name":"registry.terraform.io/hashicorp/aws","change":{"actions":["create"],"before":null,"after":{"actions_enabled":true,"alarm_description":"Lambda function photo-editor-dev-status is being throttled","alarm_name":"photo-editor-dev-status-throttles","comparison_operator":"GreaterThanThreshold","datapoints_to_alarm":null,"dimensions":{"FunctionName":"photo-editor-dev-status"},"evaluation_periods":1,"extended_statistic":null,"insufficient_data_actions":null,"metric_name":"Throttles","metric_query":[],"namespace":"AWS/Lambda","ok_actions":null,"period":300,"statistic":"Sum","tags":{"CostCenter":"product","Environment":"dev","Owner":"engineering","Project":"photo-editor"},"tags_all":{"CostCenter":"product","Environment":"dev","LocalStack":"true","Owner":"engineering","Project":"photo-editor","Terraform":"true"},"threshold":0,"threshold_metric_id":null,"treat_missing_data":"missing","unit":null},"after_unknown":{"alarm_actions":true,"arn":true,"dimensions":{},"evaluate_low_sample_count_percentiles":true,"id":true,"metric_query":[],"tags":{},"tags_all":{}},"before_sensitive":false,"after_sensitive":{"alarm_actions":[],"dimensions":{},"metric_query":[],"tags":{},"tags_all":{}}}},{"address":"module.monitoring.aws_cloudwatch_metric_alarm.lambda_throttles[2]","module_address":"module.monitoring","mode":"managed","type":"aws_cloudwatch_metric_alarm","name":"lambda_throttles","index":2,"provider_name":"registry.terraform.io/hashicorp/aws","change":{"actions":["create"],"before":null,"after":{"actions_enabled":true,"alarm_description":"Lambda function photo-editor-dev-worker is being throttled","alarm_name":"photo-editor-dev-worker-throttles","comparison_operator":"GreaterThanThreshold","datapoints_to_alarm":null,"dimensions":{"FunctionName":"photo-editor-dev-worker"},"evaluation_periods":1,"extended_statistic":null,"insufficient_data_actions":null,"metric_name":"Throttles","metric_query":[],"namespace":"AWS/Lambda","ok_actions":null,"period":300,"statistic":"Sum","tags":{"CostCenter":"product","Environment":"dev","Owner":"engineering","Project":"photo-editor"},"tags_all":{"CostCenter":"product","Environment":"dev","LocalStack":"true","Owner":"engineering","Project":"photo-editor","Terraform":"true"},"threshold":0,"threshold_metric_id":null,"treat_missing_data":"missing","unit":null},"after_unknown":{"alarm_actions":true,"arn":true,"dimensions":{},"evaluate_low_sample_count_percentiles":true,"id":true,"metric_query":[],"tags":{},"tags_all":{}},"before_sensitive":false,"after_sensitive":{"alarm_actions":[],"dimensions":{},"metric_query":[],"tags":{},"tags_all":{}}}},{"address":"module.monitoring.aws_cloudwatch_metric_alarm.lambda_throttles[3]","module_address":"module.monitoring","mode":"managed","type":"aws_cloudwatch_metric_alarm","name":"lambda_throttles","index":3,"provider_name":"registry.terraform.io/hashicorp/aws","change":{"actions":["create"],"before":null,"after":{"actions_enabled":true,"alarm_description":"Lambda function photo-editor-dev-download is being throttled","alarm_name":"photo-editor-dev-download-throttles","comparison_operator":"GreaterThanThreshold","datapoints_to_alarm":null,"dimensions":{"FunctionName":"photo-editor-dev-download"},"evaluation_periods":1,"extended_statistic":null,"insufficient_data_actions":null,"metric_name":"Throttles","metric_query":[],"namespace":"AWS/Lambda","ok_actions":null,"period":300,"statistic":"Sum","tags":{"CostCenter":"product","Environment":"dev","Owner":"engineering","Project":"photo-editor"},"tags_all":{"CostCenter":"product","Environment":"dev","LocalStack":"true","Owner":"engineering","Project":"photo-editor","Terraform":"true"},"threshold":0,"threshold_metric_id":null,"treat_missing_data":"missing","unit":null},"after_unknown":{"alarm_actions":true,"arn":true,"dimensions":{},"evaluate_low_sample_count_percentiles":true,"id":true,"metric_query":[],"tags":{},"tags_all":{}},"before_sensitive":false,"after_sensitive":{"alarm_actions":[],"dimensions":{},"metric_query":[],"tags":{},"tags_all":{}}}},{"address":"module.monitoring.aws_cloudwatch_query_definition.error_analysis","module_address":"module.monitoring","mode":"managed","type":"aws_cloudwatch_query_definition","name":"error_analysis","provider_name":"registry.terraform.io/hashicorp/aws","change":{"actions":["create"],"before":null,"after":{"log_group_names":["/aws/lambda/photo-editor-dev-presign","/aws/lambda/photo-editor-dev-status","/aws/lambda/photo-editor-dev-worker","/aws/lambda/photo-editor-dev-download"],"name":"photo-editor-dev-error-analysis","query_string":"fields @timestamp, @message, @requestId\n| filter @message like /ERROR/\n| sort @timestamp desc\n| limit 100\n"},"after_unknown":{"id":true,"log_group_names":[false,false,false,false],"query_definition_id":true},"before_sensitive":false,"after_sensitive":{"log_group_names":[false,false,false,false]}}},{"address":"module.monitoring.aws_cloudwatch_query_definition.performance_analysis","module_address":"module.monitoring","mode":"managed","type":"aws_cloudwatch_query_definition","name":"performance_analysis","provider_name":"registry.terraform.io/hashicorp/aws","change":{"actions":["create"],"before":null,"after":{"log_group_names":["/aws/lambda/photo-editor-dev-presign","/aws/lambda/photo-editor-dev-status","/aws/lambda/photo-editor-dev-worker","/aws/lambda/photo-editor-dev-download"],"name":"photo-editor-dev-performance-analysis","query_string":"fields @timestamp, @duration, @billedDuration, @maxMemoryUsed, @requestId\n| filter @type = \"REPORT\"\n| sort @timestamp desc\n| limit 100\n"},"after_unknown":{"id":true,"log_group_names":[false,false,false,false],"query_definition_id":true},"before_sensitive":false,"after_sensitive":{"log_group_names":[false,false,false,false]}}},{"address":"module.monitoring.aws_sns_topic.alarms","module_address":"module.monitoring","mode":"managed","type":"aws_sns_topic","name":"alarms","provider_name":"registry.terraform.io/hashicorp/aws","change":{"actions":["create"],"before":null,"after":{"application_failure_feedback_role_arn":null,"application_success_feedback_role_arn":null,"application_success_feedback_sample_rate":null,"archive_policy":null,"content_based_deduplication":false,"delivery_policy":null,"display_name":null,"fifo_topic":false,"firehose_failure_feedback_role_arn":null,"firehose_success_feedback_role_arn":null,"firehose_success_feedback_sample_rate":null,"http_failure_feedback_role_arn":null,"http_success_feedback_role_arn":null,"http_success_feedback_sample_rate":null,"kms_master_key_id":null,"lambda_failure_feedback_role_arn":null,"lambda_success_feedback_role_arn":null,"lambda_success_feedback_sample_rate":null,"name":"photo-editor-dev-alarms","sqs_failure_feedback_role_arn":null,"sqs_success_feedback_role_arn":null,"sqs_success_feedback_sample_rate":null,"tags":{"CostCenter":"product","Environment":"dev","Name":"photo-editor-dev-alarms","Owner":"engineering","Project":"photo-editor","Purpose":"alarm-notifications"},"tags_all":{"CostCenter":"product","Environment":"dev","LocalStack":"true","Name":"photo-editor-dev-alarms","Owner":"engineering","Project":"photo-editor","Purpose":"alarm-notifications","Terraform":"true"}},"after_unknown":{"arn":true,"beginning_archive_time":true,"fifo_throughput_scope":true,"id":true,"name_prefix":true,"owner":true,"policy":true,"signature_version":true,"tags":{},"tags_all":{},"tracing_config":true},"before_sensitive":false,"after_sensitive":{"tags":{},"tags_all":{}}}},{"address":"module.s3.aws_s3_bucket.access_logs","module_address":"module.s3","mode":"managed","type":"aws_s3_bucket","name":"access_logs","provider_name":"registry.terraform.io/hashicorp/aws","change":{"actions":["create"],"before":null,"after":{"bucket":"photo-editor-dev-access-logs-000000000000","force_destroy":false,"tags":{"CostCenter":"product","Environment":"dev","Name":"photo-editor-dev-access-logs","Owner":"engineering","Project":"photo-editor","Purpose":"access-logs"},"tags_all":{"CostCenter":"product","Environment":"dev","LocalStack":"true","Name":"photo-editor-dev-access-logs","Owner":"engineering","Project":"photo-editor","Purpose":"access-logs","Terraform":"true"},"timeouts":null},"after_unknown":{"acceleration_status":true,"acl":true,"arn":true,"bucket_domain_name":true,"bucket_prefix":true,"bucket_regional_domain_name":true,"cors_rule":true,"grant":true,"hosted_zone_id":true,"id":true,"lifecycle_rule":true,"logging":true,"object_lock_configuration":true,"object_lock_enabled":true,"policy":true,"region":true,"replication_configuration":true,"request_payer":true,"server_side_encryption_configuration":true,"tags":{},"tags_all":{},"versioning":true,"website":true,"website_domain":true,"website_endpoint":true},"before_sensitive":false,"after_sensitive":{"cors_rule":[],"grant":[],"lifecycle_rule":[],"logging":[],"object_lock_configuration":[],"replication_configuration":[],"server_side_encryption_configuration":[],"tags":{},"tags_all":{},"versioning":[],"website":[]}}},{"address":"module.s3.aws_s3_bucket.final","module_address":"module.s3","mode":"managed","type":"aws_s3_bucket","name":"final","provider_name":"registry.terraform.io/hashicorp/aws","change":{"actions":["create"],"before":null,"after":{"bucket":"photo-editor-dev-final-000000000000","force_destroy":false,"tags":{"CostCenter":"product","Environment":"dev","Name":"photo-editor-dev-final-000000000000","Owner":"engineering","Project":"photo-editor","Purpose":"processed-images"},"tags_all":{"CostCenter":"product","Environment":"dev","LocalStack":"true","Name":"photo-editor-dev-final-000000000000","Owner":"engineering","Project":"photo-editor","Purpose":"processed-images","Terraform":"true"},"timeouts":null},"after_unknown":{"acceleration_status":true,"acl":true,"arn":true,"bucket_domain_name":true,"bucket_prefix":true,"bucket_regional_domain_name":true,"cors_rule":true,"grant":true,"hosted_zone_id":true,"id":true,"lifecycle_rule":true,"logging":true,"object_lock_configuration":true,"object_lock_enabled":true,"policy":true,"region":true,"replication_configuration":true,"request_payer":true,"server_side_encryption_configuration":true,"tags":{},"tags_all":{},"versioning":true,"website":true,"website_domain":true,"website_endpoint":true},"before_sensitive":false,"after_sensitive":{"cors_rule":[],"grant":[],"lifecycle_rule":[],"logging":[],"object_lock_configuration":[],"replication_configuration":[],"server_side_encryption_configuration":[],"tags":{},"tags_all":{},"versioning":[],"website":[]}}},{"address":"module.s3.aws_s3_bucket.temp","module_address":"module.s3","mode":"managed","type":"aws_s3_bucket","name":"temp","provider_name":"registry.terraform.io/hashicorp/aws","change":{"actions":["create"],"before":null,"after":{"bucket":"photo-editor-dev-temp-000000000000","force_destroy":false,"tags":{"CostCenter":"product","Environment":"dev","Name":"photo-editor-dev-temp-000000000000","Owner":"engineering","Project":"photo-editor","Purpose":"temporary-uploads"},"tags_all":{"CostCenter":"product","Environment":"dev","LocalStack":"true","Name":"photo-editor-dev-temp-000000000000","Owner":"engineering","Project":"photo-editor","Purpose":"temporary-uploads","Terraform":"true"},"timeouts":null},"after_unknown":{"acceleration_status":true,"acl":true,"arn":true,"bucket_domain_name":true,"bucket_prefix":true,"bucket_regional_domain_name":true,"cors_rule":true,"grant":true,"hosted_zone_id":true,"id":true,"lifecycle_rule":true,"logging":true,"object_lock_configuration":true,"object_lock_enabled":true,"policy":true,"region":true,"replication_configuration":true,"request_payer":true,"server_side_encryption_configuration":true,"tags":{},"tags_all":{},"versioning":true,"website":true,"website_domain":true,"website_endpoint":true},"before_sensitive":false,"after_sensitive":{"cors_rule":[],"grant":[],"lifecycle_rule":[],"logging":[],"object_lock_configuration":[],"replication_configuration":[],"server_side_encryption_configuration":[],"tags":{},"tags_all":{},"versioning":[],"website":[]}}},{"address":"module.s3.aws_s3_bucket_cors_configuration.temp","module_address":"module.s3","mode":"managed","type":"aws_s3_bucket_cors_configuration","name":"temp","provider_name":"registry.terraform.io/hashicorp/aws","change":{"actions":["create"],"before":null,"after":{"cors_rule":[{"allowed_headers":["*"],"allowed_methods":["POST","PUT"],"allowed_origins":["*"],"expose_headers":["ETag"],"id":"","max_age_seconds":3000}],"expected_bucket_owner":null},"after_unknown":{"bucket":true,"cors_rule":[{"allowed_headers":[false],"allowed_methods":[false,false],"allowed_origins":[false],"expose_headers":[false]}],"id":true},"before_sensitive":false,"after_sensitive":{"cors_rule":[{"allowed_headers":[false],"allowed_methods":[false,false],"allowed_origins":[false],"expose_headers":[false]}]}}},{"address":"module.s3.aws_s3_bucket_lifecycle_configuration.access_logs[0]","module_address":"module.s3","mode":"managed","type":"aws_s3_bucket_lifecycle_configuration","name":"access_logs","index":0,"provider_name":"registry.terraform.io/hashicorp/aws","change":{"actions":["create"],"before":null,"after":{"rule":[{"abort_incomplete_multipart_upload":[],"expiration":[{"date":null,"days":90,"expired_object_delete_marker":false}],"filter":[{"and":[],"object_size_greater_than":null,"object_size_less_than":null,"prefix":"","tag":[]}],"id":"log_cleanup","noncurrent_version_expiration":[],"noncurrent_version_transition":[],"prefix":"","status":"Enabled","transition":[]}],"timeouts":null,"transition_default_minimum_object_size":"all_storage_classes_128K"},"after_unknown":{"bucket":true,"expected_bucket_owner":true,"id":true,"rule":[{"abort_incomplete_multipart_upload":[],"expiration":[{}],"filter":[{"and":[],"tag":[]}],"noncurrent_version_expiration":[],"noncurrent_version_transition":[],"transition":[]}]},"before_sensitive":false,"after_sensitive":{"rule":[{"abort_incomplete_multipart_upload":[],"expiration":[{}],"filter":[{"and":[],"tag":[]}],"noncurrent_version_expiration":[],"noncurrent_version_transition":[],"transition":[]}]}}},{"address":"module.s3.aws_s3_bucket_lifecycle_configuration.final[0]","module_address":"module.s3","mode":"managed","type":"aws_s3_bucket_lifecycle_configuration","name":"final","index":0,"provider_name":"registry.terraform.io/hashicorp/aws","change":{"actions":["create"],"before":null,"after":{"rule":[{"abort_incomplete_multipart_upload":[{"days_after_initiation":7}],"expiration":[],"filter":[{"and":[],"object_size_greater_than":null,"object_size_less_than":null,"prefix":"","tag":[]}],"id":"final_file_lifecycle","noncurrent_version_expiration":[{"newer_noncurrent_versions":null,"noncurrent_days":90}],"noncurrent_version_transition":[{"newer_noncurrent_versions":null,"noncurrent_days":30,"storage_class":"STANDARD_IA"}],"prefix":"","status":"Enabled","transition":[{"date":null,"days":30,"storage_class":"STANDARD_IA"},{"date":null,"days":365,"storage_class":"GLACIER"},{"date":null,"days":90,"storage_class":"GLACIER_IR"}]}],"timeouts":null,"transition_default_minimum_object_size":"all_storage_classes_128K"},"after_unknown":{"bucket":true,"expected_bucket_owner":true,"id":true,"rule":[{"abort_incomplete_multipart_upload":[{}],"expiration":[],"filter":[{"and":[],"tag":[]}],"noncurrent_version_expiration":[{}],"noncurrent_version_transition":[{}],"transition":[{},{},{}]}]},"before_sensitive":false,"after_sensitive":{"rule":[{"abort_incomplete_multipart_upload":[{}],"expiration":[],"filter":[{"and":[],"tag":[]}],"noncurrent_version_expiration":[{}],"noncurrent_version_transition":[{}],"transition":[{},{},{}]}]}}},{"address":"module.s3.aws_s3_bucket_lifecycle_configuration.temp[0]","module_address":"module.s3","mode":"managed","type":"aws_s3_bucket_lifecycle_configuration","name":"temp","index":0,"provider_name":"registry.terraform.io/hashicorp/aws","change":{"actions":["create"],"before":null,"after":{"rule":[{"abort_incomplete_multipart_upload":[{"days_after_initiation":7}],"expiration":[{"date":null,"days":2,"expired_object_delete_marker":false}],"filter":[{"and":[],"object_size_greater_than":null,"object_size_less_than":null,"prefix":"","tag":[]}],"id":"temp_file_cleanup","noncurrent_version_expiration":[{"newer_noncurrent_versions":null,"noncurrent_days":1}],"noncurrent_version_transition":[],"prefix":"","status":"Enabled","transition":[]}],"timeouts":null,"transition_default_minimum_object_size":"all_storage_classes_128K"},"after_unknown":{"bucket":true,"expected_bucket_owner":true,"id":true,"rule":[{"abort_incomplete_multipart_upload":[{}],"expiration":[{}],"filter":[{"and":[],"tag":[]}],"noncurrent_version_expiration":[{}],"noncurrent_version_transition":[],"transition":[]}]},"before_sensitive":false,"after_sensitive":{"rule":[{"abort_incomplete_multipart_upload":[{}],"expiration":[{}],"filter":[{"and":[],"tag":[]}],"noncurrent_version_expiration":[{}],"noncurrent_version_transition":[],"transition":[]}]}}},{"address":"module.s3.aws_s3_bucket_logging.final","module_address":"module.s3","mode":"managed","type":"aws_s3_bucket_logging","name":"final","provider_name":"registry.terraform.io/hashicorp/aws","change":{"actions":["create"],"before":null,"after":{"expected_bucket_owner":null,"target_grant":[],"target_object_key_format":[],"target_prefix":"final-bucket-logs/"},"after_unknown":{"bucket":true,"id":true,"target_bucket":true,"target_grant":[],"target_object_key_format":[]},"before_sensitive":false,"after_sensitive":{"target_grant":[],"target_object_key_format":[]}}},{"address":"module.s3.aws_s3_bucket_logging.temp","module_address":"module.s3","mode":"managed","type":"aws_s3_bucket_logging","name":"temp","provider_name":"registry.terraform.io/hashicorp/aws","change":{"actions":["create"],"before":null,"after":{"expected_bucket_owner":null,"target_grant":[],"target_object_key_format":[],"target_prefix":"temp-bucket-logs/"},"after_unknown":{"bucket":true,"id":true,"target_bucket":true,"target_grant":[],"target_object_key_format":[]},"before_sensitive":false,"after_sensitive":{"target_grant":[],"target_object_key_format":[]}}},{"address":"module.s3.aws_s3_bucket_public_access_block.access_logs","module_address":"module.s3","mode":"managed","type":"aws_s3_bucket_public_access_block","name":"access_logs","provider_name":"registry.terraform.io/hashicorp/aws","change":{"actions":["create"],"before":null,"after":{"block_public_acls":true,"block_public_policy":true,"ignore_public_acls":true,"restrict_public_buckets":true},"after_unknown":{"bucket":true,"id":true},"before_sensitive":false,"after_sensitive":{}}},{"address":"module.s3.aws_s3_bucket_public_access_block.final","module_address":"module.s3","mode":"managed","type":"aws_s3_bucket_public_access_block","name":"final","provider_name":"registry.terraform.io/hashicorp/aws","change":{"actions":["create"],"before":null,"after":{"block_public_acls":true,"block_public_policy":true,"ignore_public_acls":true,"restrict_public_buckets":true},"after_unknown":{"bucket":true,"id":true},"before_sensitive":false,"after_sensitive":{}}},{"address":"module.s3.aws_s3_bucket_public_access_block.temp","module_address":"module.s3","mode":"managed","type":"aws_s3_bucket_public_access_block","name":"temp","provider_name":"registry.terraform.io/hashicorp/aws","change":{"actions":["create"],"before":null,"after":{"block_public_acls":true,"block_public_policy":true,"ignore_public_acls":true,"restrict_public_buckets":true},"after_unknown":{"bucket":true,"id":true},"before_sensitive":false,"after_sensitive":{}}},{"address":"module.s3.aws_s3_bucket_server_side_encryption_configuration.final","module_address":"module.s3","mode":"managed","type":"aws_s3_bucket_server_side_encryption_configuration","name":"final","provider_name":"registry.terraform.io/hashicorp/aws","change":{"actions":["create"],"before":null,"after":{"expected_bucket_owner":null,"rule":[{"apply_server_side_encryption_by_default":[{"sse_algorithm":"aws:kms"}],"bucket_key_enabled":true}]},"after_unknown":{"bucket":true,"id":true,"rule":[{"apply_server_side_encryption_by_default":[{"kms_master_key_id":true}]}]},"before_sensitive":false,"after_sensitive":{"rule":[{"apply_server_side_encryption_by_default":[{}]}]}}},{"address":"module.s3.aws_s3_bucket_server_side_encryption_configuration.temp","module_address":"module.s3","mode":"managed","type":"aws_s3_bucket_server_side_encryption_configuration","name":"temp","provider_name":"registry.terraform.io/hashicorp/aws","change":{"actions":["create"],"before":null,"after":{"expected_bucket_owner":null,"rule":[{"apply_server_side_encryption_by_default":[{"kms_master_key_id":"","sse_algorithm":"AES256"}],"bucket_key_enabled":true}]},"after_unknown":{"bucket":true,"id":true,"rule":[{"apply_server_side_encryption_by_default":[{}]}]},"before_sensitive":false,"after_sensitive":{"rule":[{"apply_server_side_encryption_by_default":[{}]}]}}},{"address":"module.s3.aws_s3_bucket_versioning.final","module_address":"module.s3","mode":"managed","type":"aws_s3_bucket_versioning","name":"final","provider_name":"registry.terraform.io/hashicorp/aws","change":{"actions":["create"],"before":null,"after":{"expected_bucket_owner":null,"mfa":null,"versioning_configuration":[{"status":"Enabled"}]},"after_unknown":{"bucket":true,"id":true,"versioning_configuration":[{"mfa_delete":true}]},"before_sensitive":false,"after_sensitive":{"versioning_configuration":[{}]}}},{"address":"module.sns.aws_cloudwatch_metric_alarm.sns_delivery_delay","module_address":"module.sns","mode":"managed","type":"aws_cloudwatch_metric_alarm","name":"sns_delivery_delay","provider_name":"registry.terraform.io/hashicorp/aws","change":{"actions":["create"],"before":null,"after":{"actions_enabled":true,"alarm_actions":null,"alarm_description":"SNS delivery success rate is low","alarm_name":"photo-editor-dev-sns-delivery-delay","comparison_operator":"GreaterThanThreshold","datapoints_to_alarm":null,"dimensions":{"TopicName":"photo-editor-dev-notifications"},"evaluation_periods":2,"extended_statistic":null,"insufficient_data_actions":null,"metric_name":"SMSSuccessRate","metric_query":[],"namespace":"AWS/SNS","ok_actions":null,"period":300,"statistic":"Average","tags":{"CostCenter":"product","Environment":"dev","Owner":"engineering","Project":"photo-editor"},"tags_all":{"CostCenter":"product","Environment":"dev","LocalStack":"true","Owner":"engineering","Project":"photo-editor","Terraform":"true"},"threshold":95,"threshold_metric_id":null,"treat_missing_data":"missing","unit":null},"after_unknown":{"arn":true,"dimensions":{},"evaluate_low_sample_count_percentiles":true,"id":true,"metric_query":[],"tags":{},"tags_all":{}},"before_sensitive":false,"after_sensitive":{"dimensions":{},"metric_query":[],"tags":{},"tags_all":{}}}},{"address":"module.sns.aws_cloudwatch_metric_alarm.sns_failed_notifications","module_address":"module.sns","mode":"managed","type":"aws_cloudwatch_metric_alarm","name":"sns_failed_notifications","provider_name":"registry.terraform.io/hashicorp/aws","change":{"actions":["create"],"before":null,"after":{"actions_enabled":true,"alarm_actions":null,"alarm_description":"High number of failed SNS notifications","alarm_name":"photo-editor-dev-sns-failed-notifications","comparison_operator":"GreaterThanThreshold","datapoints_to_alarm":null,"dimensions":{"TopicName":"photo-editor-dev-notifications"},"evaluation_periods":2,"extended_statistic":null,"insufficient_data_actions":null,"metric_name":"NumberOfNotificationsFailed","metric_query":[],"namespace":"AWS/SNS","ok_actions":null,"period":300,"statistic":"Sum","tags":{"CostCenter":"product","Environment":"dev","Owner":"engineering","Project":"photo-editor"},"tags_all":{"CostCenter":"product","Environment":"dev","LocalStack":"true","Owner":"engineering","Project":"photo-editor","Terraform":"true"},"threshold":5,"threshold_metric_id":null,"treat_missing_data":"missing","unit":null},"after_unknown":{"arn":true,"dimensions":{},"evaluate_low_sample_count_percentiles":true,"id":true,"metric_query":[],"tags":{},"tags_all":{}},"before_sensitive":false,"after_sensitive":{"dimensions":{},"metric_query":[],"tags":{},"tags_all":{}}}},{"address":"module.sns.aws_sns_topic.notifications","module_address":"module.sns","mode":"managed","type":"aws_sns_topic","name":"notifications","provider_name":"registry.terraform.io/hashicorp/aws","change":{"actions":["create"],"before":null,"after":{"application_failure_feedback_role_arn":null,"application_success_feedback_role_arn":null,"application_success_feedback_sample_rate":null,"archive_policy":null,"content_based_deduplication":false,"delivery_policy":"{\"http\":{\"defaultHealthyRetryPolicy\":{\"backoffFunction\":\"linear\",\"maxDelayTarget\":20,\"minDelayTarget\":20,\"numMaxDelayRetries\":0,\"numMinDelayRetries\":0,\"numNoDelayRetries\":0,\"numRetries\":3},\"disableSubscriptionOverrides\":false}}","display_name":null,"fifo_topic":false,"firehose_failure_feedback_role_arn":null,"firehose_success_feedback_role_arn":null,"firehose_success_feedback_sample_rate":null,"http_failure_feedback_role_arn":null,"http_success_feedback_role_arn":null,"http_success_feedback_sample_rate":null,"lambda_failure_feedback_role_arn":null,"lambda_success_feedback_role_arn":null,"lambda_success_feedback_sample_rate":null,"name":"photo-editor-dev-notifications","sqs_failure_feedback_role_arn":null,"sqs_success_feedback_role_arn":null,"sqs_success_feedback_sample_rate":null,"tags":{"CostCenter":"product","Environment":"dev","Name":"photo-editor-dev-notifications","Owner":"engineering","Project":"photo-editor","Purpose":"push-notifications"},"tags_all":{"CostCenter":"product","Environment":"dev","LocalStack":"true","Name":"photo-editor-dev-notifications","Owner":"engineering","Project":"photo-editor","Purpose":"push-notifications","Terraform":"true"}},"after_unknown":{"arn":true,"beginning_archive_time":true,"fifo_throughput_scope":true,"id":true,"kms_master_key_id":true,"name_prefix":true,"owner":true,"policy":true,"signature_version":true,"tags":{},"tags_all":{},"tracing_config":true},"before_sensitive":false,"after_sensitive":{"tags":{},"tags_all":{}}}},{"address":"module.sns.aws_sns_topic_policy.notifications","module_address":"module.sns","mode":"managed","type":"aws_sns_topic_policy","name":"notifications","provider_name":"registry.terraform.io/hashicorp/aws","change":{"actions":["create"],"before":null,"after":{},"after_unknown":{"arn":true,"id":true,"owner":true,"policy":true},"before_sensitive":false,"after_sensitive":{}}},{"address":"module.sqs.aws_cloudwatch_metric_alarm.dlq_messages","module_address":"module.sqs","mode":"managed","type":"aws_cloudwatch_metric_alarm","name":"dlq_messages","provider_name":"registry.terraform.io/hashicorp/aws","change":{"actions":["create"],"before":null,"after":{"actions_enabled":true,"alarm_actions":null,"alarm_description":"Messages in dead letter queue","alarm_name":"photo-editor-dev-dlq-messages","comparison_operator":"GreaterThanThreshold","datapoints_to_alarm":null,"dimensions":{"QueueName":"photo-editor-dev-dlq"},"evaluation_periods":1,"extended_statistic":null,"insufficient_data_actions":null,"metric_name":"ApproximateNumberOfVisibleMessages","metric_query":[],"namespace":"AWS/SQS","ok_actions":null,"period":300,"statistic":"Maximum","tags":{"CostCenter":"product","Environment":"dev","Owner":"engineering","Project":"photo-editor"},"tags_all":{"CostCenter":"product","Environment":"dev","LocalStack":"true","Owner":"engineering","Project":"photo-editor","Terraform":"true"},"threshold":0,"threshold_metric_id":null,"treat_missing_data":"missing","unit":null},"after_unknown":{"arn":true,"dimensions":{},"evaluate_low_sample_count_percentiles":true,"id":true,"metric_query":[],"tags":{},"tags_all":{}},"before_sensitive":false,"after_sensitive":{"dimensions":{},"metric_query":[],"tags":{},"tags_all":{}}}},{"address":"module.sqs.aws_cloudwatch_metric_alarm.queue_age","module_address":"module.sqs","mode":"managed","type":"aws_cloudwatch_metric_alarm","name":"queue_age","provider_name":"registry.terraform.io/hashicorp/aws","change":{"actions":["create"],"before":null,"after":{"actions_enabled":true,"alarm_actions":null,"alarm_description":"SQS messages are aging","alarm_name":"photo-editor-dev-queue-age","comparison_operator":"GreaterThanThreshold","datapoints_to_alarm":null,"dimensions":{"QueueName":"photo-editor-dev-queue"},"evaluation_periods":2,"extended_statistic":null,"insufficient_data_actions":null,"metric_name":"ApproximateAgeOfOldestMessage","metric_query":[],"namespace":"AWS/SQS","ok_actions":null,"period":300,"statistic":"Maximum","tags":{"CostCenter":"product","Environment":"dev","Owner":"engineering","Project":"photo-editor"},"tags_all":{"CostCenter":"product","Environment":"dev","LocalStack":"true","Owner":"engineering","Project":"photo-editor","Terraform":"true"},"threshold":600,"threshold_metric_id":null,"treat_missing_data":"missing","unit":null},"after_unknown":{"arn":true,"dimensions":{},"evaluate_low_sample_count_percentiles":true,"id":true,"metric_query":[],"tags":{},"tags_all":{}},"before_sensitive":false,"after_sensitive":{"dimensions":{},"metric_query":[],"tags":{},"tags_all":{}}}},{"address":"module.sqs.aws_cloudwatch_metric_alarm.queue_depth","module_address":"module.sqs","mode":"managed","type":"aws_cloudwatch_metric_alarm","name":"queue_depth","provider_name":"registry.terraform.io/hashicorp/aws","change":{"actions":["create"],"before":null,"after":{"actions_enabled":true,"alarm_actions":null,"alarm_description":"High number of messages in queue","alarm_name":"photo-editor-dev-queue-depth","comparison_operator":"GreaterThanThreshold","datapoints_to_alarm":null,"dimensions":{"QueueName":"photo-editor-dev-queue"},"evaluation_periods":2,"extended_statistic":null,"insufficient_data_actions":null,"metric_name":"ApproximateNumberOfVisibleMessages","metric_query":[],"namespace":"AWS/SQS","ok_actions":null,"period":300,"statistic":"Average","tags":{"CostCenter":"product","Environment":"dev","Owner":"engineering","Project":"photo-editor"},"tags_all":{"CostCenter":"product","Environment":"dev","LocalStack":"true","Owner":"engineering","Project":"photo-editor","Terraform":"true"},"threshold":100,"threshold_metric_id":null,"treat_missing_data":"missing","unit":null},"after_unknown":{"arn":true,"dimensions":{},"evaluate_low_sample_count_percentiles":true,"id":true,"metric_query":[],"tags":{},"tags_all":{}},"before_sensitive":false,"after_sensitive":{"dimensions":{},"metric_query":[],"tags":{},"tags_all":{}}}},{"address":"module.sqs.aws_sqs_queue.dlq","module_address":"module.sqs","mode":"managed","type":"aws_sqs_queue","name":"dlq","provider_name":"registry.terraform.io/hashicorp/aws","change":{"actions":["create"],"before":null,"after":{"content_based_deduplication":false,"delay_seconds":0,"fifo_queue":false,"kms_data_key_reuse_period_seconds":300,"max_message_size":262144,"message_retention_seconds":1209600,"name":"photo-editor-dev-dlq","receive_wait_time_seconds":0,"tags":{"CostCenter":"product","Environment":"dev","Name":"photo-editor-dev-dlq","Owner":"engineering","Project":"photo-editor","Purpose":"dead-letter-queue"},"tags_all":{"CostCenter":"product","Environment":"dev","LocalStack":"true","Name":"photo-editor-dev-dlq","Owner":"engineering","Project":"photo-editor","Purpose":"dead-letter-queue","Terraform":"true"},"timeouts":null,"visibility_timeout_seconds":30},"after_unknown":{"arn":true,"deduplication_scope":true,"fifo_throughput_limit":true,"id":true,"kms_master_key_id":true,"name_prefix":true,"policy":true,"redrive_allow_policy":true,"redrive_policy":true,"sqs_managed_sse_enabled":true,"tags":{},"tags_all":{},"url":true},"before_sensitive":false,"after_sensitive":{"tags":{},"tags_all":{}}}},{"address":"module.sqs.aws_sqs_queue.main","module_address":"module.sqs","mode":"managed","type":"aws_sqs_queue","name":"main","provider_name":"registry.terraform.io/hashicorp/aws","change":{"actions":["create"],"before":null,"after":{"content_based_deduplication":false,"delay_seconds":0,"fifo_queue":false,"kms_data_key_reuse_period_seconds":300,"max_message_size":262144,"message_retention_seconds":1209600,"name":"photo-editor-dev-queue","receive_wait_time_seconds":0,"tags":{"CostCenter":"product","Environment":"dev","Name":"photo-editor-dev-queue","Owner":"engineering","Project":"photo-editor","Purpose":"image-processing"},"tags_all":{"CostCenter":"product","Environment":"dev","LocalStack":"true","Name":"photo-editor-dev-queue","Owner":"engineering","Project":"photo-editor","Purpose":"image-processing","Terraform":"true"},"timeouts":null,"visibility_timeout_seconds":900},"after_unknown":{"arn":true,"deduplication_scope":true,"fifo_throughput_limit":true,"id":true,"kms_master_key_id":true,"name_prefix":true,"policy":true,"redrive_allow_policy":true,"redrive_policy":true,"sqs_managed_sse_enabled":true,"tags":{},"tags_all":{},"url":true},"before_sensitive":false,"after_sensitive":{"tags":{},"tags_all":{}}}},{"address":"module.sqs.aws_sqs_queue_policy.main","module_address":"module.sqs","mode":"managed","type":"aws_sqs_queue_policy","name":"main","provider_name":"registry.terraform.io/hashicorp/aws","change":{"actions":["create"],"before":null,"after":{},"after_unknown":{"id":true,"policy":true,"queue_url":true},"before_sensitive":false,"after_sensitive":{}}}],"output_changes":{"alarm_sns_topic_arn":{"actions":["create"],"before":null,"after_unknown":true,"before_sensitive":false,"after_sensitive":false},"api_gateway_id":{"actions":["update"],"before":"q0vo3hw9ux","after_unknown":true,"before_sensitive":false,"after_sensitive":false},"api_gateway_url":{"actions":["update"],"before":"http://localhost:4566/restapis/q0vo3hw9ux/dev/_user_request_","after_unknown":true,"before_sensitive":false,"after_sensitive":false},"dlq_arn":{"actions":["update"],"before":"arn:aws:sqs:us-east-1:000000000000:photoeditor-dev-dlq","after_unknown":true,"before_sensitive":false,"after_sensitive":false},"dlq_url":{"actions":["update"],"before":"http://sqs.us-east-1.localhost:4566/000000000000/photoeditor-dev-dlq","after_unknown":true,"before_sensitive":false,"after_sensitive":false},"final_bucket_arn":{"actions":["update"],"before":"arn:aws:s3:::photoeditor-dev-final-000000000000","after_unknown":true,"before_sensitive":false,"after_sensitive":false},"final_bucket_name":{"actions":["update"],"before":"photoeditor-dev-final-000000000000","after":"photo-editor-dev-final-000000000000","after_unknown":false,"before_sensitive":false,"after_sensitive":false},"jobs_table_arn":{"actions":["update"],"before":"arn:aws:dynamodb:us-east-1:000000000000:table/photoeditor-dev-jobs","after_unknown":true,"before_sensitive":false,"after_sensitive":false},"jobs_table_name":{"actions":["update"],"before":"photoeditor-dev-jobs","after":"photo-editor-dev-jobs","after_unknown":false,"before_sensitive":false,"after_sensitive":false},"lambda_function_arns":{"actions":["update"],"before":{"presign":"arn:aws:lambda:us-east-1:000000000000:function:photoeditor-dev-presign","status":"arn:aws:lambda:us-east-1:000000000000:function:photoeditor-dev-status","worker":"arn:aws:lambda:us-east-1:000000000000:function:photoeditor-dev-worker"},"after":{},"after_unknown":{"presign":true,"status":true,"worker":true},"before_sensitive":false,"after_sensitive":false},"lambda_function_names":{"actions":["update"],"before":{"presign":"photoeditor-dev-presign","status":"photoeditor-dev-status","worker":"photoeditor-dev-worker"},"after":{"presign":"photo-editor-dev-presign","status":"photo-editor-dev-status","worker":"photo-editor-dev-worker"},"after_unknown":false,"before_sensitive":false,"after_sensitive":false},"queue_arn":{"actions":["update"],"before":"arn:aws:sqs:us-east-1:000000000000:photoeditor-dev-queue","after_unknown":true,"before_sensitive":false,"after_sensitive":false},"queue_url":{"actions":["update"],"before":"http://sqs.us-east-1.localhost:4566/000000000000/photoeditor-dev-queue","after_unknown":true,"before_sensitive":false,"after_sensitive":false},"sns_topic_arn":{"actions":["update"],"before":"arn:aws:sns:us-east-1:000000000000:photoeditor-dev-notifications","after_unknown":true,"before_sensitive":false,"after_sensitive":false},"temp_bucket_arn":{"actions":["update"],"before":"arn:aws:s3:::photoeditor-dev-temp-000000000000","after_unknown":true,"before_sensitive":false,"after_sensitive":false},"temp_bucket_name":{"actions":["update"],"before":"photoeditor-dev-temp-000000000000","after":"photo-editor-dev-temp-000000000000","after_unknown":false,"before_sensitive":false,"after_sensitive":false}},"prior_state":{"format_version":"1.0","terraform_version":"1.13.3","values":{"outputs":{"api_gateway_id":{"sensitive":false,"value":"q0vo3hw9ux","type":"string"},"api_gateway_url":{"sensitive":false,"value":"http://localhost:4566/restapis/q0vo3hw9ux/dev/_user_request_","type":"string"},"dlq_arn":{"sensitive":false,"value":"arn:aws:sqs:us-east-1:000000000000:photoeditor-dev-dlq","type":"string"},"dlq_url":{"sensitive":false,"value":"http://sqs.us-east-1.localhost:4566/000000000000/photoeditor-dev-dlq","type":"string"},"environment_config":{"sensitive":false,"value":{"api_url":"http://localhost:4566/restapis/q0vo3hw9ux/dev/_user_request_","aws_endpoint_url":"http://localhost:4566","enable_stub_providers":true,"environment":"dev","final_bucket":"photoeditor-dev-final-000000000000","gemini_endpoint":"http://localhost:3001/mock-gemini","jobs_table":"photoeditor-dev-jobs","queue_url":"http://sqs.us-east-1.localhost:4566/000000000000/photoeditor-dev-queue","region":"us-east-1","seedream_endpoint":"http://localhost:3001/mock-seedream","sns_topic":"arn:aws:sns:us-east-1:000000000000:photoeditor-dev-notifications","temp_bucket":"photoeditor-dev-temp-000000000000"},"type":["object",{"api_url":"string","aws_endpoint_url":"string","enable_stub_providers":"bool","environment":"string","final_bucket":"string","gemini_endpoint":"string","jobs_table":"string","queue_url":"string","region":"string","seedream_endpoint":"string","sns_topic":"string","temp_bucket":"string"}]},"final_bucket_arn":{"sensitive":false,"value":"arn:aws:s3:::photoeditor-dev-final-000000000000","type":"string"},"final_bucket_name":{"sensitive":false,"value":"photo-editor-dev-final-000000000000","type":"string"},"jobs_table_arn":{"sensitive":false,"value":"arn:aws:dynamodb:us-east-1:000000000000:table/photoeditor-dev-jobs","type":"string"},"jobs_table_name":{"sensitive":false,"value":"photo-editor-dev-jobs","type":"string"},"lambda_function_arns":{"sensitive":false,"value":{"presign":"arn:aws:lambda:us-east-1:000000000000:function:photoeditor-dev-presign","status":"arn:aws:lambda:us-east-1:000000000000:function:photoeditor-dev-status","worker":"arn:aws:lambda:us-east-1:000000000000:function:photoeditor-dev-worker"},"type":["object",{"presign":"string","status":"string","worker":"string"}]},"lambda_function_names":{"sensitive":false,"value":{"presign":"photo-editor-dev-presign","status":"photo-editor-dev-status","worker":"photo-editor-dev-worker"},"type":["object",{"presign":"string","status":"string","worker":"string"}]},"queue_arn":{"sensitive":false,"value":"arn:aws:sqs:us-east-1:000000000000:photoeditor-dev-queue","type":"string"},"queue_url":{"sensitive":false,"value":"http://sqs.us-east-1.localhost:4566/000000000000/photoeditor-dev-queue","type":"string"},"sns_topic_arn":{"sensitive":false,"value":"arn:aws:sns:us-east-1:000000000000:photoeditor-dev-notifications","type":"string"},"temp_bucket_arn":{"sensitive":false,"value":"arn:aws:s3:::photoeditor-dev-temp-000000000000","type":"string"},"temp_bucket_name":{"sensitive":false,"value":"photo-editor-dev-temp-000000000000","type":"string"}},"root_module":{"resources":[{"address":"data.aws_caller_identity.current","mode":"data","type":"aws_caller_identity","name":"current","provider_name":"registry.terraform.io/hashicorp/aws","schema_version":0,"values":{"account_id":"000000000000","arn":"arn:aws:iam::000000000000:root","id":"000000000000","user_id":"AKIAIOSFODNN7EXAMPLE"},"sensitive_values":{}},{"address":"data.aws_partition.current","mode":"data","type":"aws_partition","name":"current","provider_name":"registry.terraform.io/hashicorp/aws","schema_version":0,"values":{"dns_suffix":"amazonaws.com","id":"aws","partition":"aws","reverse_dns_prefix":"com.amazonaws"},"sensitive_values":{}},{"address":"aws_api_gateway_deployment.api_deployment","mode":"managed","type":"aws_api_gateway_deployment","name":"api_deployment","provider_name":"registry.terraform.io/hashicorp/aws","schema_version":0,"values":{"canary_settings":[],"created_date":"2025-10-04T02:49:50Z","description":"","execution_arn":"arn:aws:execute-api:us-east-1::q0vo3hw9ux/","id":"es90gz1nt7","invoke_url":"https://q0vo3hw9ux.execute-api.us-east-1.amazonaws.com/","rest_api_id":"q0vo3hw9ux","stage_description":null,"stage_name":null,"triggers":null,"variables":null},"sensitive_values":{"canary_settings":[]},"depends_on":["aws_api_gateway_integration.download_item_integration","aws_api_gateway_integration.presign_integration","aws_api_gateway_integration.status_integration","aws_api_gateway_integration.status_item_integration","aws_api_gateway_method.download_item_get","aws_api_gateway_method.presign_post","aws_api_gateway_method.status_get","aws_api_gateway_method.status_item_get","aws_api_gateway_resource.download","aws_api_gateway_resource.download_item","aws_api_gateway_resource.presign","aws_api_gateway_resource.status","aws_api_gateway_resource.status_item","aws_api_gateway_rest_api.api","aws_dynamodb_table.jobs","aws_iam_role.lambda_execution_role","aws_lambda_function.download","aws_lambda_function.presign","aws_lambda_function.status","data.aws_caller_identity.current","module.s3.aws_s3_bucket.final","module.s3.aws_s3_bucket.temp"]},{"address":"aws_api_gateway_stage.dev","mode":"managed","type":"aws_api_gateway_stage","name":"dev","provider_name":"registry.terraform.io/hashicorp/aws","schema_version":0,"values":{"access_log_settings":[],"arn":"arn:aws:apigateway:us-east-1::/restapis/q0vo3hw9ux/stages/dev","cache_cluster_enabled":false,"cache_cluster_size":"","canary_settings":[],"client_certificate_id":"","deployment_id":"es90gz1nt7","description":"","documentation_version":"","execution_arn":"arn:aws:execute-api:us-east-1::q0vo3hw9ux/dev","id":"ags-q0vo3hw9ux-dev","invoke_url":"https://q0vo3hw9ux.execute-api.us-east-1.amazonaws.com/dev","rest_api_id":"q0vo3hw9ux","stage_name":"dev","tags":null,"tags_all":{"Environment":"dev","LocalDev":"true","LocalStack":"true","ManagedBy":"Terraform","Project":"PhotoEditor","Terraform":"true"},"variables":null,"web_acl_arn":"","xray_tracing_enabled":false},"sensitive_values":{"access_log_settings":[],"canary_settings":[],"tags_all":{}},"depends_on":["aws_api_gateway_deployment.api_deployment","aws_api_gateway_integration.download_item_integration","aws_api_gateway_integration.presign_integration","aws_api_gateway_integration.status_integration","aws_api_gateway_integration.status_item_integration","aws_api_gateway_method.download_item_get","aws_api_gateway_method.presign_post","aws_api_gateway_method.status_get","aws_api_gateway_method.status_item_get","aws_api_gateway_resource.download","aws_api_gateway_resource.download_item","aws_api_gateway_resource.presign","aws_api_gateway_resource.status","aws_api_gateway_resource.status_item","aws_api_gateway_rest_api.api","aws_dynamodb_table.jobs","aws_iam_role.lambda_execution_role","aws_lambda_function.download","aws_lambda_function.presign","aws_lambda_function.status","data.aws_caller_identity.current","module.s3.aws_s3_bucket.final","module.s3.aws_s3_bucket.temp"]},{"address":"aws_iam_role_policy.lambda_policy","mode":"managed","type":"aws_iam_role_policy","name":"lambda_policy","provider_name":"registry.terraform.io/hashicorp/aws","schema_version":0,"values":{"id":"photoeditor-dev-lambda-execution-role:photoeditor-dev-lambda-policy","name":"photoeditor-dev-lambda-policy","name_prefix":"","policy":"{\"Version\":\"2012-10-17\",\"Statement\":[{\"Action\":[\"logs:CreateLogGroup\",\"logs:CreateLogStream\",\"logs:PutLogEvents\"],\"Effect\":\"Allow\",\"Resource\":\"arn:aws:logs:*:*:*\"},{\"Action\":[\"s3:GetObject\",\"s3:PutObject\",\"s3:DeleteObject\"],\"Effect\":\"Allow\",\"Resource\":[\"arn:aws:s3:::photoeditor-dev-temp-000000000000/*\",\"arn:aws:s3:::photoeditor-dev-final-000000000000/*\"]},{\"Action\":[\"dynamodb:GetItem\",\"dynamodb:PutItem\",\"dynamodb:UpdateItem\",\"dynamodb:DeleteItem\",\"dynamodb:Query\"],\"Effect\":\"Allow\",\"Resource\":[\"arn:aws:dynamodb:us-east-1:000000000000:table/photoeditor-dev-jobs\",\"arn:aws:dynamodb:us-east-1:000000000000:table/photoeditor-dev-jobs-batches\"]},{\"Action\":[\"sqs:SendMessage\",\"sqs:ReceiveMessage\",\"sqs:DeleteMessage\",\"sqs:GetQueueAttributes\"],\"Effect\":\"Allow\",\"Resource\":[\"arn:aws:sqs:us-east-1:000000000000:photoeditor-dev-queue\",\"arn:aws:sqs:us-east-1:000000000000:photoeditor-dev-dlq\"]},{\"Action\":[\"sns:Publish\"],\"Effect\":\"Allow\",\"Resource\":\"arn:aws:sns:us-east-1:000000000000:photoeditor-dev-notifications\"},{\"Action\":[\"ssm:GetParameter\",\"ssm:GetParameters\"],\"Effect\":\"Allow\",\"Resource\":\"arn:aws:ssm:*:*:parameter/photoeditor-dev/*\"}]}","role":"photoeditor-dev-lambda-execution-role"},"sensitive_values":{},"depends_on":["aws_dynamodb_table.jobs","aws_dynamodb_table.jobs_batches","aws_iam_role.lambda_execution_role","data.aws_caller_identity.current","module.kms.aws_kms_key.main","module.kms.data.aws_caller_identity.current","module.s3.aws_s3_bucket.final","module.s3.aws_s3_bucket.temp","module.sns.aws_sns_topic.notifications","module.sqs.aws_sqs_queue.dlq","module.sqs.aws_sqs_queue.main"]}],"child_modules":[{"resources":[{"address":"module.kms.data.aws_caller_identity.current","mode":"data","type":"aws_caller_identity","name":"current","provider_name":"registry.terraform.io/hashicorp/aws","schema_version":0,"values":{"account_id":"000000000000","arn":"arn:aws:iam::000000000000:root","id":"000000000000","user_id":"AKIAIOSFODNN7EXAMPLE"},"sensitive_values":{}}],"address":"module.kms"},{"resources":[{"address":"module.monitoring.data.aws_region.current","mode":"data","type":"aws_region","name":"current","provider_name":"registry.terraform.io/hashicorp/aws","schema_version":0,"values":{"description":"US East (N. Virginia)","endpoint":"ec2.us-east-1.amazonaws.com","id":"us-east-1","name":"us-east-1"},"sensitive_values":{}}],"address":"module.monitoring"},{"resources":[{"address":"module.sns.data.aws_caller_identity.current","mode":"data","type":"aws_caller_identity","name":"current","provider_name":"registry.terraform.io/hashicorp/aws","schema_version":0,"values":{"account_id":"000000000000","arn":"arn:aws:iam::000000000000:root","id":"000000000000","user_id":"AKIAIOSFODNN7EXAMPLE"},"sensitive_values":{}}],"address":"module.sns"}]}}},"configuration":{"provider_config":{"aws":{"name":"aws","full_name":"registry.terraform.io/hashicorp/aws","version_constraint":"~\u003e 5.0","expressions":{"access_key":{"constant_value":"test"},"default_tags":[{"tags":{"references":["var.tags","var.environment"]}}],"endpoints":[{"apigateway":{"constant_value":"http://localhost:4566"},"cloudformation":{"constant_value":"http://localhost:4566"},"cloudwatch":{"constant_value":"http://localhost:4566"},"dynamodb":{"constant_value":"http://localhost:4566"},"ec2":{"constant_value":"http://localhost:4566"},"iam":{"constant_value":"http://localhost:4566"},"kms":{"constant_value":"http://localhost:4566"},"lambda":{"constant_value":"http://localhost:4566"},"logs":{"constant_value":"http://localhost:4566"},"s3":{"constant_value":"http://localhost:4566"},"sns":{"constant_value":"http://localhost:4566"},"sqs":{"constant_value":"http://localhost:4566"},"ssm":{"constant_value":"http://localhost:4566"},"sts":{"constant_value":"http://localhost:4566"}}],"region":{"references":["var.region"]},"s3_use_path_style":{"constant_value":true},"secret_key":{"constant_value":"test"},"skip_credentials_validation":{"constant_value":true},"skip_metadata_api_check":{"constant_value":true},"skip_requesting_account_id":{"constant_value":true}}}},"root_module":{"outputs":{"alarm_sns_topic_arn":{"expression":{"references":["module.monitoring.alarms_topic_arn","module.monitoring"]},"description":"SNS topic ARN for alarm notifications"},"api_gateway_id":{"expression":{"references":["aws_api_gateway_rest_api.api.id","aws_api_gateway_rest_api.api"]},"description":"API Gateway REST API ID"},"api_gateway_url":{"expression":{"references":["aws_api_gateway_rest_api.api.id","aws_api_gateway_rest_api.api"]},"description":"API Gateway stage invoke URL"},"cloudwatch_dashboard_name":{"expression":{"references":["module.monitoring.dashboard_name","module.monitoring"]},"description":"Name of the CloudWatch dashboard"},"cloudwatch_dashboard_url":{"expression":{"references":["var.region","module.monitoring.dashboard_name","module.monitoring"]},"description":"URL to CloudWatch dashboard"},"dlq_arn":{"expression":{"references":["module.sqs.dlq_arn","module.sqs"]},"description":"ARN of the SQS dead letter queue"},"dlq_url":{"expression":{"references":["module.sqs.dlq_url","module.sqs"]},"description":"URL of the SQS dead letter queue"},"environment_config":{"expression":{"references":["var.region","var.environment","aws_api_gateway_rest_api.api.id","aws_api_gateway_rest_api.api","module.s3.temp_bucket_name","module.s3","module.s3.final_bucket_name","module.s3","aws_dynamodb_table.jobs.name","aws_dynamodb_table.jobs","module.sqs.queue_url","module.sqs","module.sns.topic_arn","module.sns","var.gemini_api_endpoint","var.seedream_api_endpoint","var.enable_stub_providers","module.monitoring.dashboard_name","module.monitoring"]},"description":"Environment configuration for mobile app"},"final_bucket_arn":{"expression":{"references":["module.s3.final_bucket_arn","module.s3"]},"description":"ARN of the final S3 bucket"},"final_bucket_name":{"expression":{"references":["module.s3.final_bucket_name","module.s3"]},"description":"Name of the final S3 bucket"},"jobs_table_arn":{"expression":{"references":["aws_dynamodb_table.jobs.arn","aws_dynamodb_table.jobs"]},"description":"ARN of the DynamoDB jobs table"},"jobs_table_name":{"expression":{"references":["aws_dynamodb_table.jobs.name","aws_dynamodb_table.jobs"]},"description":"Name of the DynamoDB jobs table"},"lambda_function_arns":{"expression":{"references":["aws_lambda_function.presign.arn","aws_lambda_function.presign","aws_lambda_function.status.arn","aws_lambda_function.status","aws_lambda_function.worker.arn","aws_lambda_function.worker"]},"description":"ARNs of Lambda functions"},"lambda_function_names":{"expression":{"references":["aws_lambda_function.presign.function_name","aws_lambda_function.presign","aws_lambda_function.status.function_name","aws_lambda_function.status","aws_lambda_function.worker.function_name","aws_lambda_function.worker"]},"description":"Names of Lambda functions"},"queue_arn":{"expression":{"references":["module.sqs.queue_arn","module.sqs"]},"description":"ARN of the SQS processing queue"},"queue_url":{"expression":{"references":["module.sqs.queue_url","module.sqs"]},"description":"URL of the SQS processing queue"},"sns_topic_arn":{"expression":{"references":["module.sns.topic_arn","module.sns"]},"description":"ARN of the SNS topic"},"temp_bucket_arn":{"expression":{"references":["module.s3.temp_bucket_arn","module.s3"]},"description":"ARN of the temporary S3 bucket"},"temp_bucket_name":{"expression":{"references":["module.s3.temp_bucket_name","module.s3"]},"description":"Name of the temporary S3 bucket"}},"resources":[{"address":"aws_api_gateway_account.main","mode":"managed","type":"aws_api_gateway_account","name":"main","provider_config_key":"aws","expressions":{"cloudwatch_role_arn":{"references":["aws_iam_role.api_gateway_cloudwatch.arn","aws_iam_role.api_gateway_cloudwatch"]}},"schema_version":0},{"address":"aws_api_gateway_deployment.api_deployment","mode":"managed","type":"aws_api_gateway_deployment","name":"api_deployment","provider_config_key":"aws","expressions":{"rest_api_id":{"references":["aws_api_gateway_rest_api.api.id","aws_api_gateway_rest_api.api"]}},"schema_version":0,"depends_on":["aws_api_gateway_integration.presign_integration","aws_api_gateway_integration.status_integration","aws_api_gateway_integration.status_item_integration","aws_api_gateway_integration.download_item_integration","aws_api_gateway_integration.device_tokens_post_integration","aws_api_gateway_integration.device_tokens_delete_integration"]},{"address":"aws_api_gateway_integration.device_tokens_delete_integration","mode":"managed","type":"aws_api_gateway_integration","name":"device_tokens_delete_integration","provider_config_key":"aws","expressions":{"http_method":{"references":["aws_api_gateway_method.device_tokens_delete.http_method","aws_api_gateway_method.device_tokens_delete"]},"integration_http_method":{"constant_value":"POST"},"resource_id":{"references":["aws_api_gateway_resource.device_tokens.id","aws_api_gateway_resource.device_tokens"]},"rest_api_id":{"references":["aws_api_gateway_rest_api.api.id","aws_api_gateway_rest_api.api"]},"type":{"constant_value":"AWS_PROXY"},"uri":{"references":["aws_lambda_function.device_token.invoke_arn","aws_lambda_function.device_token"]}},"schema_version":0},{"address":"aws_api_gateway_integration.device_tokens_post_integration","mode":"managed","type":"aws_api_gateway_integration","name":"device_tokens_post_integration","provider_config_key":"aws","expressions":{"http_method":{"references":["aws_api_gateway_method.device_tokens_post.http_method","aws_api_gateway_method.device_tokens_post"]},"integration_http_method":{"constant_value":"POST"},"resource_id":{"references":["aws_api_gateway_resource.device_tokens.id","aws_api_gateway_resource.device_tokens"]},"rest_api_id":{"references":["aws_api_gateway_rest_api.api.id","aws_api_gateway_rest_api.api"]},"type":{"constant_value":"AWS_PROXY"},"uri":{"references":["aws_lambda_function.device_token.invoke_arn","aws_lambda_function.device_token"]}},"schema_version":0},{"address":"aws_api_gateway_integration.download_item_integration","mode":"managed","type":"aws_api_gateway_integration","name":"download_item_integration","provider_config_key":"aws","expressions":{"http_method":{"references":["aws_api_gateway_method.download_item_get.http_method","aws_api_gateway_method.download_item_get"]},"integration_http_method":{"constant_value":"POST"},"resource_id":{"references":["aws_api_gateway_resource.download_item.id","aws_api_gateway_resource.download_item"]},"rest_api_id":{"references":["aws_api_gateway_rest_api.api.id","aws_api_gateway_rest_api.api"]},"type":{"constant_value":"AWS_PROXY"},"uri":{"references":["aws_lambda_function.download.invoke_arn","aws_lambda_function.download"]}},"schema_version":0},{"address":"aws_api_gateway_integration.presign_integration","mode":"managed","type":"aws_api_gateway_integration","name":"presign_integration","provider_config_key":"aws","expressions":{"http_method":{"references":["aws_api_gateway_method.presign_post.http_method","aws_api_gateway_method.presign_post"]},"integration_http_method":{"constant_value":"POST"},"resource_id":{"references":["aws_api_gateway_resource.presign.id","aws_api_gateway_resource.presign"]},"rest_api_id":{"references":["aws_api_gateway_rest_api.api.id","aws_api_gateway_rest_api.api"]},"type":{"constant_value":"AWS_PROXY"},"uri":{"references":["aws_lambda_function.presign.invoke_arn","aws_lambda_function.presign"]}},"schema_version":0},{"address":"aws_api_gateway_integration.status_integration","mode":"managed","type":"aws_api_gateway_integration","name":"status_integration","provider_config_key":"aws","expressions":{"http_method":{"references":["aws_api_gateway_method.status_get.http_method","aws_api_gateway_method.status_get"]},"integration_http_method":{"constant_value":"POST"},"resource_id":{"references":["aws_api_gateway_resource.status.id","aws_api_gateway_resource.status"]},"rest_api_id":{"references":["aws_api_gateway_rest_api.api.id","aws_api_gateway_rest_api.api"]},"type":{"constant_value":"AWS_PROXY"},"uri":{"references":["aws_lambda_function.status.invoke_arn","aws_lambda_function.status"]}},"schema_version":0},{"address":"aws_api_gateway_integration.status_item_integration","mode":"managed","type":"aws_api_gateway_integration","name":"status_item_integration","provider_config_key":"aws","expressions":{"http_method":{"references":["aws_api_gateway_method.status_item_get.http_method","aws_api_gateway_method.status_item_get"]},"integration_http_method":{"constant_value":"POST"},"resource_id":{"references":["aws_api_gateway_resource.status_item.id","aws_api_gateway_resource.status_item"]},"rest_api_id":{"references":["aws_api_gateway_rest_api.api.id","aws_api_gateway_rest_api.api"]},"type":{"constant_value":"AWS_PROXY"},"uri":{"references":["aws_lambda_function.status.invoke_arn","aws_lambda_function.status"]}},"schema_version":0},{"address":"aws_api_gateway_method.device_tokens_delete","mode":"managed","type":"aws_api_gateway_method","name":"device_tokens_delete","provider_config_key":"aws","expressions":{"authorization":{"constant_value":"NONE"},"http_method":{"constant_value":"DELETE"},"resource_id":{"references":["aws_api_gateway_resource.device_tokens.id","aws_api_gateway_resource.device_tokens"]},"rest_api_id":{"references":["aws_api_gateway_rest_api.api.id","aws_api_gateway_rest_api.api"]}},"schema_version":0},{"address":"aws_api_gateway_method.device_tokens_post","mode":"managed","type":"aws_api_gateway_method","name":"device_tokens_post","provider_config_key":"aws","expressions":{"authorization":{"constant_value":"NONE"},"http_method":{"constant_value":"POST"},"resource_id":{"references":["aws_api_gateway_resource.device_tokens.id","aws_api_gateway_resource.device_tokens"]},"rest_api_id":{"references":["aws_api_gateway_rest_api.api.id","aws_api_gateway_rest_api.api"]}},"schema_version":0},{"address":"aws_api_gateway_method.download_item_get","mode":"managed","type":"aws_api_gateway_method","name":"download_item_get","provider_config_key":"aws","expressions":{"authorization":{"constant_value":"NONE"},"http_method":{"constant_value":"GET"},"resource_id":{"references":["aws_api_gateway_resource.download_item.id","aws_api_gateway_resource.download_item"]},"rest_api_id":{"references":["aws_api_gateway_rest_api.api.id","aws_api_gateway_rest_api.api"]}},"schema_version":0},{"address":"aws_api_gateway_method.presign_post","mode":"managed","type":"aws_api_gateway_method","name":"presign_post","provider_config_key":"aws","expressions":{"authorization":{"constant_value":"NONE"},"http_method":{"constant_value":"POST"},"resource_id":{"references":["aws_api_gateway_resource.presign.id","aws_api_gateway_resource.presign"]},"rest_api_id":{"references":["aws_api_gateway_rest_api.api.id","aws_api_gateway_rest_api.api"]}},"schema_version":0},{"address":"aws_api_gateway_method.status_get","mode":"managed","type":"aws_api_gateway_method","name":"status_get","provider_config_key":"aws","expressions":{"authorization":{"constant_value":"NONE"},"http_method":{"constant_value":"GET"},"resource_id":{"references":["aws_api_gateway_resource.status.id","aws_api_gateway_resource.status"]},"rest_api_id":{"references":["aws_api_gateway_rest_api.api.id","aws_api_gateway_rest_api.api"]}},"schema_version":0},{"address":"aws_api_gateway_method.status_item_get","mode":"managed","type":"aws_api_gateway_method","name":"status_item_get","provider_config_key":"aws","expressions":{"authorization":{"constant_value":"NONE"},"http_method":{"constant_value":"GET"},"resource_id":{"references":["aws_api_gateway_resource.status_item.id","aws_api_gateway_resource.status_item"]},"rest_api_id":{"references":["aws_api_gateway_rest_api.api.id","aws_api_gateway_rest_api.api"]}},"schema_version":0},{"address":"aws_api_gateway_method_settings.all","mode":"managed","type":"aws_api_gateway_method_settings","name":"all","provider_config_key":"aws","expressions":{"method_path":{"constant_value":"*/*"},"rest_api_id":{"references":["aws_api_gateway_rest_api.api.id","aws_api_gateway_rest_api.api"]},"settings":[{"data_trace_enabled":{"references":["var.environment"]},"logging_level":{"references":["var.api_gateway_log_level"]},"metrics_enabled":{"constant_value":true}}],"stage_name":{"references":["aws_api_gateway_stage.dev.stage_name","aws_api_gateway_stage.dev"]}},"schema_version":0},{"address":"aws_api_gateway_method_settings.device_tokens_throttling","mode":"managed","type":"aws_api_gateway_method_settings","name":"device_tokens_throttling","provider_config_key":"aws","expressions":{"method_path":{"references":["aws_api_gateway_resource.v1.path_part","aws_api_gateway_resource.v1","aws_api_gateway_resource.device_tokens.path_part","aws_api_gateway_resource.device_tokens"]},"rest_api_id":{"references":["aws_api_gateway_rest_api.api.id","aws_api_gateway_rest_api.api"]},"settings":[{"logging_level":{"references":["var.api_gateway_log_level"]},"metrics_enabled":{"constant_value":true},"throttling_burst_limit":{"constant_value":100},"throttling_rate_limit":{"constant_value":50}}],"stage_name":{"references":["aws_api_gateway_stage.dev.stage_name","aws_api_gateway_stage.dev"]}},"schema_version":0},{"address":"aws_api_gateway_resource.device_tokens","mode":"managed","type":"aws_api_gateway_resource","name":"device_tokens","provider_config_key":"aws","expressions":{"parent_id":{"references":["aws_api_gateway_resource.v1.id","aws_api_gateway_resource.v1"]},"path_part":{"constant_value":"device-tokens"},"rest_api_id":{"references":["aws_api_gateway_rest_api.api.id","aws_api_gateway_rest_api.api"]}},"schema_version":0},{"address":"aws_api_gateway_resource.download","mode":"managed","type":"aws_api_gateway_resource","name":"download","provider_config_key":"aws","expressions":{"parent_id":{"references":["aws_api_gateway_rest_api.api.root_resource_id","aws_api_gateway_rest_api.api"]},"path_part":{"constant_value":"download"},"rest_api_id":{"references":["aws_api_gateway_rest_api.api.id","aws_api_gateway_rest_api.api"]}},"schema_version":0},{"address":"aws_api_gateway_resource.download_item","mode":"managed","type":"aws_api_gateway_resource","name":"download_item","provider_config_key":"aws","expressions":{"parent_id":{"references":["aws_api_gateway_resource.download.id","aws_api_gateway_resource.download"]},"path_part":{"constant_value":"{jobId}"},"rest_api_id":{"references":["aws_api_gateway_rest_api.api.id","aws_api_gateway_rest_api.api"]}},"schema_version":0},{"address":"aws_api_gateway_resource.presign","mode":"managed","type":"aws_api_gateway_resource","name":"presign","provider_config_key":"aws","expressions":{"parent_id":{"references":["aws_api_gateway_rest_api.api.root_resource_id","aws_api_gateway_rest_api.api"]},"path_part":{"constant_value":"presign"},"rest_api_id":{"references":["aws_api_gateway_rest_api.api.id","aws_api_gateway_rest_api.api"]}},"schema_version":0},{"address":"aws_api_gateway_resource.status","mode":"managed","type":"aws_api_gateway_resource","name":"status","provider_config_key":"aws","expressions":{"parent_id":{"references":["aws_api_gateway_rest_api.api.root_resource_id","aws_api_gateway_rest_api.api"]},"path_part":{"constant_value":"status"},"rest_api_id":{"references":["aws_api_gateway_rest_api.api.id","aws_api_gateway_rest_api.api"]}},"schema_version":0},{"address":"aws_api_gateway_resource.status_item","mode":"managed","type":"aws_api_gateway_resource","name":"status_item","provider_config_key":"aws","expressions":{"parent_id":{"references":["aws_api_gateway_resource.status.id","aws_api_gateway_resource.status"]},"path_part":{"constant_value":"{jobId}"},"rest_api_id":{"references":["aws_api_gateway_rest_api.api.id","aws_api_gateway_rest_api.api"]}},"schema_version":0},{"address":"aws_api_gateway_resource.v1","mode":"managed","type":"aws_api_gateway_resource","name":"v1","provider_config_key":"aws","expressions":{"parent_id":{"references":["aws_api_gateway_rest_api.api.root_resource_id","aws_api_gateway_rest_api.api"]},"path_part":{"constant_value":"v1"},"rest_api_id":{"references":["aws_api_gateway_rest_api.api.id","aws_api_gateway_rest_api.api"]}},"schema_version":0},{"address":"aws_api_gateway_rest_api.api","mode":"managed","type":"aws_api_gateway_rest_api","name":"api","provider_config_key":"aws","expressions":{"name":{"references":["local.api_name"]},"tags":{"references":["var.tags"]}},"schema_version":0},{"address":"aws_api_gateway_stage.dev","mode":"managed","type":"aws_api_gateway_stage","name":"dev","provider_config_key":"aws","expressions":{"deployment_id":{"references":["aws_api_gateway_deployment.api_deployment.id","aws_api_gateway_deployment.api_deployment"]},"rest_api_id":{"references":["aws_api_gateway_rest_api.api.id","aws_api_gateway_rest_api.api"]},"stage_name":{"constant_value":"dev"}},"schema_version":0},{"address":"aws_cloudwatch_log_group.bff","mode":"managed","type":"aws_cloudwatch_log_group","name":"bff","provider_config_key":"aws","expressions":{"name":{"references":["aws_lambda_function.bff[0].function_name","aws_lambda_function.bff[0]","aws_lambda_function.bff"]},"retention_in_days":{"references":["var.log_retention_days"]},"tags":{"references":["var.tags"]}},"schema_version":0,"count_expression":{"references":["var.enable_bff_lambda"]}},{"address":"aws_cloudwatch_log_group.device_token","mode":"managed","type":"aws_cloudwatch_log_group","name":"device_token","provider_config_key":"aws","expressions":{"name":{"references":["aws_lambda_function.device_token.function_name","aws_lambda_function.device_token"]},"retention_in_days":{"references":["var.log_retention_days"]},"tags":{"references":["var.tags"]}},"schema_version":0},{"address":"aws_cloudwatch_log_group.download","mode":"managed","type":"aws_cloudwatch_log_group","name":"download","provider_config_key":"aws","expressions":{"name":{"references":["aws_lambda_function.download.function_name","aws_lambda_function.download"]},"retention_in_days":{"references":["var.log_retention_days"]},"tags":{"references":["var.tags"]}},"schema_version":0},{"address":"aws_cloudwatch_log_group.presign","mode":"managed","type":"aws_cloudwatch_log_group","name":"presign","provider_config_key":"aws","expressions":{"name":{"references":["aws_lambda_function.presign.function_name","aws_lambda_function.presign"]},"retention_in_days":{"references":["var.log_retention_days"]},"tags":{"references":["var.tags"]}},"schema_version":0},{"address":"aws_cloudwatch_log_group.status","mode":"managed","type":"aws_cloudwatch_log_group","name":"status","provider_config_key":"aws","expressions":{"name":{"references":["aws_lambda_function.status.function_name","aws_lambda_function.status"]},"retention_in_days":{"references":["var.log_retention_days"]},"tags":{"references":["var.tags"]}},"schema_version":0},{"address":"aws_cloudwatch_log_group.worker","mode":"managed","type":"aws_cloudwatch_log_group","name":"worker","provider_config_key":"aws","expressions":{"name":{"references":["aws_lambda_function.worker.function_name","aws_lambda_function.worker"]},"retention_in_days":{"references":["var.log_retention_days"]},"tags":{"references":["var.tags"]}},"schema_version":0},{"address":"aws_dynamodb_table.jobs","mode":"managed","type":"aws_dynamodb_table","name":"jobs","provider_config_key":"aws","expressions":{"attribute":[{"name":{"constant_value":"jobId"},"type":{"constant_value":"S"}}],"billing_mode":{"constant_value":"PAY_PER_REQUEST"},"hash_key":{"constant_value":"jobId"},"name":{"references":["local.jobs_table_name"]},"tags":{"references":["var.tags"]},"ttl":[{"attribute_name":{"constant_value":"expires_at"},"enabled":{"constant_value":true}}]},"schema_version":1},{"address":"aws_dynamodb_table.jobs_batches","mode":"managed","type":"aws_dynamodb_table","name":"jobs_batches","provider_config_key":"aws","expressions":{"attribute":[{"name":{"constant_value":"batchJobId"},"type":{"constant_value":"S"}}],"billing_mode":{"constant_value":"PAY_PER_REQUEST"},"hash_key":{"constant_value":"batchJobId"},"name":{"references":["local.jobs_table_name"]},"tags":{"references":["var.tags"]},"ttl":[{"attribute_name":{"constant_value":"expires_at"},"enabled":{"constant_value":true}}]},"schema_version":1},{"address":"aws_iam_role.api_gateway_cloudwatch","mode":"managed","type":"aws_iam_role","name":"api_gateway_cloudwatch","provider_config_key":"aws","expressions":{"assume_role_policy":{},"name":{"references":["local.common_name"]},"tags":{"references":["var.tags"]}},"schema_version":0},{"address":"aws_iam_role.lambda_execution_role","mode":"managed","type":"aws_iam_role","name":"lambda_execution_role","provider_config_key":"aws","expressions":{"assume_role_policy":{},"name":{"references":["local.common_name"]},"tags":{"references":["var.tags"]}},"schema_version":0},{"address":"aws_iam_role_policy.lambda_policy","mode":"managed","type":"aws_iam_role_policy","name":"lambda_policy","provider_config_key":"aws","expressions":{"name":{"references":["local.common_name"]},"policy":{"references":["module.s3.temp_bucket_arn","module.s3","module.s3.final_bucket_arn","module.s3","aws_dynamodb_table.jobs.arn","aws_dynamodb_table.jobs","aws_dynamodb_table.jobs_batches.arn","aws_dynamodb_table.jobs_batches","module.storage.device_token_table_arn","module.storage","module.sqs.queue_arn","module.sqs","module.sqs.dlq_arn","module.sqs","module.sns.topic_arn","module.sns","local.common_name"]},"role":{"references":["aws_iam_role.lambda_execution_role.id","aws_iam_role.lambda_execution_role"]}},"schema_version":0},{"address":"aws_iam_role_policy_attachment.api_gateway_cloudwatch","mode":"managed","type":"aws_iam_role_policy_attachment","name":"api_gateway_cloudwatch","provider_config_key":"aws","expressions":{"policy_arn":{"constant_value":"arn:aws:iam::aws:policy/service-role/AmazonAPIGatewayPushToCloudWatchLogs"},"role":{"references":["aws_iam_role.api_gateway_cloudwatch.name","aws_iam_role.api_gateway_cloudwatch"]}},"schema_version":0},{"address":"aws_lambda_event_source_mapping.sqs_trigger","mode":"managed","type":"aws_lambda_event_source_mapping","name":"sqs_trigger","provider_config_key":"aws","expressions":{"batch_size":{"constant_value":1},"event_source_arn":{"references":["module.sqs.queue_arn","module.sqs"]},"function_name":{"references":["aws_lambda_function.worker.arn","aws_lambda_function.worker"]},"maximum_batching_window_in_seconds":{"constant_value":1}},"schema_version":0,"depends_on":["aws_lambda_function.worker"]},{"address":"aws_lambda_function.bff","mode":"managed","type":"aws_lambda_function","name":"bff","provider_config_key":"aws","expressions":{"environment":[{"variables":{"references":["var.project_name","var.environment","module.s3.temp_bucket_name","module.s3","module.s3.final_bucket_name","module.s3","aws_dynamodb_table.jobs.name","aws_dynamodb_table.jobs","module.sns.topic_arn","module.sns"]}}],"filename":{"constant_value":"../backend/dist/lambdas/bff/bff.zip"},"function_name":{"references":["local.common_name"]},"handler":{"constant_value":"handler.handler"},"memory_size":{"constant_value":512},"reserved_concurrent_executions":{"references":["var.lambda_reserved_concurrency"]},"role":{"references":["aws_iam_role.lambda_execution_role.arn","aws_iam_role.lambda_execution_role"]},"runtime":{"constant_value":"nodejs20.x"},"tags":{"references":["var.tags"]},"timeout":{"references":["var.lambda_timeout"]}},"schema_version":0,"count_expression":{"references":["var.enable_bff_lambda"]}},{"address":"aws_lambda_function.device_token","mode":"managed","type":"aws_lambda_function","name":"device_token","provider_config_key":"aws","expressions":{"environment":[{"variables":{"references":["var.project_name","var.environment","module.storage.device_token_table_name","module.storage"]}}],"filename":{"constant_value":"../backend/dist/lambdas/deviceToken/deviceToken.zip"},"function_name":{"references":["local.lambda_names.deviceToken","local.lambda_names"]},"handler":{"constant_value":"deviceToken.handler"},"memory_size":{"constant_value":128},"reserved_concurrent_executions":{"references":["var.lambda_reserved_concurrency"]},"role":{"references":["aws_iam_role.lambda_execution_role.arn","aws_iam_role.lambda_execution_role"]},"runtime":{"constant_value":"nodejs20.x"},"tags":{"references":["var.tags"]},"timeout":{"references":["var.lambda_timeout"]}},"schema_version":0},{"address":"aws_lambda_function.download","mode":"managed","type":"aws_lambda_function","name":"download","provider_config_key":"aws","expressions":{"environment":[{"variables":{"references":["var.project_name","var.environment","module.s3.temp_bucket_name","module.s3","module.s3.final_bucket_name","module.s3","aws_dynamodb_table.jobs.name","aws_dynamodb_table.jobs"]}}],"filename":{"constant_value":"../backend/dist/lambdas/download/download.zip"},"function_name":{"references":["local.lambda_names.download","local.lambda_names"]},"handler":{"constant_value":"download.handler"},"memory_size":{"references":["var.lambda_memory_size"]},"reserved_concurrent_executions":{"references":["var.lambda_reserved_concurrency"]},"role":{"references":["aws_iam_role.lambda_execution_role.arn","aws_iam_role.lambda_execution_role"]},"runtime":{"constant_value":"nodejs20.x"},"tags":{"references":["var.tags"]},"timeout":{"references":["var.lambda_timeout"]}},"schema_version":0},{"address":"aws_lambda_function.presign","mode":"managed","type":"aws_lambda_function","name":"presign","provider_config_key":"aws","expressions":{"environment":[{"variables":{"references":["var.project_name","var.environment","module.s3.temp_bucket_name","module.s3","module.s3.final_bucket_name","module.s3","aws_dynamodb_table.jobs.name","aws_dynamodb_table.jobs"]}}],"filename":{"constant_value":"../backend/dist/lambdas/presign/presign.zip"},"function_name":{"references":["local.lambda_names.presign","local.lambda_names"]},"handler":{"constant_value":"presign.handler"},"memory_size":{"references":["var.lambda_memory_size"]},"reserved_concurrent_executions":{"references":["var.lambda_reserved_concurrency"]},"role":{"references":["aws_iam_role.lambda_execution_role.arn","aws_iam_role.lambda_execution_role"]},"runtime":{"constant_value":"nodejs20.x"},"tags":{"references":["var.tags"]},"timeout":{"references":["var.lambda_timeout"]}},"schema_version":0},{"address":"aws_lambda_function.status","mode":"managed","type":"aws_lambda_function","name":"status","provider_config_key":"aws","expressions":{"environment":[{"variables":{"references":["var.project_name","var.environment","aws_dynamodb_table.jobs.name","aws_dynamodb_table.jobs"]}}],"filename":{"constant_value":"../backend/dist/lambdas/status/status.zip"},"function_name":{"references":["local.lambda_names.status","local.lambda_names"]},"handler":{"constant_value":"status.handler"},"memory_size":{"references":["var.lambda_memory_size"]},"reserved_concurrent_executions":{"references":["var.lambda_reserved_concurrency"]},"role":{"references":["aws_iam_role.lambda_execution_role.arn","aws_iam_role.lambda_execution_role"]},"runtime":{"constant_value":"nodejs20.x"},"tags":{"references":["var.tags"]},"timeout":{"references":["var.lambda_timeout"]}},"schema_version":0},{"address":"aws_lambda_function.worker","mode":"managed","type":"aws_lambda_function","name":"worker","provider_config_key":"aws","expressions":{"environment":[{"variables":{"references":["var.project_name","var.environment","module.s3.temp_bucket_name","module.s3","module.s3.final_bucket_name","module.s3","aws_dynamodb_table.jobs.name","aws_dynamodb_table.jobs","module.sns.topic_arn","module.sns"]}}],"filename":{"constant_value":"../backend/dist/lambdas/worker/worker.zip"},"function_name":{"references":["local.lambda_names.worker","local.lambda_names"]},"handler":{"constant_value":"worker.handler"},"memory_size":{"references":["var.lambda_memory_size"]},"reserved_concurrent_executions":{"references":["var.lambda_reserved_concurrency"]},"role":{"references":["aws_iam_role.lambda_execution_role.arn","aws_iam_role.lambda_execution_role"]},"runtime":{"constant_value":"nodejs20.x"},"tags":{"references":["var.tags"]},"timeout":{"references":["var.lambda_timeout"]}},"schema_version":0},{"address":"aws_lambda_permission.device_token_api_gateway","mode":"managed","type":"aws_lambda_permission","name":"device_token_api_gateway","provider_config_key":"aws","expressions":{"action":{"constant_value":"lambda:InvokeFunction"},"function_name":{"references":["aws_lambda_function.device_token.function_name","aws_lambda_function.device_token"]},"principal":{"constant_value":"apigateway.amazonaws.com"},"source_arn":{"references":["aws_api_gateway_rest_api.api.execution_arn","aws_api_gateway_rest_api.api"]},"statement_id":{"constant_value":"AllowAPIGatewayInvoke"}},"schema_version":0},{"address":"aws_lambda_permission.download_api_gateway","mode":"managed","type":"aws_lambda_permission","name":"download_api_gateway","provider_config_key":"aws","expressions":{"action":{"constant_value":"lambda:InvokeFunction"},"function_name":{"references":["aws_lambda_function.download.function_name","aws_lambda_function.download"]},"principal":{"constant_value":"apigateway.amazonaws.com"},"source_arn":{"references":["aws_api_gateway_rest_api.api.execution_arn","aws_api_gateway_rest_api.api"]},"statement_id":{"constant_value":"AllowAPIGatewayInvoke"}},"schema_version":0},{"address":"aws_lambda_permission.presign_api_gateway","mode":"managed","type":"aws_lambda_permission","name":"presign_api_gateway","provider_config_key":"aws","expressions":{"action":{"constant_value":"lambda:InvokeFunction"},"function_name":{"references":["aws_lambda_function.presign.function_name","aws_lambda_function.presign"]},"principal":{"constant_value":"apigateway.amazonaws.com"},"source_arn":{"references":["aws_api_gateway_rest_api.api.execution_arn","aws_api_gateway_rest_api.api"]},"statement_id":{"constant_value":"AllowAPIGatewayInvoke"}},"schema_version":0},{"address":"aws_lambda_permission.status_api_gateway","mode":"managed","type":"aws_lambda_permission","name":"status_api_gateway","provider_config_key":"aws","expressions":{"action":{"constant_value":"lambda:InvokeFunction"},"function_name":{"references":["aws_lambda_function.status.function_name","aws_lambda_function.status"]},"principal":{"constant_value":"apigateway.amazonaws.com"},"source_arn":{"references":["aws_api_gateway_rest_api.api.execution_arn","aws_api_gateway_rest_api.api"]},"statement_id":{"constant_value":"AllowAPIGatewayInvoke"}},"schema_version":0},{"address":"aws_s3_bucket_notification.temp_bucket_notification","mode":"managed","type":"aws_s3_bucket_notification","name":"temp_bucket_notification","provider_config_key":"aws","expressions":{"bucket":{"references":["module.s3.temp_bucket_id","module.s3"]},"queue":[{"events":{"constant_value":["s3:ObjectCreated:*"]},"filter_prefix":{"constant_value":"temp/"},"queue_arn":{"references":["module.sqs.queue_arn","module.sqs"]}}]},"schema_version":0,"depends_on":["aws_sqs_queue_policy.allow_s3_to_sqs"]},{"address":"aws_sqs_queue_policy.allow_s3_to_sqs","mode":"managed","type":"aws_sqs_queue_policy","name":"allow_s3_to_sqs","provider_config_key":"aws","expressions":{"policy":{"references":["module.sqs.queue_arn","module.sqs","module.s3.temp_bucket_arn","module.s3"]},"queue_url":{"references":["module.sqs.queue_id","module.sqs"]}},"schema_version":1},{"address":"aws_ssm_parameter.enable_stub_providers","mode":"managed","type":"aws_ssm_parameter","name":"enable_stub_providers","provider_config_key":"aws","expressions":{"name":{"references":["local.common_name"]},"tags":{"references":["var.tags"]},"type":{"constant_value":"String"},"value":{"references":["var.enable_stub_providers"]}},"schema_version":0},{"address":"aws_ssm_parameter.gemini_api_key","mode":"managed","type":"aws_ssm_parameter","name":"gemini_api_key","provider_config_key":"aws","expressions":{"name":{"references":["local.common_name"]},"tags":{"references":["var.tags"]},"type":{"constant_value":"SecureString"},"value":{"constant_value":"test-key"}},"schema_version":0},{"address":"aws_ssm_parameter.gemini_endpoint","mode":"managed","type":"aws_ssm_parameter","name":"gemini_endpoint","provider_config_key":"aws","expressions":{"name":{"references":["local.common_name"]},"tags":{"references":["var.tags"]},"type":{"constant_value":"String"},"value":{"references":["var.gemini_api_endpoint"]}},"schema_version":0},{"address":"aws_ssm_parameter.seedream_api_key","mode":"managed","type":"aws_ssm_parameter","name":"seedream_api_key","provider_config_key":"aws","expressions":{"name":{"references":["local.common_name"]},"tags":{"references":["var.tags"]},"type":{"constant_value":"SecureString"},"value":{"constant_value":"test-key"}},"schema_version":0},{"address":"aws_ssm_parameter.seedream_endpoint","mode":"managed","type":"aws_ssm_parameter","name":"seedream_endpoint","provider_config_key":"aws","expressions":{"name":{"references":["local.common_name"]},"tags":{"references":["var.tags"]},"type":{"constant_value":"String"},"value":{"references":["var.seedream_api_endpoint"]}},"schema_version":0},{"address":"data.aws_caller_identity.current","mode":"data","type":"aws_caller_identity","name":"current","provider_config_key":"aws","schema_version":0},{"address":"data.aws_partition.current","mode":"data","type":"aws_partition","name":"current","provider_config_key":"aws","schema_version":0}],"module_calls":{"kms":{"source":"./modules/kms","expressions":{"allowed_services":{"constant_value":["s3.amazonaws.com","dynamodb.amazonaws.com","sqs.amazonaws.com","sns.amazonaws.com","lambda.amazonaws.com"]},"description":{"references":["local.common_name"]},"environment":{"references":["var.environment"]},"project_name":{"references":["var.project_name"]},"tags":{"references":["var.tags"]}},"module":{"outputs":{"alias_arn":{"expression":{"references":["aws_kms_alias.main.arn","aws_kms_alias.main"]},"description":"The Amazon Resource Name (ARN) of the key alias"},"alias_name":{"expression":{"references":["aws_kms_alias.main.name","aws_kms_alias.main"]},"description":"The display name of the alias"},"key_arn":{"expression":{"references":["aws_kms_key.main.arn","aws_kms_key.main"]},"description":"The Amazon Resource Name (ARN) of the key"},"key_id":{"expression":{"references":["aws_kms_key.main.key_id","aws_kms_key.main"]},"description":"The globally unique identifier for the key"}},"resources":[{"address":"aws_kms_alias.main","mode":"managed","type":"aws_kms_alias","name":"main","provider_config_key":"aws","expressions":{"name":{"references":["var.project_name","var.environment","var.alias_suffix","var.alias_suffix"]},"target_key_id":{"references":["aws_kms_key.main.key_id","aws_kms_key.main"]}},"schema_version":0},{"address":"aws_kms_key.main","mode":"managed","type":"aws_kms_key","name":"main","provider_config_key":"aws","expressions":{"deletion_window_in_days":{"references":["var.deletion_window_in_days"]},"description":{"references":["var.description"]},"enable_key_rotation":{"references":["var.enable_key_rotation"]},"policy":{"references":["var.key_policy","var.key_policy","var.project_name","var.environment","data.aws_caller_identity.current.account_id","data.aws_caller_identity.current","var.allowed_services"]},"tags":{"references":["var.tags","var.project_name","var.environment"]}},"schema_version":0},{"address":"data.aws_caller_identity.current","mode":"data","type":"aws_caller_identity","name":"current","provider_config_key":"aws","schema_version":0}],"variables":{"alias_suffix":{"default":"","description":"Suffix to add to the KMS alias"},"allowed_services":{"default":["lambda.amazonaws.com","s3.amazonaws.com","dynamodb.amazonaws.com","sqs.amazonaws.com","sns.amazonaws.com","logs.amazonaws.com"],"description":"List of AWS services allowed to use the KMS key"},"deletion_window_in_days":{"default":7,"description":"Duration in days after which the key is deleted after destruction of the resource"},"description":{"description":"Description of the KMS key"},"enable_key_rotation":{"default":true,"description":"Specifies whether key rotation is enabled"},"environment":{"description":"Environment name"},"key_policy":{"default":null,"description":"Custom key policy JSON document (optional)"},"project_name":{"description":"Name of the project"},"tags":{"default":{},"description":"A map of tags to add to all resources"}}}},"monitoring":{"source":"./modules/monitoring","expressions":{"api_gateway_name":{"references":["aws_api_gateway_rest_api.api.id","aws_api_gateway_rest_api.api"]},"api_gateway_stage":{"references":["aws_api_gateway_stage.dev.stage_name","aws_api_gateway_stage.dev"]},"common_name":{"references":["local.common_name"]},"dlq_name":{"references":["module.sqs.dlq_name","module.sqs"]},"environment":{"references":["var.environment"]},"lambda_function_names":{"references":["aws_lambda_function.presign.function_name","aws_lambda_function.presign","aws_lambda_function.status.function_name","aws_lambda_function.status","aws_lambda_function.worker.function_name","aws_lambda_function.worker","aws_lambda_function.download.function_name","aws_lambda_function.download"]},"project_name":{"references":["var.project_name"]},"queue_name":{"references":["module.sqs.queue_name","module.sqs"]},"sns_topic_arn":{"references":["module.sns.topic_arn","module.sns"]},"tags":{"references":["var.tags"]}},"module":{"outputs":{"alarms_topic_arn":{"expression":{"references":["aws_sns_topic.alarms.arn","aws_sns_topic.alarms"]},"description":"ARN of the alarms SNS topic"},"composite_alarm_name":{"expression":{"references":["aws_cloudwatch_composite_alarm.application_health.alarm_name","aws_cloudwatch_composite_alarm.application_health"]},"description":"Name of the composite alarm"},"dashboard_name":{"expression":{"references":["aws_cloudwatch_dashboard.main.dashboard_name","aws_cloudwatch_dashboard.main"]},"description":"Name of the CloudWatch dashboard"},"dashboard_url":{"expression":{"references":["data.aws_region.current.name","data.aws_region.current","data.aws_region.current.name","data.aws_region.current","aws_cloudwatch_dashboard.main.dashboard_name","aws_cloudwatch_dashboard.main"]},"description":"URL to access the CloudWatch dashboard"},"error_analysis_query":{"expression":{"references":["aws_cloudwatch_query_definition.error_analysis.name","aws_cloudwatch_query_definition.error_analysis"]},"description":"CloudWatch Insights query for error analysis"},"performance_analysis_query":{"expression":{"references":["aws_cloudwatch_query_definition.performance_analysis.name","aws_cloudwatch_query_definition.performance_analysis"]},"description":"CloudWatch Insights query for performance analysis"}},"resources":[{"address":"aws_cloudwatch_composite_alarm.application_health","mode":"managed","type":"aws_cloudwatch_composite_alarm","name":"application_health","provider_config_key":"aws","expressions":{"actions_enabled":{"constant_value":true},"alarm_actions":{"constant_value":[]},"alarm_description":{"constant_value":"Overall application health based on multiple metrics"},"alarm_name":{"references":["var.common_name"]},"alarm_rule":{"references":["var.api_gateway_name","var.common_name","var.common_name"]},"tags":{"references":["var.tags"]}},"schema_version":0},{"address":"aws_cloudwatch_dashboard.main","mode":"managed","type":"aws_cloudwatch_dashboard","name":"main","provider_config_key":"aws","expressions":{"dashboard_body":{"references":["var.api_gateway_name","var.api_gateway_stage","data.aws_region.current.name","data.aws_region.current","var.lambda_function_names","data.aws_region.current.name","data.aws_region.current","var.queue_name","var.dlq_name","data.aws_region.current.name","data.aws_region.current","var.lambda_function_names","data.aws_region.current.name","data.aws_region.current"]},"dashboard_name":{"references":["var.common_name"]}},"schema_version":0},{"address":"aws_cloudwatch_metric_alarm.lambda_duration","mode":"managed","type":"aws_cloudwatch_metric_alarm","name":"lambda_duration","provider_config_key":"aws","expressions":{"alarm_actions":{"references":["aws_sns_topic.alarms.arn","aws_sns_topic.alarms"]},"alarm_description":{"references":["var.lambda_function_names","count.index"]},"alarm_name":{"references":["var.lambda_function_names","count.index"]},"comparison_operator":{"constant_value":"GreaterThanThreshold"},"dimensions":{"references":["var.lambda_function_names","count.index"]},"evaluation_periods":{"constant_value":"2"},"metric_name":{"constant_value":"Duration"},"namespace":{"constant_value":"AWS/Lambda"},"period":{"constant_value":"300"},"statistic":{"constant_value":"Average"},"tags":{"references":["var.tags"]},"threshold":{"constant_value":"30000"}},"schema_version":1,"count_expression":{"references":["var.lambda_function_names"]}},{"address":"aws_cloudwatch_metric_alarm.lambda_errors","mode":"managed","type":"aws_cloudwatch_metric_alarm","name":"lambda_errors","provider_config_key":"aws","expressions":{"alarm_actions":{"references":["aws_sns_topic.alarms.arn","aws_sns_topic.alarms"]},"alarm_description":{"references":["var.lambda_function_names","count.index"]},"alarm_name":{"references":["var.lambda_function_names","count.index"]},"comparison_operator":{"constant_value":"GreaterThanThreshold"},"dimensions":{"references":["var.lambda_function_names","count.index"]},"evaluation_periods":{"constant_value":"2"},"metric_name":{"constant_value":"Errors"},"namespace":{"constant_value":"AWS/Lambda"},"period":{"constant_value":"300"},"statistic":{"constant_value":"Sum"},"tags":{"references":["var.tags"]},"threshold":{"constant_value":"5"}},"schema_version":1,"count_expression":{"references":["var.lambda_function_names"]}},{"address":"aws_cloudwatch_metric_alarm.lambda_throttles","mode":"managed","type":"aws_cloudwatch_metric_alarm","name":"lambda_throttles","provider_config_key":"aws","expressions":{"alarm_actions":{"references":["aws_sns_topic.alarms.arn","aws_sns_topic.alarms"]},"alarm_description":{"references":["var.lambda_function_names","count.index"]},"alarm_name":{"references":["var.lambda_function_names","count.index"]},"comparison_operator":{"constant_value":"GreaterThanThreshold"},"dimensions":{"references":["var.lambda_function_names","count.index"]},"evaluation_periods":{"constant_value":"1"},"metric_name":{"constant_value":"Throttles"},"namespace":{"constant_value":"AWS/Lambda"},"period":{"constant_value":"300"},"statistic":{"constant_value":"Sum"},"tags":{"references":["var.tags"]},"threshold":{"constant_value":"0"}},"schema_version":1,"count_expression":{"references":["var.lambda_function_names"]}},{"address":"aws_cloudwatch_query_definition.error_analysis","mode":"managed","type":"aws_cloudwatch_query_definition","name":"error_analysis","provider_config_key":"aws","expressions":{"log_group_names":{"references":["var.lambda_function_names"]},"name":{"references":["var.common_name"]},"query_string":{"constant_value":"fields @timestamp, @message, @requestId\n| filter @message like /ERROR/\n| sort @timestamp desc\n| limit 100\n"}},"schema_version":0},{"address":"aws_cloudwatch_query_definition.performance_analysis","mode":"managed","type":"aws_cloudwatch_query_definition","name":"performance_analysis","provider_config_key":"aws","expressions":{"log_group_names":{"references":["var.lambda_function_names"]},"name":{"references":["var.common_name"]},"query_string":{"constant_value":"fields @timestamp, @duration, @billedDuration, @maxMemoryUsed, @requestId\n| filter @type = \"REPORT\"\n| sort @timestamp desc\n| limit 100\n"}},"schema_version":0},{"address":"aws_sns_topic.alarms","mode":"managed","type":"aws_sns_topic","name":"alarms","provider_config_key":"aws","expressions":{"name":{"references":["var.common_name"]},"tags":{"references":["var.tags","var.common_name","var.environment"]}},"schema_version":0},{"address":"data.aws_region.current","mode":"data","type":"aws_region","name":"current","provider_config_key":"aws","schema_version":0}],"variables":{"api_gateway_name":{"description":"Name of the API Gateway"},"api_gateway_stage":{"description":"Name of the API Gateway stage"},"common_name":{"description":"Common name prefix for resources"},"dlq_name":{"description":"Name of the dead letter queue"},"environment":{"description":"Environment name (dev, stage, prod)"},"lambda_function_names":{"description":"List of Lambda function names to monitor"},"project_name":{"description":"Name of the project"},"queue_name":{"description":"Name of the main SQS queue"},"sns_topic_arn":{"description":"ARN of the SNS topic for notifications"},"tags":{"default":{},"description":"Tags to apply to resources"}}}},"s3":{"source":"./modules/s3","expressions":{"abort_multipart_days":{"references":["var.abort_multipart_days"]},"account_id":{"references":["local.account_id"]},"common_name":{"references":["local.common_name"]},"enable_lifecycle_configuration":{"references":["var.enable_s3_lifecycle"]},"environment":{"references":["var.environment"]},"final_bucket_name":{"references":["local.final_bucket_name"]},"final_transition_days":{"references":["var.final_bucket_transition_days"]},"kms_key_id":{"references":["module.kms.key_id","module.kms"]},"project_name":{"references":["var.project_name"]},"tags":{"references":["var.tags"]},"temp_bucket_name":{"references":["local.temp_bucket_name"]},"temp_retention_days":{"references":["var.temp_bucket_retention_days"]}},"module":{"outputs":{"access_logs_bucket_arn":{"expression":{"references":["aws_s3_bucket.access_logs.arn","aws_s3_bucket.access_logs"]},"description":"ARN of the access logs S3 bucket"},"access_logs_bucket_name":{"expression":{"references":["aws_s3_bucket.access_logs.bucket","aws_s3_bucket.access_logs"]},"description":"Name of the access logs S3 bucket"},"final_bucket_arn":{"expression":{"references":["aws_s3_bucket.final.arn","aws_s3_bucket.final"]},"description":"ARN of the final S3 bucket"},"final_bucket_domain_name":{"expression":{"references":["aws_s3_bucket.final.bucket_domain_name","aws_s3_bucket.final"]},"description":"Domain name of the final S3 bucket"},"final_bucket_id":{"expression":{"references":["aws_s3_bucket.final.id","aws_s3_bucket.final"]},"description":"ID of the final S3 bucket"},"final_bucket_name":{"expression":{"references":["aws_s3_bucket.final.bucket","aws_s3_bucket.final"]},"description":"Name of the final S3 bucket"},"temp_bucket_arn":{"expression":{"references":["aws_s3_bucket.temp.arn","aws_s3_bucket.temp"]},"description":"ARN of the temporary S3 bucket"},"temp_bucket_domain_name":{"expression":{"references":["aws_s3_bucket.temp.bucket_domain_name","aws_s3_bucket.temp"]},"description":"Domain name of the temporary S3 bucket"},"temp_bucket_id":{"expression":{"references":["aws_s3_bucket.temp.id","aws_s3_bucket.temp"]},"description":"ID of the temporary S3 bucket"},"temp_bucket_name":{"expression":{"references":["aws_s3_bucket.temp.bucket","aws_s3_bucket.temp"]},"description":"Name of the temporary S3 bucket"}},"resources":[{"address":"aws_s3_bucket.access_logs","mode":"managed","type":"aws_s3_bucket","name":"access_logs","provider_config_key":"aws","expressions":{"bucket":{"references":["var.common_name","var.account_id"]},"tags":{"references":["var.tags","var.common_name","var.environment"]}},"schema_version":0},{"address":"aws_s3_bucket.final","mode":"managed","type":"aws_s3_bucket","name":"final","provider_config_key":"aws","expressions":{"bucket":{"references":["var.final_bucket_name"]},"tags":{"references":["var.tags","var.final_bucket_name","var.environment"]}},"schema_version":0},{"address":"aws_s3_bucket.temp","mode":"managed","type":"aws_s3_bucket","name":"temp","provider_config_key":"aws","expressions":{"bucket":{"references":["var.temp_bucket_name"]},"tags":{"references":["var.tags","var.temp_bucket_name","var.environment"]}},"schema_version":0},{"address":"aws_s3_bucket_cors_configuration.temp","mode":"managed","type":"aws_s3_bucket_cors_configuration","name":"temp","provider_config_key":"aws","expressions":{"bucket":{"references":["aws_s3_bucket.temp.id","aws_s3_bucket.temp"]},"cors_rule":[{"allowed_headers":{"constant_value":["*"]},"allowed_methods":{"constant_value":["PUT","POST"]},"allowed_origins":{"constant_value":["*"]},"expose_headers":{"constant_value":["ETag"]},"max_age_seconds":{"constant_value":3000}}]},"schema_version":0},{"address":"aws_s3_bucket_lifecycle_configuration.access_logs","mode":"managed","type":"aws_s3_bucket_lifecycle_configuration","name":"access_logs","provider_config_key":"aws","expressions":{"bucket":{"references":["aws_s3_bucket.access_logs.id","aws_s3_bucket.access_logs"]},"rule":[{"expiration":[{"days":{"constant_value":90}}],"filter":[{}],"id":{"constant_value":"log_cleanup"},"status":{"constant_value":"Enabled"}}]},"schema_version":1,"count_expression":{"references":["var.enable_lifecycle_configuration"]}},{"address":"aws_s3_bucket_lifecycle_configuration.final","mode":"managed","type":"aws_s3_bucket_lifecycle_configuration","name":"final","provider_config_key":"aws","expressions":{"bucket":{"references":["aws_s3_bucket.final.id","aws_s3_bucket.final"]},"rule":[{"abort_incomplete_multipart_upload":[{"days_after_initiation":{"references":["var.abort_multipart_days"]}}],"filter":[{}],"id":{"constant_value":"final_file_lifecycle"},"noncurrent_version_expiration":[{"noncurrent_days":{"constant_value":90}}],"noncurrent_version_transition":[{"noncurrent_days":{"constant_value":30},"storage_class":{"constant_value":"STANDARD_IA"}}],"status":{"constant_value":"Enabled"},"transition":[{"days":{"references":["var.final_transition_days"]},"storage_class":{"constant_value":"STANDARD_IA"}},{"days":{"constant_value":90},"storage_class":{"constant_value":"GLACIER_IR"}},{"days":{"constant_value":365},"storage_class":{"constant_value":"GLACIER"}}]}]},"schema_version":1,"count_expression":{"references":["var.enable_lifecycle_configuration"]}},{"address":"aws_s3_bucket_lifecycle_configuration.temp","mode":"managed","type":"aws_s3_bucket_lifecycle_configuration","name":"temp","provider_config_key":"aws","expressions":{"bucket":{"references":["aws_s3_bucket.temp.id","aws_s3_bucket.temp"]},"rule":[{"abort_incomplete_multipart_upload":[{"days_after_initiation":{"references":["var.abort_multipart_days"]}}],"expiration":[{"days":{"references":["var.temp_retention_days"]}}],"filter":[{}],"id":{"constant_value":"temp_file_cleanup"},"noncurrent_version_expiration":[{"noncurrent_days":{"constant_value":1}}],"status":{"constant_value":"Enabled"}}]},"schema_version":1,"count_expression":{"references":["var.enable_lifecycle_configuration"]}},{"address":"aws_s3_bucket_logging.final","mode":"managed","type":"aws_s3_bucket_logging","name":"final","provider_config_key":"aws","expressions":{"bucket":{"references":["aws_s3_bucket.final.id","aws_s3_bucket.final"]},"target_bucket":{"references":["aws_s3_bucket.access_logs.id","aws_s3_bucket.access_logs"]},"target_prefix":{"constant_value":"final-bucket-logs/"}},"schema_version":0},{"address":"aws_s3_bucket_logging.temp","mode":"managed","type":"aws_s3_bucket_logging","name":"temp","provider_config_key":"aws","expressions":{"bucket":{"references":["aws_s3_bucket.temp.id","aws_s3_bucket.temp"]},"target_bucket":{"references":["aws_s3_bucket.access_logs.id","aws_s3_bucket.access_logs"]},"target_prefix":{"constant_value":"temp-bucket-logs/"}},"schema_version":0},{"address":"aws_s3_bucket_public_access_block.access_logs","mode":"managed","type":"aws_s3_bucket_public_access_block","name":"access_logs","provider_config_key":"aws","expressions":{"block_public_acls":{"constant_value":true},"block_public_policy":{"constant_value":true},"bucket":{"references":["aws_s3_bucket.access_logs.id","aws_s3_bucket.access_logs"]},"ignore_public_acls":{"constant_value":true},"restrict_public_buckets":{"constant_value":true}},"schema_version":0},{"address":"aws_s3_bucket_public_access_block.final","mode":"managed","type":"aws_s3_bucket_public_access_block","name":"final","provider_config_key":"aws","expressions":{"block_public_acls":{"constant_value":true},"block_public_policy":{"constant_value":true},"bucket":{"references":["aws_s3_bucket.final.id","aws_s3_bucket.final"]},"ignore_public_acls":{"constant_value":true},"restrict_public_buckets":{"constant_value":true}},"schema_version":0},{"address":"aws_s3_bucket_public_access_block.temp","mode":"managed","type":"aws_s3_bucket_public_access_block","name":"temp","provider_config_key":"aws","expressions":{"block_public_acls":{"constant_value":true},"block_public_policy":{"constant_value":true},"bucket":{"references":["aws_s3_bucket.temp.id","aws_s3_bucket.temp"]},"ignore_public_acls":{"constant_value":true},"restrict_public_buckets":{"constant_value":true}},"schema_version":0},{"address":"aws_s3_bucket_server_side_encryption_configuration.final","mode":"managed","type":"aws_s3_bucket_server_side_encryption_configuration","name":"final","provider_config_key":"aws","expressions":{"bucket":{"references":["aws_s3_bucket.final.id","aws_s3_bucket.final"]},"rule":[{"apply_server_side_encryption_by_default":[{"kms_master_key_id":{"references":["var.kms_key_id"]},"sse_algorithm":{"constant_value":"aws:kms"}}],"bucket_key_enabled":{"constant_value":true}}]},"schema_version":0},{"address":"aws_s3_bucket_server_side_encryption_configuration.temp","mode":"managed","type":"aws_s3_bucket_server_side_encryption_configuration","name":"temp","provider_config_key":"aws","expressions":{"bucket":{"references":["aws_s3_bucket.temp.id","aws_s3_bucket.temp"]},"rule":[{"apply_server_side_encryption_by_default":[{"sse_algorithm":{"constant_value":"AES256"}}],"bucket_key_enabled":{"constant_value":true}}]},"schema_version":0},{"address":"aws_s3_bucket_versioning.final","mode":"managed","type":"aws_s3_bucket_versioning","name":"final","provider_config_key":"aws","expressions":{"bucket":{"references":["aws_s3_bucket.final.id","aws_s3_bucket.final"]},"versioning_configuration":[{"status":{"constant_value":"Enabled"}}]},"schema_version":0}],"variables":{"abort_multipart_days":{"default":7,"description":"Number of days before aborting incomplete multipart uploads"},"account_id":{"description":"AWS Account ID"},"common_name":{"description":"Common name prefix for resources"},"enable_lifecycle_configuration":{"default":true,"description":"Whether lifecycle rules should be configured on buckets"},"environment":{"description":"Environment name (dev, stage, prod)"},"final_bucket_name":{"description":"Name of the final S3 bucket"},"final_transition_days":{"default":30,"description":"Number of days before transitioning final files to IA"},"kms_key_id":{"description":"KMS key ID for encryption"},"project_name":{"description":"Name of the project"},"tags":{"default":{},"description":"Tags to apply to resources"},"temp_bucket_name":{"description":"Name of the temporary S3 bucket"},"temp_retention_days":{"default":2,"description":"Number of days to retain temp files"}}}},"sns":{"source":"./modules/sns","expressions":{"android_api_key":{"constant_value":""},"common_name":{"references":["local.common_name"]},"environment":{"references":["var.environment"]},"ios_certificate_arn":{"constant_value":""},"kms_key_id":{"references":["module.kms.key_id","module.kms"]},"project_name":{"references":["var.project_name"]},"tags":{"references":["var.tags"]}},"module":{"outputs":{"android_platform_app_arn":{"expression":{"references":["aws_sns_platform_application.android","aws_sns_platform_application.android[0].arn","aws_sns_platform_application.android[0]","aws_sns_platform_application.android"]},"description":"ARN of the Android platform application"},"ios_platform_app_arn":{"expression":{"references":["aws_sns_platform_application.ios","aws_sns_platform_application.ios[0].arn","aws_sns_platform_application.ios[0]","aws_sns_platform_application.ios"]},"description":"ARN of the iOS platform application"},"topic_arn":{"expression":{"references":["aws_sns_topic.notifications.arn","aws_sns_topic.notifications"]},"description":"ARN of the SNS topic"},"topic_id":{"expression":{"references":["aws_sns_topic.notifications.id","aws_sns_topic.notifications"]},"description":"ID of the SNS topic"},"topic_name":{"expression":{"references":["aws_sns_topic.notifications.name","aws_sns_topic.notifications"]},"description":"Name of the SNS topic"}},"resources":[{"address":"aws_cloudwatch_metric_alarm.sns_delivery_delay","mode":"managed","type":"aws_cloudwatch_metric_alarm","name":"sns_delivery_delay","provider_config_key":"aws","expressions":{"alarm_actions":{"constant_value":[]},"alarm_description":{"constant_value":"SNS delivery success rate is low"},"alarm_name":{"references":["var.common_name"]},"comparison_operator":{"constant_value":"GreaterThanThreshold"},"dimensions":{"references":["aws_sns_topic.notifications.name","aws_sns_topic.notifications"]},"evaluation_periods":{"constant_value":"2"},"metric_name":{"constant_value":"SMSSuccessRate"},"namespace":{"constant_value":"AWS/SNS"},"period":{"constant_value":"300"},"statistic":{"constant_value":"Average"},"tags":{"references":["var.tags"]},"threshold":{"constant_value":"95"}},"schema_version":1},{"address":"aws_cloudwatch_metric_alarm.sns_failed_notifications","mode":"managed","type":"aws_cloudwatch_metric_alarm","name":"sns_failed_notifications","provider_config_key":"aws","expressions":{"alarm_actions":{"constant_value":[]},"alarm_description":{"constant_value":"High number of failed SNS notifications"},"alarm_name":{"references":["var.common_name"]},"comparison_operator":{"constant_value":"GreaterThanThreshold"},"dimensions":{"references":["aws_sns_topic.notifications.name","aws_sns_topic.notifications"]},"evaluation_periods":{"constant_value":"2"},"metric_name":{"constant_value":"NumberOfNotificationsFailed"},"namespace":{"constant_value":"AWS/SNS"},"period":{"constant_value":"300"},"statistic":{"constant_value":"Sum"},"tags":{"references":["var.tags"]},"threshold":{"constant_value":"5"}},"schema_version":1},{"address":"aws_sns_platform_application.android","mode":"managed","type":"aws_sns_platform_application","name":"android","provider_config_key":"aws","expressions":{"name":{"references":["var.common_name"]},"platform":{"constant_value":"GCM"},"platform_credential":{"references":["var.android_api_key"]}},"schema_version":0,"count_expression":{"references":["var.android_api_key"]}},{"address":"aws_sns_platform_application.ios","mode":"managed","type":"aws_sns_platform_application","name":"ios","provider_config_key":"aws","expressions":{"name":{"references":["var.common_name"]},"platform":{"constant_value":"APNS"},"platform_credential":{"references":["var.ios_certificate_arn"]}},"schema_version":0,"count_expression":{"references":["var.ios_certificate_arn"]}},{"address":"aws_sns_topic.notifications","mode":"managed","type":"aws_sns_topic","name":"notifications","provider_config_key":"aws","expressions":{"delivery_policy":{},"kms_master_key_id":{"references":["var.kms_key_id"]},"name":{"references":["var.common_name"]},"tags":{"references":["var.tags","var.common_name","var.environment"]}},"schema_version":0},{"address":"aws_sns_topic_policy.notifications","mode":"managed","type":"aws_sns_topic_policy","name":"notifications","provider_config_key":"aws","expressions":{"arn":{"references":["aws_sns_topic.notifications.arn","aws_sns_topic.notifications"]},"policy":{"references":["aws_sns_topic.notifications.arn","aws_sns_topic.notifications","data.aws_caller_identity.current.account_id","data.aws_caller_identity.current"]}},"schema_version":0},{"address":"data.aws_caller_identity.current","mode":"data","type":"aws_caller_identity","name":"current","provider_config_key":"aws","schema_version":0}],"variables":{"android_api_key":{"default":"","description":"FCM API key for Android push notifications (optional)","sensitive":true},"common_name":{"description":"Common name prefix for resources"},"environment":{"description":"Environment name (dev, stage, prod)"},"ios_certificate_arn":{"default":"","description":"ARN of the iOS APNS certificate (optional)"},"kms_key_id":{"description":"KMS key ID for encryption"},"project_name":{"description":"Name of the project"},"tags":{"default":{},"description":"Tags to apply to resources"}}}},"sqs":{"source":"./modules/sqs","expressions":{"account_id":{"references":["local.account_id"]},"common_name":{"references":["local.common_name"]},"environment":{"references":["var.environment"]},"kms_key_id":{"references":["module.kms.key_id","module.kms"]},"max_receive_count":{"references":["var.sqs_max_receive_count"]},"message_retention_days":{"references":["var.sqs_message_retention_days"]},"project_name":{"references":["var.project_name"]},"tags":{"references":["var.tags"]},"visibility_timeout":{"references":["var.sqs_visibility_timeout"]}},"module":{"outputs":{"dlq_arn":{"expression":{"references":["aws_sqs_queue.dlq.arn","aws_sqs_queue.dlq"]},"description":"ARN of the dead letter queue"},"dlq_id":{"expression":{"references":["aws_sqs_queue.dlq.id","aws_sqs_queue.dlq"]},"description":"ID of the dead letter queue"},"dlq_name":{"expression":{"references":["aws_sqs_queue.dlq.name","aws_sqs_queue.dlq"]},"description":"Name of the dead letter queue"},"dlq_url":{"expression":{"references":["aws_sqs_queue.dlq.url","aws_sqs_queue.dlq"]},"description":"URL of the dead letter queue"},"queue_arn":{"expression":{"references":["aws_sqs_queue.main.arn","aws_sqs_queue.main"]},"description":"ARN of the main SQS queue"},"queue_id":{"expression":{"references":["aws_sqs_queue.main.id","aws_sqs_queue.main"]},"description":"ID of the main SQS queue"},"queue_name":{"expression":{"references":["aws_sqs_queue.main.name","aws_sqs_queue.main"]},"description":"Name of the main SQS queue"},"queue_policy":{"expression":{"references":["aws_sqs_queue_policy.main"]},"description":"SQS queue policy resource"},"queue_url":{"expression":{"references":["aws_sqs_queue.main.url","aws_sqs_queue.main"]},"description":"URL of the main SQS queue"}},"resources":[{"address":"aws_cloudwatch_metric_alarm.dlq_messages","mode":"managed","type":"aws_cloudwatch_metric_alarm","name":"dlq_messages","provider_config_key":"aws","expressions":{"alarm_actions":{"constant_value":[]},"alarm_description":{"constant_value":"Messages in dead letter queue"},"alarm_name":{"references":["var.common_name"]},"comparison_operator":{"constant_value":"GreaterThanThreshold"},"dimensions":{"references":["aws_sqs_queue.dlq.name","aws_sqs_queue.dlq"]},"evaluation_periods":{"constant_value":"1"},"metric_name":{"constant_value":"ApproximateNumberOfVisibleMessages"},"namespace":{"constant_value":"AWS/SQS"},"period":{"constant_value":"300"},"statistic":{"constant_value":"Maximum"},"tags":{"references":["var.tags"]},"threshold":{"constant_value":"0"}},"schema_version":1},{"address":"aws_cloudwatch_metric_alarm.queue_age","mode":"managed","type":"aws_cloudwatch_metric_alarm","name":"queue_age","provider_config_key":"aws","expressions":{"alarm_actions":{"constant_value":[]},"alarm_description":{"constant_value":"SQS messages are aging"},"alarm_name":{"references":["var.common_name"]},"comparison_operator":{"constant_value":"GreaterThanThreshold"},"dimensions":{"references":["aws_sqs_queue.main.name","aws_sqs_queue.main"]},"evaluation_periods":{"constant_value":"2"},"metric_name":{"constant_value":"ApproximateAgeOfOldestMessage"},"namespace":{"constant_value":"AWS/SQS"},"period":{"constant_value":"300"},"statistic":{"constant_value":"Maximum"},"tags":{"references":["var.tags"]},"threshold":{"constant_value":"600"}},"schema_version":1},{"address":"aws_cloudwatch_metric_alarm.queue_depth","mode":"managed","type":"aws_cloudwatch_metric_alarm","name":"queue_depth","provider_config_key":"aws","expressions":{"alarm_actions":{"constant_value":[]},"alarm_description":{"constant_value":"High number of messages in queue"},"alarm_name":{"references":["var.common_name"]},"comparison_operator":{"constant_value":"GreaterThanThreshold"},"dimensions":{"references":["aws_sqs_queue.main.name","aws_sqs_queue.main"]},"evaluation_periods":{"constant_value":"2"},"metric_name":{"constant_value":"ApproximateNumberOfVisibleMessages"},"namespace":{"constant_value":"AWS/SQS"},"period":{"constant_value":"300"},"statistic":{"constant_value":"Average"},"tags":{"references":["var.tags"]},"threshold":{"constant_value":"100"}},"schema_version":1},{"address":"aws_sqs_queue.dlq","mode":"managed","type":"aws_sqs_queue","name":"dlq","provider_config_key":"aws","expressions":{"kms_data_key_reuse_period_seconds":{"constant_value":300},"kms_master_key_id":{"references":["var.kms_key_id"]},"message_retention_seconds":{"references":["var.message_retention_days"]},"name":{"references":["var.common_name"]},"tags":{"references":["var.tags","var.common_name","var.environment"]}},"schema_version":0},{"address":"aws_sqs_queue.main","mode":"managed","type":"aws_sqs_queue","name":"main","provider_config_key":"aws","expressions":{"kms_data_key_reuse_period_seconds":{"constant_value":300},"kms_master_key_id":{"references":["var.kms_key_id"]},"message_retention_seconds":{"references":["var.message_retention_days"]},"name":{"references":["var.common_name"]},"redrive_policy":{"references":["aws_sqs_queue.dlq.arn","aws_sqs_queue.dlq","var.max_receive_count"]},"tags":{"references":["var.tags","var.common_name","var.environment"]},"visibility_timeout_seconds":{"references":["var.visibility_timeout"]}},"schema_version":0},{"address":"aws_sqs_queue_policy.main","mode":"managed","type":"aws_sqs_queue_policy","name":"main","provider_config_key":"aws","expressions":{"policy":{"references":["aws_sqs_queue.main.arn","aws_sqs_queue.main","var.project_name","var.environment","var.account_id"]},"queue_url":{"references":["aws_sqs_queue.main.id","aws_sqs_queue.main"]}},"schema_version":1}],"variables":{"account_id":{"description":"AWS account ID for resource naming"},"common_name":{"description":"Common name prefix for resources"},"environment":{"description":"Environment name (dev, stage, prod)"},"kms_key_id":{"description":"KMS key ID for encryption"},"max_receive_count":{"default":3,"description":"Maximum number of times a message can be received before moving to DLQ"},"message_retention_days":{"default":14,"description":"Number of days to retain SQS messages"},"project_name":{"description":"Name of the project"},"tags":{"default":{},"description":"Tags to apply to resources"},"visibility_timeout":{"default":900,"description":"SQS message visibility timeout in seconds"}}}},"storage":{"source":"./modules/storage","expressions":{"billing_mode":{"constant_value":"PAY_PER_REQUEST"},"common_name":{"references":["local.common_name"]},"device_token_table_name":{"references":["local.device_token_table_name"]},"environment":{"references":["var.environment"]},"kms_key_arn":{"references":["module.kms.key_arn","module.kms"]},"project_name":{"references":["var.project_name"]},"tags":{"references":["var.tags"]}},"module":{"outputs":{"device_token_table_arn":{"expression":{"references":["aws_dynamodb_table.device_tokens.arn","aws_dynamodb_table.device_tokens"]},"description":"ARN of the device token DynamoDB table"},"device_token_table_id":{"expression":{"references":["aws_dynamodb_table.device_tokens.id","aws_dynamodb_table.device_tokens"]},"description":"ID of the device token DynamoDB table"},"device_token_table_name":{"expression":{"references":["aws_dynamodb_table.device_tokens.name","aws_dynamodb_table.device_tokens"]},"description":"Name of the device token DynamoDB table"},"device_token_table_stream_arn":{"expression":{"references":["aws_dynamodb_table.device_tokens.stream_arn","aws_dynamodb_table.device_tokens"]},"description":"ARN of the DynamoDB table stream (if enabled)"}},"resources":[{"address":"aws_cloudwatch_metric_alarm.device_tokens_read_throttle","mode":"managed","type":"aws_cloudwatch_metric_alarm","name":"device_tokens_read_throttle","provider_config_key":"aws","expressions":{"alarm_description":{"constant_value":"Device token table read throttling detected (standards/infrastructure-tier.md line 79)"},"alarm_name":{"references":["var.device_token_table_name"]},"comparison_operator":{"constant_value":"GreaterThanThreshold"},"dimensions":{"references":["aws_dynamodb_table.device_tokens.name","aws_dynamodb_table.device_tokens"]},"evaluation_periods":{"constant_value":1},"metric_name":{"constant_value":"ReadThrottleEvents"},"namespace":{"constant_value":"AWS/DynamoDB"},"period":{"constant_value":300},"statistic":{"constant_value":"Sum"},"tags":{"references":["var.tags"]},"threshold":{"constant_value":10},"treat_missing_data":{"constant_value":"notBreaching"}},"schema_version":1},{"address":"aws_cloudwatch_metric_alarm.device_tokens_system_errors","mode":"managed","type":"aws_cloudwatch_metric_alarm","name":"device_tokens_system_errors","provider_config_key":"aws","expressions":{"alarm_description":{"constant_value":"Device token table experiencing DynamoDB service errors (standards/infrastructure-tier.md line 79)"},"alarm_name":{"references":["var.device_token_table_name"]},"comparison_operator":{"constant_value":"GreaterThanThreshold"},"dimensions":{"references":["aws_dynamodb_table.device_tokens.name","aws_dynamodb_table.device_tokens"]},"evaluation_periods":{"constant_value":1},"metric_name":{"constant_value":"SystemErrors"},"namespace":{"constant_value":"AWS/DynamoDB"},"period":{"constant_value":300},"statistic":{"constant_value":"Sum"},"tags":{"references":["var.tags"]},"threshold":{"constant_value":0},"treat_missing_data":{"constant_value":"notBreaching"}},"schema_version":1},{"address":"aws_cloudwatch_metric_alarm.device_tokens_write_throttle","mode":"managed","type":"aws_cloudwatch_metric_alarm","name":"device_tokens_write_throttle","provider_config_key":"aws","expressions":{"alarm_description":{"constant_value":"Device token table write throttling detected (standards/infrastructure-tier.md line 79)"},"alarm_name":{"references":["var.device_token_table_name"]},"comparison_operator":{"constant_value":"GreaterThanThreshold"},"dimensions":{"references":["aws_dynamodb_table.device_tokens.name","aws_dynamodb_table.device_tokens"]},"evaluation_periods":{"constant_value":1},"metric_name":{"constant_value":"WriteThrottleEvents"},"namespace":{"constant_value":"AWS/DynamoDB"},"period":{"constant_value":300},"statistic":{"constant_value":"Sum"},"tags":{"references":["var.tags"]},"threshold":{"constant_value":10},"treat_missing_data":{"constant_value":"notBreaching"}},"schema_version":1},{"address":"aws_dynamodb_table.device_tokens","mode":"managed","type":"aws_dynamodb_table","name":"device_tokens","provider_config_key":"aws","expressions":{"attribute":[{"name":{"constant_value":"userId"},"type":{"constant_value":"S"}},{"name":{"constant_value":"deviceId"},"type":{"constant_value":"S"}}],"billing_mode":{"references":["var.billing_mode"]},"hash_key":{"constant_value":"userId"},"name":{"references":["var.device_token_table_name"]},"point_in_time_recovery":[{"enabled":{"constant_value":true}}],"range_key":{"constant_value":"deviceId"},"server_side_encryption":[{"enabled":{"constant_value":true},"kms_key_arn":{"references":["var.kms_key_arn"]}}],"tags":{"references":["var.tags","var.device_token_table_name","var.environment"]},"ttl":[{"attribute_name":{"constant_value":"expiresAt"},"enabled":{"constant_value":true}}]},"schema_version":1}],"variables":{"billing_mode":{"default":"PAY_PER_REQUEST","description":"DynamoDB billing mode (PAY_PER_REQUEST or PROVISIONED)"},"common_name":{"description":"Common name prefix for all resources (typically project-environment)"},"device_token_table_name":{"description":"Name for the device token DynamoDB table"},"environment":{"description":"Environment name (dev, staging, production)"},"kms_key_arn":{"description":"ARN of KMS key for DynamoDB encryption"},"project_name":{"description":"Project name for resource naming"},"tags":{"default":{},"description":"Common tags to apply to all resources (must include Project, Env, Owner, CostCenter per standards/global.md line 18)"}}}}},"variables":{"abort_multipart_days":{"default":7,"description":"Number of days before aborting incomplete multipart uploads"},"api_gateway_log_level":{"default":"INFO","description":"API Gateway logging level (OFF, ERROR, INFO)"},"api_throttle_burst_limit":{"default":20000,"description":"API Gateway throttling burst limit"},"api_throttle_rate_limit":{"default":10000,"description":"API Gateway throttling rate limit (requests per second)"},"budget_notification_emails":{"default":[],"description":"List of email addresses for budget notifications"},"dynamodb_billing_mode":{"default":"ON_DEMAND","description":"DynamoDB billing mode"},"enable_bff_lambda":{"default":false,"description":"Enable BFF Lambda (NestJS Backend for Frontend)"},"enable_dynamodb_endpoint":{"default":true,"description":"Enable DynamoDB VPC endpoint"},"enable_nat_gateway":{"default":true,"description":"Enable NAT Gateway for private subnets"},"enable_s3_endpoint":{"default":true,"description":"Enable S3 VPC endpoint"},"enable_s3_lifecycle":{"default":true,"description":"Toggle S3 lifecycle rules (disable for LocalStack compatibility)"},"enable_stub_providers":{"default":false,"description":"Enable stub providers for testing"},"enable_xray_tracing":{"default":true,"description":"Enable X-Ray tracing for Lambda functions"},"environment":{"description":"Environment name (dev, stage, prod)"},"final_bucket_transition_days":{"default":30,"description":"Number of days before transitioning final files to IA"},"gemini_api_endpoint":{"default":"https://generativelanguage.googleapis.com","description":"Gemini API endpoint URL"},"job_ttl_days":{"default":90,"description":"Number of days to retain job records"},"lambda_memory_size":{"default":1024,"description":"Lambda function memory size in MB"},"lambda_reserved_concurrency":{"default":100,"description":"Reserved concurrency for Lambda functions"},"lambda_timeout":{"default":300,"description":"Lambda function timeout in seconds"},"log_retention_days":{"default":90,"description":"CloudWatch log retention in days"},"monthly_budget_limit":{"default":100,"description":"Monthly budget limit in USD"},"private_subnet_cidrs":{"default":["10.0.11.0/24","10.0.12.0/24"],"description":"CIDR blocks for private subnets"},"project_name":{"default":"photo-editor","description":"Name of the project"},"public_subnet_cidrs":{"default":["10.0.1.0/24","10.0.2.0/24"],"description":"CIDR blocks for public subnets"},"region":{"default":"us-east-1","description":"AWS region"},"seedream_api_endpoint":{"default":"https://api.seedream.com","description":"Seedream API endpoint URL"},"sqs_max_receive_count":{"default":3,"description":"Maximum number of times a message can be received before moving to DLQ"},"sqs_message_retention_days":{"default":14,"description":"Number of days to retain SQS messages"},"sqs_visibility_timeout":{"default":900,"description":"SQS message visibility timeout in seconds"},"tags":{"default":{"CostCenter":"product","Owner":"engineering","Project":"photo-editor"},"description":"Common tags to apply to all resources"},"temp_bucket_retention_days":{"default":2,"description":"Number of days to retain temp files"},"vpc_cidr":{"default":"10.0.0.0/16","description":"CIDR block for VPC"}}}},"relevant_attributes":[{"resource":"module.s3.aws_s3_bucket.temp","attribute":["arn"]},{"resource":"data.aws_caller_identity.current","attribute":["account_id"]},{"resource":"module.sqs.aws_sqs_queue_policy.main","attribute":[]},{"resource":"aws_api_gateway_resource.status","attribute":["id"]},{"resource":"aws_api_gateway_rest_api.api","attribute":["execution_arn"]},{"resource":"aws_dynamodb_table.jobs","attribute":["name"]},{"resource":"aws_api_gateway_resource.status_item","attribute":["id"]},{"resource":"module.sns.aws_sns_topic.notifications","attribute":["name"]},{"resource":"aws_lambda_function.presign","attribute":["invoke_arn"]},{"resource":"aws_api_gateway_method.download_item_get","attribute":["http_method"]},{"resource":"aws_api_gateway_method.status_item_get","attribute":["http_method"]},{"resource":"module.kms.aws_kms_key.main","attribute":["arn"]},{"resource":"module.sqs.aws_sqs_queue.dlq","attribute":["arn"]},{"resource":"aws_dynamodb_table.jobs","attribute":["arn"]},{"resource":"module.s3.aws_s3_bucket.temp","attribute":["bucket_domain_name"]},{"resource":"aws_api_gateway_resource.device_tokens","attribute":["id"]},{"resource":"module.sns.aws_sns_platform_application.ios","attribute":[]},{"resource":"aws_api_gateway_resource.presign","attribute":["id"]},{"resource":"aws_iam_role.api_gateway_cloudwatch","attribute":["name"]},{"resource":"module.kms.data.aws_caller_identity.current","attribute":["account_id"]},{"resource":"aws_lambda_function.presign","attribute":["function_name"]},{"resource":"module.sns.data.aws_caller_identity.current","attribute":["account_id"]},{"resource":"module.s3.aws_s3_bucket.final","attribute":["arn"]},{"resource":"module.sqs.aws_sqs_queue.dlq","attribute":["name"]},{"resource":"module.sqs.aws_sqs_queue.main","attribute":["url"]},{"resource":"aws_api_gateway_resource.download","attribute":["id"]},{"resource":"aws_api_gateway_rest_api.api","attribute":["id"]},{"resource":"aws_lambda_function.status","attribute":["arn"]},{"resource":"aws_lambda_function.worker","attribute":["function_name"]},{"resource":"aws_lambda_function.download","attribute":["invoke_arn"]},{"resource":"aws_iam_role.lambda_execution_role","attribute":["arn"]},{"resource":"aws_lambda_function.status","attribute":["invoke_arn"]},{"resource":"module.kms.aws_kms_alias.main","attribute":["arn"]},{"resource":"module.sns.aws_sns_topic.notifications","attribute":["arn"]},{"resource":"aws_lambda_function.presign","attribute":["arn"]},{"resource":"aws_iam_role.api_gateway_cloudwatch","attribute":["arn"]},{"resource":"module.monitoring.aws_cloudwatch_query_definition.error_analysis","attribute":["name"]},{"resource":"module.kms.aws_kms_key.main","attribute":["key_id"]},{"resource":"module.sqs.aws_sqs_queue.dlq","attribute":["id"]},{"resource":"module.sns.aws_sns_platform_application.ios[0]","attribute":["arn"]},{"resource":"module.monitoring.aws_cloudwatch_query_definition.performance_analysis","attribute":["name"]},{"resource":"module.sns.aws_sns_platform_application.android","attribute":[]},{"resource":"aws_lambda_function.download","attribute":["function_name"]},{"resource":"module.s3.aws_s3_bucket.final","attribute":["id"]},{"resource":"module.kms.aws_kms_alias.main","attribute":["name"]},{"resource":"module.sns.aws_sns_platform_application.android[0]","attribute":["arn"]},{"resource":"aws_api_gateway_method.status_get","attribute":["http_method"]},{"resource":"aws_api_gateway_method.presign_post","attribute":["http_method"]},{"resource":"aws_api_gateway_resource.download_item","attribute":["id"]},{"resource":"module.s3.aws_s3_bucket.final","attribute":["bucket"]},{"resource":"module.s3.aws_s3_bucket.final","attribute":["bucket_domain_name"]},{"resource":"aws_api_gateway_rest_api.api","attribute":["root_resource_id"]},{"resource":"module.s3.aws_s3_bucket.access_logs","attribute":["id"]},{"resource":"module.s3.aws_s3_bucket.access_logs","attribute":["arn"]},{"resource":"aws_lambda_function.worker","attribute":["arn"]},{"resource":"module.monitoring.aws_cloudwatch_composite_alarm.application_health","attribute":["alarm_name"]},{"resource":"module.s3.aws_s3_bucket.temp","attribute":["bucket"]},{"resource":"aws_lambda_function.status","attribute":["function_name"]},{"resource":"aws_api_gateway_resource.v1","attribute":["id"]},{"resource":"module.sqs.aws_sqs_queue.dlq","attribute":["url"]},{"resource":"module.monitoring.aws_sns_topic.alarms","attribute":["arn"]},{"resource":"module.sqs.aws_sqs_queue.main","attribute":["name"]},{"resource":"module.s3.aws_s3_bucket.access_logs","attribute":["bucket"]},{"resource":"module.sqs.aws_sqs_queue.main","attribute":["id"]},{"resource":"module.s3.aws_s3_bucket.temp","attribute":["id"]},{"resource":"module.sns.aws_sns_topic.notifications","attribute":["id"]},{"resource":"module.sqs.aws_sqs_queue.main","attribute":["arn"]}],"checks":[{"address":{"kind":"var","module":"module.storage","name":"billing_mode","to_display":"module.storage.var.billing_mode"},"status":"pass","instances":[{"address":{"module":"module.storage","to_display":"module.storage.var.billing_mode"},"status":"pass"}]},{"address":{"kind":"var","module":"module.storage","name":"environment","to_display":"module.storage.var.environment"},"status":"pass","instances":[{"address":{"module":"module.storage","to_display":"module.storage.var.environment"},"status":"pass"}]},{"address":{"kind":"var","module":"module.storage","name":"tags","to_display":"module.storage.var.tags"},"status":"fail","instances":[{"address":{"module":"module.storage","to_display":"module.storage.var.tags"},"status":"fail","problems":[{"message":"Tags must include Project, Env, Owner, and CostCenter (standards/global.md line 18)"}]}]},{"address":{"kind":"var","name":"api_gateway_log_level","to_display":"var.api_gateway_log_level"},"status":"pass","instances":[{"address":{"to_display":"var.api_gateway_log_level"},"status":"pass"}]},{"address":{"kind":"var","name":"dynamodb_billing_mode","to_display":"var.dynamodb_billing_mode"},"status":"pass","instances":[{"address":{"to_display":"var.dynamodb_billing_mode"},"status":"pass"}]},{"address":{"kind":"var","name":"environment","to_display":"var.environment"},"status":"pass","instances":[{"address":{"to_display":"var.environment"},"status":"pass"}]}],"timestamp":"2025-10-14T17:58:40Z","applyable":false,"complete":false,"errored":true}
